{
  "version": 4,
  "terraform_version": "1.6.3",
  "serial": 1381,
  "lineage": "f378fe74-d03b-1cbe-a6b0-a91b7fca3b69",
  "outputs": {
    "iam": {
      "value": "arn:aws:execute-api:us-east-1:661250114429:poukek0gcg/*/ANY/{proxy+}",
      "type": "string"
    },
    "iamTime": {
      "value": "arn:aws:execute-api:us-east-1:661250114429:qqipovd6o9/*/ANY/{proxy+}",
      "type": "string"
    },
    "s3_url": {
      "value": "www.gregchow.net.s3-website-us-east-1.amazonaws.com",
      "type": "string"
    },
    "status_API_Gateway": {
      "value": "https://poukek0gcg.execute-api.us-east-1.amazonaws.com/statusStage",
      "type": "string"
    },
    "validation": {
      "value": [
        "www.gregchow.net"
      ],
      "type": [
        "tuple",
        [
          "string"
        ]
      ]
    },
    "website_url": {
      "value": "d3w2ui79954fn5.cloudfront.net",
      "type": "string"
    }
  },
  "resources": [
    {
      "mode": "data",
      "type": "archive_file",
      "name": "statusPackage",
      "provider": "provider[\"registry.terraform.io/hashicorp/archive\"]",
      "instances": [
        {
          "schema_version": 0,
          "attributes": {
            "exclude_symlink_directories": null,
            "excludes": null,
            "id": "4a371fefc90d5dc892b828aeec9310461031ce52",
            "output_base64sha256": "a5VSZ42O11OkvBGiT/Z4iQUJF4LjHeq15vM5YVueIJA=",
            "output_base64sha512": "tHqIYKvUMQdMw8suvRioIv88iDcJME90hK1HQZG6jPuSUvvBTam2XpNojPxrHybpTBcNzxZFVgTakaA/uA1qfQ==",
            "output_file_mode": null,
            "output_md5": "d7b499475d38d22860583729330dd6fb",
            "output_path": "getStatus.zip",
            "output_sha": "4a371fefc90d5dc892b828aeec9310461031ce52",
            "output_sha256": "6b9552678d8ed753a4bc11a24ff6788905091782e31deab5e6f339615b9e2090",
            "output_sha512": "b47a8860abd431074cc3cb2ebd18a822ff3c883709304f7484ad474191ba8cfb9252fbc14da9b65e93688cfc6b1f26e94c170dcf16455604da91a03fb80d6a7d",
            "output_size": 485,
            "source": [],
            "source_content": null,
            "source_content_filename": null,
            "source_dir": null,
            "source_file": "./src/lambdaFunctions/getStatus.py",
            "type": "zip"
          },
          "sensitive_attributes": []
        }
      ]
    },
    {
      "mode": "data",
      "type": "archive_file",
      "name": "timePackage",
      "provider": "provider[\"registry.terraform.io/hashicorp/archive\"]",
      "instances": [
        {
          "schema_version": 0,
          "attributes": {
            "exclude_symlink_directories": null,
            "excludes": null,
            "id": "382d408c9e9a4f267edd0d83889d09c7bbb21b8f",
            "output_base64sha256": "J+5QnFpTBO/HvRuc5ERq0JJN1Uo3T9mh2eDv6AQxXf8=",
            "output_base64sha512": "8ZTtvqzGvSo7VV7QFR5lK5Q0vDCLQT5nUdRE2sVtWD2/fNgXS6H55e2BAOFWPQneoIqan3chB8T0B13j3C7oNg==",
            "output_file_mode": null,
            "output_md5": "328d571bf919c81973c281b7bca3b4e7",
            "output_path": "timeCount.zip",
            "output_sha": "382d408c9e9a4f267edd0d83889d09c7bbb21b8f",
            "output_sha256": "27ee509c5a5304efc7bd1b9ce4446ad0924dd54a374fd9a1d9e0efe804315dff",
            "output_sha512": "f194edbeacc6bd2a3b555ed0151e652b9434bc308b413e6751d444dac56d583dbf7cd8174ba1f9e5ed8100e1563d09dea08a9a9f772107c4f4075de3dc2ee836",
            "output_size": 687,
            "source": [],
            "source_content": null,
            "source_content_filename": null,
            "source_dir": null,
            "source_file": "./src/lambdaFunctions/timeCount.py",
            "type": "zip"
          },
          "sensitive_attributes": []
        }
      ]
    },
    {
      "mode": "data",
      "type": "archive_file",
      "name": "visitorCountPackage",
      "provider": "provider[\"registry.terraform.io/hashicorp/archive\"]",
      "instances": [
        {
          "schema_version": 0,
          "attributes": {
            "exclude_symlink_directories": null,
            "excludes": null,
            "id": "1605543a628e90b5937da7c972e972c39550e063",
            "output_base64sha256": "hf/0QZKM/cYNqvjIAVF7P1zupQmKooo5CM1x9gbOyGM=",
            "output_base64sha512": "dKqpYA7FCJf9JCKsoYwMtABL1n0ot8/BqOc+uP59rCHCs3OjnXLIn9hlz8pQWvvUSbFsfnPOO/+jqGHokgsuRg==",
            "output_file_mode": null,
            "output_md5": "b4cfeb26c9f62d7baa55bef09ec07448",
            "output_path": "visitorCount.zip",
            "output_sha": "1605543a628e90b5937da7c972e972c39550e063",
            "output_sha256": "85fff441928cfdc60daaf8c801517b3f5ceea5098aa28a3908cd71f606cec863",
            "output_sha512": "74aaa9600ec50897fd2422aca18c0cb4004bd67d28b7cfc1a8e73eb8fe7dac21c2b373a39d72c89fd865cfca505afbd449b16c7e73ce3bffa3a861e8920b2e46",
            "output_size": 601,
            "source": [],
            "source_content": null,
            "source_content_filename": null,
            "source_dir": null,
            "source_file": "./src/lambdaFunctions/visitorCount.py",
            "type": "zip"
          },
          "sensitive_attributes": []
        }
      ]
    },
    {
      "mode": "data",
      "type": "template_file",
      "name": "urlTemplate",
      "provider": "provider[\"registry.terraform.io/hashicorp/template\"]",
      "instances": [
        {
          "schema_version": 0,
          "attributes": {
            "filename": null,
            "id": "1c7788846d5fe3993831ec4e0643baae00cd186827ce5a7c16ed8f6a660ff89d",
            "rendered": "{\r\n    \"urlCount\": \"https://c2vjc2w3x1.execute-api.us-east-1.amazonaws.com/countStage\",\r\n    \"urlTime\": \"https://qqipovd6o9.execute-api.us-east-1.amazonaws.com/timeStage\",\r\n    \"urtStatus\": \"https://poukek0gcg.execute-api.us-east-1.amazonaws.com/statusStage\"\r\n  }",
            "template": "{\r\n    \"urlCount\": \"${urlCountVar}\",\r\n    \"urlTime\": \"${urlTimeVar}\",\r\n    \"urtStatus\": \"${urlStatusVar}\"\r\n  }",
            "vars": {
              "urlCountVar": "https://c2vjc2w3x1.execute-api.us-east-1.amazonaws.com/countStage",
              "urlStatusVar": "https://poukek0gcg.execute-api.us-east-1.amazonaws.com/statusStage",
              "urlTimeVar": "https://qqipovd6o9.execute-api.us-east-1.amazonaws.com/timeStage"
            }
          },
          "sensitive_attributes": []
        }
      ]
    },
    {
      "mode": "managed",
      "type": "aws_acm_certificate",
      "name": "cert",
      "provider": "provider[\"registry.terraform.io/hashicorp/aws\"]",
      "instances": [
        {
          "schema_version": 0,
          "attributes": {
            "arn": "arn:aws:acm:us-east-1:661250114429:certificate/5adeda03-d659-41e2-bcd1-e0d7e9c438ed",
            "certificate_authority_arn": "",
            "certificate_body": null,
            "certificate_chain": null,
            "domain_name": "gregchow.net",
            "domain_validation_options": [
              {
                "domain_name": "gregchow.net",
                "resource_record_name": "_89ab7e4febe48cdeeff02784a7a066fa.gregchow.net.",
                "resource_record_type": "CNAME",
                "resource_record_value": "_4777f07a6a6f7ce0d6f040c9dc942330.xpybkgmvdt.acm-validations.aws."
              },
              {
                "domain_name": "www.gregchow.net",
                "resource_record_name": "_c8a5135f6a683dcde799badecd829642.www.gregchow.net.",
                "resource_record_type": "CNAME",
                "resource_record_value": "_0a7563616acdccba881a622de345b385.mhbtsbpdnt.acm-validations.aws."
              }
            ],
            "early_renewal_duration": "",
            "id": "arn:aws:acm:us-east-1:661250114429:certificate/5adeda03-d659-41e2-bcd1-e0d7e9c438ed",
            "key_algorithm": "RSA_2048",
            "not_after": "2025-01-08T23:59:59Z",
            "not_before": "2023-12-11T00:00:00Z",
            "options": [
              {
                "certificate_transparency_logging_preference": "ENABLED"
              }
            ],
            "pending_renewal": false,
            "private_key": null,
            "renewal_eligibility": "ELIGIBLE",
            "renewal_summary": [],
            "status": "ISSUED",
            "subject_alternative_names": [
              "gregchow.net",
              "www.gregchow.net"
            ],
            "tags": {
              "Name": "gregchow.net"
            },
            "tags_all": {
              "Name": "gregchow.net"
            },
            "type": "AMAZON_ISSUED",
            "validation_emails": [],
            "validation_method": "DNS",
            "validation_option": []
          },
          "sensitive_attributes": [],
          "private": "bnVsbA==",
          "create_before_destroy": true
        }
      ]
    },
    {
      "mode": "managed",
      "type": "aws_acm_certificate_validation",
      "name": "certValidation",
      "provider": "provider[\"registry.terraform.io/hashicorp/aws\"]",
      "instances": [
        {
          "schema_version": 0,
          "attributes": {
            "certificate_arn": "arn:aws:acm:us-east-1:661250114429:certificate/5adeda03-d659-41e2-bcd1-e0d7e9c438ed",
            "id": "2023-12-11 23:49:01.787 +0000 UTC",
            "timeouts": null,
            "validation_record_fqdns": [
              "_89ab7e4febe48cdeeff02784a7a066fa.gregchow.net",
              "_c8a5135f6a683dcde799badecd829642.www.gregchow.net"
            ]
          },
          "sensitive_attributes": [],
          "private": "eyJlMmJmYjczMC1lY2FhLTExZTYtOGY4OC0zNDM2M2JjN2M0YzAiOnsiY3JlYXRlIjo0NTAwMDAwMDAwMDAwfX0=",
          "dependencies": [
            "aws_acm_certificate.cert",
            "aws_route53_record.certRecord",
            "aws_route53_zone.hostedZone"
          ]
        }
      ]
    },
    {
      "mode": "managed",
      "type": "aws_api_gateway_deployment",
      "name": "countDeployment",
      "provider": "provider[\"registry.terraform.io/hashicorp/aws\"]",
      "instances": [
        {
          "schema_version": 0,
          "attributes": {
            "created_date": "2023-12-11T23:48:19Z",
            "description": "",
            "execution_arn": "arn:aws:execute-api:us-east-1:661250114429:c2vjc2w3x1/countStage",
            "id": "hpel87",
            "invoke_url": "https://c2vjc2w3x1.execute-api.us-east-1.amazonaws.com/countStage",
            "rest_api_id": "c2vjc2w3x1",
            "stage_description": null,
            "stage_name": "countStage",
            "triggers": null,
            "variables": null
          },
          "sensitive_attributes": [],
          "private": "bnVsbA==",
          "dependencies": [
            "aws_api_gateway_integration.countLambda",
            "aws_api_gateway_integration.countLambdaRoot",
            "aws_api_gateway_method.countProxy",
            "aws_api_gateway_method.countProxyRoot",
            "aws_api_gateway_resource.countProxy",
            "aws_api_gateway_rest_api.countApi",
            "aws_iam_role.lambdaRole",
            "aws_lambda_function.visitorCountFunction",
            "data.archive_file.visitorCountPackage"
          ]
        }
      ]
    },
    {
      "mode": "managed",
      "type": "aws_api_gateway_deployment",
      "name": "statusDeployment",
      "provider": "provider[\"registry.terraform.io/hashicorp/aws\"]",
      "instances": [
        {
          "schema_version": 0,
          "attributes": {
            "created_date": "2023-12-11T23:48:08Z",
            "description": "",
            "execution_arn": "arn:aws:execute-api:us-east-1:661250114429:poukek0gcg/statusStage",
            "id": "vjz92b",
            "invoke_url": "https://poukek0gcg.execute-api.us-east-1.amazonaws.com/statusStage",
            "rest_api_id": "poukek0gcg",
            "stage_description": null,
            "stage_name": "statusStage",
            "triggers": null,
            "variables": null
          },
          "sensitive_attributes": [],
          "private": "bnVsbA==",
          "dependencies": [
            "aws_api_gateway_integration.statusLambda",
            "aws_api_gateway_integration.statusLambdaRoot",
            "aws_api_gateway_method.statusProxy",
            "aws_api_gateway_method.statusProxyRoot",
            "aws_api_gateway_resource.statusProxy",
            "aws_api_gateway_rest_api.statusApi",
            "aws_iam_role.lambdaRole",
            "aws_lambda_function.statusFunction",
            "data.archive_file.statusPackage"
          ]
        }
      ]
    },
    {
      "mode": "managed",
      "type": "aws_api_gateway_deployment",
      "name": "timeDeployment",
      "provider": "provider[\"registry.terraform.io/hashicorp/aws\"]",
      "instances": [
        {
          "schema_version": 0,
          "attributes": {
            "created_date": "2023-12-11T23:48:14Z",
            "description": "",
            "execution_arn": "arn:aws:execute-api:us-east-1:661250114429:qqipovd6o9/timeStage",
            "id": "cxj2p7",
            "invoke_url": "https://qqipovd6o9.execute-api.us-east-1.amazonaws.com/timeStage",
            "rest_api_id": "qqipovd6o9",
            "stage_description": null,
            "stage_name": "timeStage",
            "triggers": null,
            "variables": null
          },
          "sensitive_attributes": [],
          "private": "bnVsbA==",
          "dependencies": [
            "aws_api_gateway_integration.timeLambda",
            "aws_api_gateway_integration.timeLambdaRoot",
            "aws_api_gateway_method.timeProxy",
            "aws_api_gateway_method.timeProxyRoot",
            "aws_api_gateway_resource.timeProxy",
            "aws_api_gateway_rest_api.timeApi",
            "aws_iam_role.lambdaRole",
            "aws_lambda_function.timeFunction",
            "data.archive_file.timePackage"
          ]
        }
      ]
    },
    {
      "mode": "managed",
      "type": "aws_api_gateway_integration",
      "name": "countLambda",
      "provider": "provider[\"registry.terraform.io/hashicorp/aws\"]",
      "instances": [
        {
          "schema_version": 0,
          "attributes": {
            "cache_key_parameters": [],
            "cache_namespace": "ej9le5",
            "connection_id": "",
            "connection_type": "INTERNET",
            "content_handling": "",
            "credentials": "",
            "http_method": "ANY",
            "id": "agi-c2vjc2w3x1-ej9le5-ANY",
            "integration_http_method": "POST",
            "passthrough_behavior": "WHEN_NO_MATCH",
            "request_parameters": {},
            "request_templates": {},
            "resource_id": "ej9le5",
            "rest_api_id": "c2vjc2w3x1",
            "timeout_milliseconds": 29000,
            "tls_config": [],
            "type": "AWS_PROXY",
            "uri": "arn:aws:apigateway:us-east-1:lambda:path/2015-03-31/functions/arn:aws:lambda:us-east-1:661250114429:function:visitorCount/invocations"
          },
          "sensitive_attributes": [],
          "private": "bnVsbA==",
          "dependencies": [
            "aws_api_gateway_method.countProxy",
            "aws_api_gateway_resource.countProxy",
            "aws_api_gateway_rest_api.countApi",
            "aws_iam_role.lambdaRole",
            "aws_lambda_function.visitorCountFunction",
            "data.archive_file.visitorCountPackage"
          ]
        }
      ]
    },
    {
      "mode": "managed",
      "type": "aws_api_gateway_integration",
      "name": "countLambdaRoot",
      "provider": "provider[\"registry.terraform.io/hashicorp/aws\"]",
      "instances": [
        {
          "schema_version": 0,
          "attributes": {
            "cache_key_parameters": [],
            "cache_namespace": "9ec5c4ssg1",
            "connection_id": "",
            "connection_type": "INTERNET",
            "content_handling": "",
            "credentials": "",
            "http_method": "ANY",
            "id": "agi-c2vjc2w3x1-9ec5c4ssg1-ANY",
            "integration_http_method": "POST",
            "passthrough_behavior": "WHEN_NO_MATCH",
            "request_parameters": {},
            "request_templates": {},
            "resource_id": "9ec5c4ssg1",
            "rest_api_id": "c2vjc2w3x1",
            "timeout_milliseconds": 29000,
            "tls_config": [],
            "type": "AWS_PROXY",
            "uri": "arn:aws:apigateway:us-east-1:lambda:path/2015-03-31/functions/arn:aws:lambda:us-east-1:661250114429:function:visitorCount/invocations"
          },
          "sensitive_attributes": [],
          "private": "bnVsbA==",
          "dependencies": [
            "aws_api_gateway_method.countProxyRoot",
            "aws_api_gateway_rest_api.countApi",
            "aws_iam_role.lambdaRole",
            "aws_lambda_function.visitorCountFunction",
            "data.archive_file.visitorCountPackage"
          ]
        }
      ]
    },
    {
      "mode": "managed",
      "type": "aws_api_gateway_integration",
      "name": "statusLambda",
      "provider": "provider[\"registry.terraform.io/hashicorp/aws\"]",
      "instances": [
        {
          "schema_version": 0,
          "attributes": {
            "cache_key_parameters": [],
            "cache_namespace": "2p7avb",
            "connection_id": "",
            "connection_type": "INTERNET",
            "content_handling": "",
            "credentials": "",
            "http_method": "ANY",
            "id": "agi-poukek0gcg-2p7avb-ANY",
            "integration_http_method": "POST",
            "passthrough_behavior": "WHEN_NO_MATCH",
            "request_parameters": {},
            "request_templates": {},
            "resource_id": "2p7avb",
            "rest_api_id": "poukek0gcg",
            "timeout_milliseconds": 29000,
            "tls_config": [],
            "type": "AWS_PROXY",
            "uri": "arn:aws:apigateway:us-east-1:lambda:path/2015-03-31/functions/arn:aws:lambda:us-east-1:661250114429:function:getStatus/invocations"
          },
          "sensitive_attributes": [],
          "private": "bnVsbA==",
          "dependencies": [
            "aws_api_gateway_method.statusProxy",
            "aws_api_gateway_resource.statusProxy",
            "aws_api_gateway_rest_api.statusApi",
            "aws_iam_role.lambdaRole",
            "aws_lambda_function.statusFunction",
            "data.archive_file.statusPackage"
          ]
        }
      ]
    },
    {
      "mode": "managed",
      "type": "aws_api_gateway_integration",
      "name": "statusLambdaRoot",
      "provider": "provider[\"registry.terraform.io/hashicorp/aws\"]",
      "instances": [
        {
          "schema_version": 0,
          "attributes": {
            "cache_key_parameters": [],
            "cache_namespace": "qeeak2tfg0",
            "connection_id": "",
            "connection_type": "INTERNET",
            "content_handling": "",
            "credentials": "",
            "http_method": "ANY",
            "id": "agi-poukek0gcg-qeeak2tfg0-ANY",
            "integration_http_method": "POST",
            "passthrough_behavior": "WHEN_NO_MATCH",
            "request_parameters": {},
            "request_templates": {},
            "resource_id": "qeeak2tfg0",
            "rest_api_id": "poukek0gcg",
            "timeout_milliseconds": 29000,
            "tls_config": [],
            "type": "AWS_PROXY",
            "uri": "arn:aws:apigateway:us-east-1:lambda:path/2015-03-31/functions/arn:aws:lambda:us-east-1:661250114429:function:getStatus/invocations"
          },
          "sensitive_attributes": [],
          "private": "bnVsbA==",
          "dependencies": [
            "aws_api_gateway_method.statusProxyRoot",
            "aws_api_gateway_rest_api.statusApi",
            "aws_iam_role.lambdaRole",
            "aws_lambda_function.statusFunction",
            "data.archive_file.statusPackage"
          ]
        }
      ]
    },
    {
      "mode": "managed",
      "type": "aws_api_gateway_integration",
      "name": "timeLambda",
      "provider": "provider[\"registry.terraform.io/hashicorp/aws\"]",
      "instances": [
        {
          "schema_version": 0,
          "attributes": {
            "cache_key_parameters": [],
            "cache_namespace": "r8b5jg",
            "connection_id": "",
            "connection_type": "INTERNET",
            "content_handling": "",
            "credentials": "",
            "http_method": "ANY",
            "id": "agi-qqipovd6o9-r8b5jg-ANY",
            "integration_http_method": "POST",
            "passthrough_behavior": "WHEN_NO_MATCH",
            "request_parameters": {},
            "request_templates": {},
            "resource_id": "r8b5jg",
            "rest_api_id": "qqipovd6o9",
            "timeout_milliseconds": 29000,
            "tls_config": [],
            "type": "AWS_PROXY",
            "uri": "arn:aws:apigateway:us-east-1:lambda:path/2015-03-31/functions/arn:aws:lambda:us-east-1:661250114429:function:timeCount/invocations"
          },
          "sensitive_attributes": [],
          "private": "bnVsbA==",
          "dependencies": [
            "aws_api_gateway_method.timeProxy",
            "aws_api_gateway_resource.timeProxy",
            "aws_api_gateway_rest_api.timeApi",
            "aws_iam_role.lambdaRole",
            "aws_lambda_function.timeFunction",
            "data.archive_file.timePackage"
          ]
        }
      ]
    },
    {
      "mode": "managed",
      "type": "aws_api_gateway_integration",
      "name": "timeLambdaRoot",
      "provider": "provider[\"registry.terraform.io/hashicorp/aws\"]",
      "instances": [
        {
          "schema_version": 0,
          "attributes": {
            "cache_key_parameters": [],
            "cache_namespace": "a1timowte4",
            "connection_id": "",
            "connection_type": "INTERNET",
            "content_handling": "",
            "credentials": "",
            "http_method": "ANY",
            "id": "agi-qqipovd6o9-a1timowte4-ANY",
            "integration_http_method": "POST",
            "passthrough_behavior": "WHEN_NO_MATCH",
            "request_parameters": {},
            "request_templates": {},
            "resource_id": "a1timowte4",
            "rest_api_id": "qqipovd6o9",
            "timeout_milliseconds": 29000,
            "tls_config": [],
            "type": "AWS_PROXY",
            "uri": "arn:aws:apigateway:us-east-1:lambda:path/2015-03-31/functions/arn:aws:lambda:us-east-1:661250114429:function:timeCount/invocations"
          },
          "sensitive_attributes": [],
          "private": "bnVsbA==",
          "dependencies": [
            "aws_api_gateway_method.timeProxyRoot",
            "aws_api_gateway_rest_api.timeApi",
            "aws_iam_role.lambdaRole",
            "aws_lambda_function.timeFunction",
            "data.archive_file.timePackage"
          ]
        }
      ]
    },
    {
      "mode": "managed",
      "type": "aws_api_gateway_method",
      "name": "countProxy",
      "provider": "provider[\"registry.terraform.io/hashicorp/aws\"]",
      "instances": [
        {
          "schema_version": 0,
          "attributes": {
            "api_key_required": false,
            "authorization": "NONE",
            "authorization_scopes": [],
            "authorizer_id": "",
            "http_method": "ANY",
            "id": "agm-c2vjc2w3x1-ej9le5-ANY",
            "operation_name": "",
            "request_models": {},
            "request_parameters": {},
            "request_validator_id": "",
            "resource_id": "ej9le5",
            "rest_api_id": "c2vjc2w3x1"
          },
          "sensitive_attributes": [],
          "private": "bnVsbA==",
          "dependencies": [
            "aws_api_gateway_resource.countProxy",
            "aws_api_gateway_rest_api.countApi"
          ]
        }
      ]
    },
    {
      "mode": "managed",
      "type": "aws_api_gateway_method",
      "name": "countProxyRoot",
      "provider": "provider[\"registry.terraform.io/hashicorp/aws\"]",
      "instances": [
        {
          "schema_version": 0,
          "attributes": {
            "api_key_required": false,
            "authorization": "NONE",
            "authorization_scopes": [],
            "authorizer_id": "",
            "http_method": "ANY",
            "id": "agm-c2vjc2w3x1-9ec5c4ssg1-ANY",
            "operation_name": "",
            "request_models": {},
            "request_parameters": {},
            "request_validator_id": "",
            "resource_id": "9ec5c4ssg1",
            "rest_api_id": "c2vjc2w3x1"
          },
          "sensitive_attributes": [],
          "private": "bnVsbA==",
          "dependencies": [
            "aws_api_gateway_rest_api.countApi"
          ]
        }
      ]
    },
    {
      "mode": "managed",
      "type": "aws_api_gateway_method",
      "name": "statusProxy",
      "provider": "provider[\"registry.terraform.io/hashicorp/aws\"]",
      "instances": [
        {
          "schema_version": 0,
          "attributes": {
            "api_key_required": false,
            "authorization": "NONE",
            "authorization_scopes": [],
            "authorizer_id": "",
            "http_method": "ANY",
            "id": "agm-poukek0gcg-2p7avb-ANY",
            "operation_name": "",
            "request_models": {},
            "request_parameters": {},
            "request_validator_id": "",
            "resource_id": "2p7avb",
            "rest_api_id": "poukek0gcg"
          },
          "sensitive_attributes": [],
          "private": "bnVsbA==",
          "dependencies": [
            "aws_api_gateway_resource.statusProxy",
            "aws_api_gateway_rest_api.statusApi"
          ]
        }
      ]
    },
    {
      "mode": "managed",
      "type": "aws_api_gateway_method",
      "name": "statusProxyRoot",
      "provider": "provider[\"registry.terraform.io/hashicorp/aws\"]",
      "instances": [
        {
          "schema_version": 0,
          "attributes": {
            "api_key_required": false,
            "authorization": "NONE",
            "authorization_scopes": [],
            "authorizer_id": "",
            "http_method": "ANY",
            "id": "agm-poukek0gcg-qeeak2tfg0-ANY",
            "operation_name": "",
            "request_models": {},
            "request_parameters": {},
            "request_validator_id": "",
            "resource_id": "qeeak2tfg0",
            "rest_api_id": "poukek0gcg"
          },
          "sensitive_attributes": [],
          "private": "bnVsbA==",
          "dependencies": [
            "aws_api_gateway_rest_api.statusApi"
          ]
        }
      ]
    },
    {
      "mode": "managed",
      "type": "aws_api_gateway_method",
      "name": "timeProxy",
      "provider": "provider[\"registry.terraform.io/hashicorp/aws\"]",
      "instances": [
        {
          "schema_version": 0,
          "attributes": {
            "api_key_required": false,
            "authorization": "NONE",
            "authorization_scopes": [],
            "authorizer_id": "",
            "http_method": "ANY",
            "id": "agm-qqipovd6o9-r8b5jg-ANY",
            "operation_name": "",
            "request_models": {},
            "request_parameters": {},
            "request_validator_id": "",
            "resource_id": "r8b5jg",
            "rest_api_id": "qqipovd6o9"
          },
          "sensitive_attributes": [],
          "private": "bnVsbA==",
          "dependencies": [
            "aws_api_gateway_resource.timeProxy",
            "aws_api_gateway_rest_api.timeApi"
          ]
        }
      ]
    },
    {
      "mode": "managed",
      "type": "aws_api_gateway_method",
      "name": "timeProxyRoot",
      "provider": "provider[\"registry.terraform.io/hashicorp/aws\"]",
      "instances": [
        {
          "schema_version": 0,
          "attributes": {
            "api_key_required": false,
            "authorization": "NONE",
            "authorization_scopes": [],
            "authorizer_id": "",
            "http_method": "ANY",
            "id": "agm-qqipovd6o9-a1timowte4-ANY",
            "operation_name": "",
            "request_models": {},
            "request_parameters": {},
            "request_validator_id": "",
            "resource_id": "a1timowte4",
            "rest_api_id": "qqipovd6o9"
          },
          "sensitive_attributes": [],
          "private": "bnVsbA==",
          "dependencies": [
            "aws_api_gateway_rest_api.timeApi"
          ]
        }
      ]
    },
    {
      "mode": "managed",
      "type": "aws_api_gateway_resource",
      "name": "countProxy",
      "provider": "provider[\"registry.terraform.io/hashicorp/aws\"]",
      "instances": [
        {
          "schema_version": 0,
          "attributes": {
            "id": "ej9le5",
            "parent_id": "9ec5c4ssg1",
            "path": "/{proxy+}",
            "path_part": "{proxy+}",
            "rest_api_id": "c2vjc2w3x1"
          },
          "sensitive_attributes": [],
          "private": "bnVsbA==",
          "dependencies": [
            "aws_api_gateway_rest_api.countApi"
          ]
        }
      ]
    },
    {
      "mode": "managed",
      "type": "aws_api_gateway_resource",
      "name": "statusProxy",
      "provider": "provider[\"registry.terraform.io/hashicorp/aws\"]",
      "instances": [
        {
          "schema_version": 0,
          "attributes": {
            "id": "2p7avb",
            "parent_id": "qeeak2tfg0",
            "path": "/{proxy+}",
            "path_part": "{proxy+}",
            "rest_api_id": "poukek0gcg"
          },
          "sensitive_attributes": [],
          "private": "bnVsbA==",
          "dependencies": [
            "aws_api_gateway_rest_api.statusApi"
          ]
        }
      ]
    },
    {
      "mode": "managed",
      "type": "aws_api_gateway_resource",
      "name": "timeProxy",
      "provider": "provider[\"registry.terraform.io/hashicorp/aws\"]",
      "instances": [
        {
          "schema_version": 0,
          "attributes": {
            "id": "r8b5jg",
            "parent_id": "a1timowte4",
            "path": "/{proxy+}",
            "path_part": "{proxy+}",
            "rest_api_id": "qqipovd6o9"
          },
          "sensitive_attributes": [],
          "private": "bnVsbA==",
          "dependencies": [
            "aws_api_gateway_rest_api.timeApi"
          ]
        }
      ]
    },
    {
      "mode": "managed",
      "type": "aws_api_gateway_rest_api",
      "name": "countApi",
      "provider": "provider[\"registry.terraform.io/hashicorp/aws\"]",
      "instances": [
        {
          "schema_version": 0,
          "attributes": {
            "api_key_source": "HEADER",
            "arn": "arn:aws:apigateway:us-east-1::/restapis/c2vjc2w3x1",
            "binary_media_types": [],
            "body": null,
            "created_date": "2023-12-11T23:47:52Z",
            "description": "API gateway for get count Lambda Function",
            "disable_execute_api_endpoint": false,
            "endpoint_configuration": [
              {
                "types": [
                  "EDGE"
                ],
                "vpc_endpoint_ids": []
              }
            ],
            "execution_arn": "arn:aws:execute-api:us-east-1:661250114429:c2vjc2w3x1",
            "fail_on_warnings": null,
            "id": "c2vjc2w3x1",
            "minimum_compression_size": "",
            "name": "countGateway",
            "parameters": null,
            "policy": "",
            "put_rest_api_mode": null,
            "root_resource_id": "9ec5c4ssg1",
            "tags": {},
            "tags_all": {}
          },
          "sensitive_attributes": [],
          "private": "bnVsbA=="
        }
      ]
    },
    {
      "mode": "managed",
      "type": "aws_api_gateway_rest_api",
      "name": "statusApi",
      "provider": "provider[\"registry.terraform.io/hashicorp/aws\"]",
      "instances": [
        {
          "schema_version": 0,
          "attributes": {
            "api_key_source": "HEADER",
            "arn": "arn:aws:apigateway:us-east-1::/restapis/poukek0gcg",
            "binary_media_types": [],
            "body": null,
            "created_date": "2023-12-11T23:47:52Z",
            "description": "API gateway for get Status Lambda Function",
            "disable_execute_api_endpoint": false,
            "endpoint_configuration": [
              {
                "types": [
                  "EDGE"
                ],
                "vpc_endpoint_ids": []
              }
            ],
            "execution_arn": "arn:aws:execute-api:us-east-1:661250114429:poukek0gcg",
            "fail_on_warnings": null,
            "id": "poukek0gcg",
            "minimum_compression_size": "",
            "name": "statusGateway",
            "parameters": null,
            "policy": "",
            "put_rest_api_mode": null,
            "root_resource_id": "qeeak2tfg0",
            "tags": {},
            "tags_all": {}
          },
          "sensitive_attributes": [],
          "private": "bnVsbA=="
        }
      ]
    },
    {
      "mode": "managed",
      "type": "aws_api_gateway_rest_api",
      "name": "timeApi",
      "provider": "provider[\"registry.terraform.io/hashicorp/aws\"]",
      "instances": [
        {
          "schema_version": 0,
          "attributes": {
            "api_key_source": "HEADER",
            "arn": "arn:aws:apigateway:us-east-1::/restapis/qqipovd6o9",
            "binary_media_types": [],
            "body": null,
            "created_date": "2023-12-11T23:47:52Z",
            "description": "API gateway for get time Lambda Function",
            "disable_execute_api_endpoint": false,
            "endpoint_configuration": [
              {
                "types": [
                  "EDGE"
                ],
                "vpc_endpoint_ids": []
              }
            ],
            "execution_arn": "arn:aws:execute-api:us-east-1:661250114429:qqipovd6o9",
            "fail_on_warnings": null,
            "id": "qqipovd6o9",
            "minimum_compression_size": "",
            "name": "timeGateway",
            "parameters": null,
            "policy": "",
            "put_rest_api_mode": null,
            "root_resource_id": "a1timowte4",
            "tags": {},
            "tags_all": {}
          },
          "sensitive_attributes": [],
          "private": "bnVsbA=="
        }
      ]
    },
    {
      "mode": "managed",
      "type": "aws_cloudfront_distribution",
      "name": "distribution",
      "provider": "provider[\"registry.terraform.io/hashicorp/aws\"]",
      "instances": [
        {
          "schema_version": 1,
          "attributes": {
            "aliases": [
              "gregchow.net",
              "www.gregchow.net"
            ],
            "arn": "arn:aws:cloudfront::661250114429:distribution/E3TCO6RR6ICZY1",
            "caller_reference": "terraform-20231211234901848500000004",
            "comment": null,
            "continuous_deployment_policy_id": "",
            "custom_error_response": [
              {
                "error_caching_min_ttl": 10,
                "error_code": 403,
                "response_code": 404,
                "response_page_path": "/404.html"
              },
              {
                "error_caching_min_ttl": 10,
                "error_code": 404,
                "response_code": 404,
                "response_page_path": "/404.html"
              }
            ],
            "default_cache_behavior": [
              {
                "allowed_methods": [
                  "DELETE",
                  "GET",
                  "HEAD",
                  "OPTIONS",
                  "PATCH",
                  "POST",
                  "PUT"
                ],
                "cache_policy_id": "658327ea-f89d-4fab-a63d-7e88639e58f6",
                "cached_methods": [
                  "GET",
                  "HEAD"
                ],
                "compress": true,
                "default_ttl": 0,
                "field_level_encryption_id": "",
                "forwarded_values": [],
                "function_association": [],
                "lambda_function_association": [],
                "max_ttl": 0,
                "min_ttl": 0,
                "origin_request_policy_id": "",
                "realtime_log_config_arn": "",
                "response_headers_policy_id": "",
                "smooth_streaming": false,
                "target_origin_id": "www.gregchow.net.s3.us-east-1.amazonaws.com",
                "trusted_key_groups": [],
                "trusted_signers": [],
                "viewer_protocol_policy": "redirect-to-https"
              }
            ],
            "default_root_object": "",
            "domain_name": "d3w2ui79954fn5.cloudfront.net",
            "enabled": true,
            "etag": "EGA3LHSKKI38J",
            "hosted_zone_id": "Z2FDTNDATAQYW2",
            "http_version": "http2",
            "id": "E3TCO6RR6ICZY1",
            "in_progress_validation_batches": 0,
            "is_ipv6_enabled": true,
            "last_modified_time": "2023-12-11 23:49:05.01 +0000 UTC",
            "logging_config": [],
            "ordered_cache_behavior": [],
            "origin": [
              {
                "connection_attempts": 3,
                "connection_timeout": 10,
                "custom_header": [],
                "custom_origin_config": [
                  {
                    "http_port": 80,
                    "https_port": 443,
                    "origin_keepalive_timeout": 5,
                    "origin_protocol_policy": "http-only",
                    "origin_read_timeout": 30,
                    "origin_ssl_protocols": [
                      "TLSv1.2"
                    ]
                  }
                ],
                "domain_name": "www.gregchow.net.s3-website-us-east-1.amazonaws.com",
                "origin_access_control_id": "",
                "origin_id": "www.gregchow.net.s3.us-east-1.amazonaws.com",
                "origin_path": "",
                "origin_shield": [],
                "s3_origin_config": []
              }
            ],
            "origin_group": [],
            "price_class": "PriceClass_100",
            "restrictions": [
              {
                "geo_restriction": [
                  {
                    "locations": [],
                    "restriction_type": "none"
                  }
                ]
              }
            ],
            "retain_on_delete": false,
            "staging": false,
            "status": "Deployed",
            "tags": {},
            "tags_all": {},
            "trusted_key_groups": [
              {
                "enabled": false,
                "items": []
              }
            ],
            "trusted_signers": [
              {
                "enabled": false,
                "items": []
              }
            ],
            "viewer_certificate": [
              {
                "acm_certificate_arn": "arn:aws:acm:us-east-1:661250114429:certificate/5adeda03-d659-41e2-bcd1-e0d7e9c438ed",
                "cloudfront_default_certificate": false,
                "iam_certificate_id": "",
                "minimum_protocol_version": "TLSv1",
                "ssl_support_method": "sni-only"
              }
            ],
            "wait_for_deployment": true,
            "web_acl_id": ""
          },
          "sensitive_attributes": [],
          "private": "eyJzY2hlbWFfdmVyc2lvbiI6IjEifQ==",
          "dependencies": [
            "aws_acm_certificate.cert",
            "aws_acm_certificate_validation.certValidation",
            "aws_route53_record.certRecord",
            "aws_route53_zone.hostedZone",
            "aws_s3_bucket.terraformBucket",
            "aws_s3_bucket_website_configuration.terraformWebsite"
          ]
        }
      ]
    },
    {
      "mode": "managed",
      "type": "aws_cloudfront_distribution",
      "name": "rootDistribution",
      "provider": "provider[\"registry.terraform.io/hashicorp/aws\"]",
      "instances": [
        {
          "schema_version": 1,
          "attributes": {
            "aliases": [],
            "arn": "arn:aws:cloudfront::661250114429:distribution/EQ1MCQ7W5TI44",
            "caller_reference": "terraform-20231211234755134700000003",
            "comment": null,
            "continuous_deployment_policy_id": "",
            "custom_error_response": [],
            "default_cache_behavior": [
              {
                "allowed_methods": [
                  "DELETE",
                  "GET",
                  "HEAD",
                  "OPTIONS",
                  "PATCH",
                  "POST",
                  "PUT"
                ],
                "cache_policy_id": "658327ea-f89d-4fab-a63d-7e88639e58f6",
                "cached_methods": [
                  "GET",
                  "HEAD"
                ],
                "compress": true,
                "default_ttl": 0,
                "field_level_encryption_id": "",
                "forwarded_values": [],
                "function_association": [],
                "lambda_function_association": [],
                "max_ttl": 0,
                "min_ttl": 0,
                "origin_request_policy_id": "",
                "realtime_log_config_arn": "",
                "response_headers_policy_id": "",
                "smooth_streaming": false,
                "target_origin_id": "gregchow.net.s3.us-east-1.amazonaws.com",
                "trusted_key_groups": [],
                "trusted_signers": [],
                "viewer_protocol_policy": "redirect-to-https"
              }
            ],
            "default_root_object": "",
            "domain_name": "d1wnpf2z31ht8v.cloudfront.net",
            "enabled": true,
            "etag": "E2MUD53LDNHGTO",
            "hosted_zone_id": "Z2FDTNDATAQYW2",
            "http_version": "http2",
            "id": "EQ1MCQ7W5TI44",
            "in_progress_validation_batches": 0,
            "is_ipv6_enabled": true,
            "last_modified_time": "2023-12-11 23:47:58.266 +0000 UTC",
            "logging_config": [],
            "ordered_cache_behavior": [],
            "origin": [
              {
                "connection_attempts": 3,
                "connection_timeout": 10,
                "custom_header": [],
                "custom_origin_config": [
                  {
                    "http_port": 80,
                    "https_port": 443,
                    "origin_keepalive_timeout": 5,
                    "origin_protocol_policy": "http-only",
                    "origin_read_timeout": 30,
                    "origin_ssl_protocols": [
                      "TLSv1.2"
                    ]
                  }
                ],
                "domain_name": "gregchow.net.s3-website-us-east-1.amazonaws.com",
                "origin_access_control_id": "",
                "origin_id": "gregchow.net.s3.us-east-1.amazonaws.com",
                "origin_path": "",
                "origin_shield": [],
                "s3_origin_config": []
              }
            ],
            "origin_group": [],
            "price_class": "PriceClass_100",
            "restrictions": [
              {
                "geo_restriction": [
                  {
                    "locations": [],
                    "restriction_type": "none"
                  }
                ]
              }
            ],
            "retain_on_delete": false,
            "staging": false,
            "status": "Deployed",
            "tags": {},
            "tags_all": {},
            "trusted_key_groups": [
              {
                "enabled": false,
                "items": []
              }
            ],
            "trusted_signers": [
              {
                "enabled": false,
                "items": []
              }
            ],
            "viewer_certificate": [
              {
                "acm_certificate_arn": "",
                "cloudfront_default_certificate": true,
                "iam_certificate_id": "",
                "minimum_protocol_version": "TLSv1",
                "ssl_support_method": ""
              }
            ],
            "wait_for_deployment": true,
            "web_acl_id": ""
          },
          "sensitive_attributes": [],
          "private": "eyJzY2hlbWFfdmVyc2lvbiI6IjEifQ==",
          "dependencies": [
            "aws_s3_bucket.rootBucket",
            "aws_s3_bucket.terraformBucket",
            "aws_s3_bucket_website_configuration.rootWebsite",
            "aws_s3_bucket_website_configuration.terraformWebsite"
          ]
        }
      ]
    },
    {
      "mode": "managed",
      "type": "aws_dynamodb_table",
      "name": "timeTable",
      "provider": "provider[\"registry.terraform.io/hashicorp/aws\"]",
      "instances": [
        {
          "schema_version": 1,
          "attributes": {
            "arn": "arn:aws:dynamodb:us-east-1:661250114429:table/timeTable",
            "attribute": [
              {
                "name": "id",
                "type": "S"
              }
            ],
            "billing_mode": "PAY_PER_REQUEST",
            "deletion_protection_enabled": false,
            "global_secondary_index": [],
            "hash_key": "id",
            "id": "timeTable",
            "import_table": [],
            "local_secondary_index": [],
            "name": "timeTable",
            "point_in_time_recovery": [
              {
                "enabled": false
              }
            ],
            "range_key": null,
            "read_capacity": 0,
            "replica": [],
            "restore_date_time": null,
            "restore_source_name": null,
            "restore_to_latest_time": null,
            "server_side_encryption": [],
            "stream_arn": "",
            "stream_enabled": false,
            "stream_label": "",
            "stream_view_type": "",
            "table_class": "STANDARD",
            "tags": {},
            "tags_all": {},
            "timeouts": null,
            "ttl": [
              {
                "attribute_name": "",
                "enabled": false
              }
            ],
            "write_capacity": 0
          },
          "sensitive_attributes": [],
          "private": "eyJlMmJmYjczMC1lY2FhLTExZTYtOGY4OC0zNDM2M2JjN2M0YzAiOnsiY3JlYXRlIjoxODAwMDAwMDAwMDAwLCJkZWxldGUiOjYwMDAwMDAwMDAwMCwidXBkYXRlIjozNjAwMDAwMDAwMDAwfSwic2NoZW1hX3ZlcnNpb24iOiIxIn0="
        }
      ]
    },
    {
      "mode": "managed",
      "type": "aws_dynamodb_table",
      "name": "visitorCountTable",
      "provider": "provider[\"registry.terraform.io/hashicorp/aws\"]",
      "instances": [
        {
          "schema_version": 1,
          "attributes": {
            "arn": "arn:aws:dynamodb:us-east-1:661250114429:table/visitorCountTable",
            "attribute": [
              {
                "name": "id",
                "type": "S"
              }
            ],
            "billing_mode": "PAY_PER_REQUEST",
            "deletion_protection_enabled": false,
            "global_secondary_index": [],
            "hash_key": "id",
            "id": "visitorCountTable",
            "import_table": [],
            "local_secondary_index": [],
            "name": "visitorCountTable",
            "point_in_time_recovery": [
              {
                "enabled": false
              }
            ],
            "range_key": null,
            "read_capacity": 0,
            "replica": [],
            "restore_date_time": null,
            "restore_source_name": null,
            "restore_to_latest_time": null,
            "server_side_encryption": [],
            "stream_arn": "",
            "stream_enabled": false,
            "stream_label": "",
            "stream_view_type": "",
            "table_class": "STANDARD",
            "tags": {},
            "tags_all": {},
            "timeouts": null,
            "ttl": [
              {
                "attribute_name": "",
                "enabled": false
              }
            ],
            "write_capacity": 0
          },
          "sensitive_attributes": [],
          "private": "eyJlMmJmYjczMC1lY2FhLTExZTYtOGY4OC0zNDM2M2JjN2M0YzAiOnsiY3JlYXRlIjoxODAwMDAwMDAwMDAwLCJkZWxldGUiOjYwMDAwMDAwMDAwMCwidXBkYXRlIjozNjAwMDAwMDAwMDAwfSwic2NoZW1hX3ZlcnNpb24iOiIxIn0="
        }
      ]
    },
    {
      "mode": "managed",
      "type": "aws_dynamodb_table_item",
      "name": "timeItem",
      "provider": "provider[\"registry.terraform.io/hashicorp/aws\"]",
      "instances": [
        {
          "schema_version": 0,
          "attributes": {
            "hash_key": "id",
            "id": "timeTable|id||keyTime|",
            "item": "{\r\n    \"id\": {\"S\": \"keyTime\"},\r\n    \"itemTime\": {\"S\": \"1700076925\"}\r\n}\r\n",
            "range_key": null,
            "table_name": "timeTable"
          },
          "sensitive_attributes": [],
          "private": "bnVsbA==",
          "dependencies": [
            "aws_dynamodb_table.timeTable"
          ]
        }
      ]
    },
    {
      "mode": "managed",
      "type": "aws_dynamodb_table_item",
      "name": "visitorCountItem",
      "provider": "provider[\"registry.terraform.io/hashicorp/aws\"]",
      "instances": [
        {
          "schema_version": 0,
          "attributes": {
            "hash_key": "id",
            "id": "visitorCountTable|id||keyCount|",
            "item": "{\r\n    \"id\": {\"S\": \"keyCount\"},\r\n    \"itemCount\": {\"S\": \"100\"}\r\n}\r\n",
            "range_key": null,
            "table_name": "visitorCountTable"
          },
          "sensitive_attributes": [],
          "private": "bnVsbA==",
          "dependencies": [
            "aws_dynamodb_table.visitorCountTable"
          ]
        }
      ]
    },
    {
      "mode": "managed",
      "type": "aws_iam_role",
      "name": "lambdaRole",
      "provider": "provider[\"registry.terraform.io/hashicorp/aws\"]",
      "instances": [
        {
          "schema_version": 0,
          "attributes": {
            "arn": "arn:aws:iam::661250114429:role/lambda-lambdaRole-terraform",
            "assume_role_policy": "{\"Statement\":[{\"Action\":\"sts:AssumeRole\",\"Effect\":\"Allow\",\"Principal\":{\"Service\":\"lambda.amazonaws.com\"}}],\"Version\":\"2012-10-17\"}",
            "create_date": "2023-12-11T23:47:52Z",
            "description": "",
            "force_detach_policies": false,
            "id": "lambda-lambdaRole-terraform",
            "inline_policy": [
              {
                "name": "dynamodbPolicy",
                "policy": "{\"Version\":\"2012-10-17\",\"Statement\":[{\"Action\":[\"lambda:CreateFunction\",\"dynamodb:DeleteItem\",\"iam:TagRole\",\"iam:DeletePolicy\",\"iam:CreateRole\",\"iam:AttachRolePolicy\",\"dynamodb:DeleteTable\",\"iam:CreateUser\",\"iam:PassRole\",\"dynamodb:TagResource\",\"dynamodb:DescribeTable\",\"dynamodb:GetItem\",\"lambda:DeleteFunction\",\"lambda:GetAlias\",\"dynamodb:BatchGetItem\",\"iam:GetRole\",\"lambda:InvokeFunctionUrl\",\"dynamodb:UntagResource\",\"dynamodb:PutItem\",\"iam:GetPolicy\",\"lambda:InvokeFunction\",\"lambda:GetFunction\",\"lambda:ListAliases\",\"iam:DeleteRole\",\"dynamodb:UpdateItem\",\"iam:TagPolicy\",\"iam:TagUser\",\"lambda:UpdateAlias\",\"dynamodb:CreateTable\",\"iam:CreatePolicy\",\"lambda:UpdateFunctionCode\",\"iam:UpdateRole\",\"iam:GetRolePolicy\",\"dynamodb:UpdateTable\",\"lambda:GetPolicy\"],\"Effect\":\"Allow\",\"Resource\":[\"arn:aws:dynamodb:us-east-1:661250114429:table/*\",\"arn:aws:lambda:*:661250114429:function:*\",\"arn:aws:iam::661250114429:role/*\",\"arn:aws:iam::661250114429:policy/*\",\"arn:aws:iam::661250114429:user/*\",\"arn:aws:apigateway:us-east-1::/restapis/*\",\"arn:aws:execute-api:us-east-1:661250114429:poukek0gcg/*/ANY/{proxy+}\",\"arn:aws:execute-api:us-east-1:661250114429:qqipovd6o9/*/ANY/{proxy+}\",\"arn:aws:execute-api:us-east-1:661250114429:c2vjc2w3x1/*/ANY/{proxy+}\"],\"Sid\":\"VisualEditor0\"},{\"Action\":[\"lambda:ListFunctions\",\"dynamodb:ListTables\"],\"Effect\":\"Allow\",\"Resource\":\"*\",\"Sid\":\"VisualEditor1\"}]}"
              }
            ],
            "managed_policy_arns": [],
            "max_session_duration": 3600,
            "name": "lambda-lambdaRole-terraform",
            "name_prefix": "",
            "path": "/",
            "permissions_boundary": "",
            "tags": {},
            "tags_all": {},
            "unique_id": "AROAZT5MUAN62AUFT6DQC"
          },
          "sensitive_attributes": [],
          "private": "bnVsbA=="
        }
      ]
    },
    {
      "mode": "managed",
      "type": "aws_iam_role_policy",
      "name": "dynamodbPolicy",
      "provider": "provider[\"registry.terraform.io/hashicorp/aws\"]",
      "instances": [
        {
          "schema_version": 0,
          "attributes": {
            "id": "lambda-lambdaRole-terraform:dynamodbPolicy",
            "name": "dynamodbPolicy",
            "name_prefix": "",
            "policy": "{\"Version\":\"2012-10-17\",\"Statement\":[{\"Action\":[\"lambda:CreateFunction\",\"dynamodb:DeleteItem\",\"iam:TagRole\",\"iam:DeletePolicy\",\"iam:CreateRole\",\"iam:AttachRolePolicy\",\"dynamodb:DeleteTable\",\"iam:CreateUser\",\"iam:PassRole\",\"dynamodb:TagResource\",\"dynamodb:DescribeTable\",\"dynamodb:GetItem\",\"lambda:DeleteFunction\",\"lambda:GetAlias\",\"dynamodb:BatchGetItem\",\"iam:GetRole\",\"lambda:InvokeFunctionUrl\",\"dynamodb:UntagResource\",\"dynamodb:PutItem\",\"iam:GetPolicy\",\"lambda:InvokeFunction\",\"lambda:GetFunction\",\"lambda:ListAliases\",\"iam:DeleteRole\",\"dynamodb:UpdateItem\",\"iam:TagPolicy\",\"iam:TagUser\",\"lambda:UpdateAlias\",\"dynamodb:CreateTable\",\"iam:CreatePolicy\",\"lambda:UpdateFunctionCode\",\"iam:UpdateRole\",\"iam:GetRolePolicy\",\"dynamodb:UpdateTable\",\"lambda:GetPolicy\"],\"Effect\":\"Allow\",\"Resource\":[\"arn:aws:dynamodb:us-east-1:661250114429:table/*\",\"arn:aws:lambda:*:661250114429:function:*\",\"arn:aws:iam::661250114429:role/*\",\"arn:aws:iam::661250114429:policy/*\",\"arn:aws:iam::661250114429:user/*\",\"arn:aws:apigateway:us-east-1::/restapis/*\",\"arn:aws:execute-api:us-east-1:661250114429:poukek0gcg/*/ANY/{proxy+}\",\"arn:aws:execute-api:us-east-1:661250114429:qqipovd6o9/*/ANY/{proxy+}\",\"arn:aws:execute-api:us-east-1:661250114429:c2vjc2w3x1/*/ANY/{proxy+}\"],\"Sid\":\"VisualEditor0\"},{\"Action\":[\"lambda:ListFunctions\",\"dynamodb:ListTables\"],\"Effect\":\"Allow\",\"Resource\":\"*\",\"Sid\":\"VisualEditor1\"}]}",
            "role": "lambda-lambdaRole-terraform"
          },
          "sensitive_attributes": [],
          "private": "bnVsbA==",
          "dependencies": [
            "aws_api_gateway_method.countProxyRoot",
            "aws_api_gateway_method.statusProxyRoot",
            "aws_api_gateway_method.timeProxyRoot",
            "aws_api_gateway_resource.countProxy",
            "aws_api_gateway_resource.statusProxy",
            "aws_api_gateway_resource.timeProxy",
            "aws_api_gateway_rest_api.countApi",
            "aws_api_gateway_rest_api.statusApi",
            "aws_api_gateway_rest_api.timeApi",
            "aws_iam_role.lambdaRole"
          ]
        }
      ]
    },
    {
      "mode": "managed",
      "type": "aws_lambda_function",
      "name": "statusFunction",
      "provider": "provider[\"registry.terraform.io/hashicorp/aws\"]",
      "instances": [
        {
          "schema_version": 0,
          "attributes": {
            "architectures": [
              "x86_64"
            ],
            "arn": "arn:aws:lambda:us-east-1:661250114429:function:getStatus",
            "code_signing_config_arn": "",
            "dead_letter_config": [],
            "description": "",
            "environment": [],
            "ephemeral_storage": [
              {
                "size": 512
              }
            ],
            "file_system_config": [],
            "filename": "getStatus.zip",
            "function_name": "getStatus",
            "handler": "getStatus.lambda_handler",
            "id": "getStatus",
            "image_config": [],
            "image_uri": "",
            "invoke_arn": "arn:aws:apigateway:us-east-1:lambda:path/2015-03-31/functions/arn:aws:lambda:us-east-1:661250114429:function:getStatus/invocations",
            "kms_key_arn": "",
            "last_modified": "2023-12-13T19:50:28.000+0000",
            "layers": [],
            "memory_size": 128,
            "package_type": "Zip",
            "publish": false,
            "qualified_arn": "arn:aws:lambda:us-east-1:661250114429:function:getStatus:$LATEST",
            "qualified_invoke_arn": "arn:aws:apigateway:us-east-1:lambda:path/2015-03-31/functions/arn:aws:lambda:us-east-1:661250114429:function:getStatus:$LATEST/invocations",
            "replace_security_groups_on_destroy": null,
            "replacement_security_group_ids": null,
            "reserved_concurrent_executions": -1,
            "role": "arn:aws:iam::661250114429:role/lambda-lambdaRole-terraform",
            "runtime": "python3.11",
            "s3_bucket": null,
            "s3_key": null,
            "s3_object_version": null,
            "signing_job_arn": "",
            "signing_profile_version_arn": "",
            "skip_destroy": false,
            "snap_start": [],
            "source_code_hash": "a5VSZ42O11OkvBGiT/Z4iQUJF4LjHeq15vM5YVueIJA=",
            "source_code_size": 485,
            "tags": {},
            "tags_all": {},
            "timeout": 10,
            "timeouts": null,
            "tracing_config": [
              {
                "mode": "PassThrough"
              }
            ],
            "version": "$LATEST",
            "vpc_config": []
          },
          "sensitive_attributes": [],
          "private": "eyJlMmJmYjczMC1lY2FhLTExZTYtOGY4OC0zNDM2M2JjN2M0YzAiOnsiY3JlYXRlIjo2MDAwMDAwMDAwMDAsImRlbGV0ZSI6NjAwMDAwMDAwMDAwLCJ1cGRhdGUiOjYwMDAwMDAwMDAwMH19",
          "dependencies": [
            "aws_iam_role.lambdaRole",
            "data.archive_file.statusPackage"
          ]
        }
      ]
    },
    {
      "mode": "managed",
      "type": "aws_lambda_function",
      "name": "timeFunction",
      "provider": "provider[\"registry.terraform.io/hashicorp/aws\"]",
      "instances": [
        {
          "schema_version": 0,
          "attributes": {
            "architectures": [
              "x86_64"
            ],
            "arn": "arn:aws:lambda:us-east-1:661250114429:function:timeCount",
            "code_signing_config_arn": "",
            "dead_letter_config": [],
            "description": "",
            "environment": [],
            "ephemeral_storage": [
              {
                "size": 512
              }
            ],
            "file_system_config": [],
            "filename": "timeCount.zip",
            "function_name": "timeCount",
            "handler": "timeCount.lambda_handler",
            "id": "timeCount",
            "image_config": [],
            "image_uri": "",
            "invoke_arn": "arn:aws:apigateway:us-east-1:lambda:path/2015-03-31/functions/arn:aws:lambda:us-east-1:661250114429:function:timeCount/invocations",
            "kms_key_arn": "",
            "last_modified": "2023-12-13T19:50:17.000+0000",
            "layers": [],
            "memory_size": 128,
            "package_type": "Zip",
            "publish": false,
            "qualified_arn": "arn:aws:lambda:us-east-1:661250114429:function:timeCount:$LATEST",
            "qualified_invoke_arn": "arn:aws:apigateway:us-east-1:lambda:path/2015-03-31/functions/arn:aws:lambda:us-east-1:661250114429:function:timeCount:$LATEST/invocations",
            "replace_security_groups_on_destroy": null,
            "replacement_security_group_ids": null,
            "reserved_concurrent_executions": -1,
            "role": "arn:aws:iam::661250114429:role/lambda-lambdaRole-terraform",
            "runtime": "python3.11",
            "s3_bucket": null,
            "s3_key": null,
            "s3_object_version": null,
            "signing_job_arn": "",
            "signing_profile_version_arn": "",
            "skip_destroy": false,
            "snap_start": [],
            "source_code_hash": "J+5QnFpTBO/HvRuc5ERq0JJN1Uo3T9mh2eDv6AQxXf8=",
            "source_code_size": 687,
            "tags": {},
            "tags_all": {},
            "timeout": 10,
            "timeouts": null,
            "tracing_config": [
              {
                "mode": "PassThrough"
              }
            ],
            "version": "$LATEST",
            "vpc_config": []
          },
          "sensitive_attributes": [],
          "private": "eyJlMmJmYjczMC1lY2FhLTExZTYtOGY4OC0zNDM2M2JjN2M0YzAiOnsiY3JlYXRlIjo2MDAwMDAwMDAwMDAsImRlbGV0ZSI6NjAwMDAwMDAwMDAwLCJ1cGRhdGUiOjYwMDAwMDAwMDAwMH19",
          "dependencies": [
            "aws_iam_role.lambdaRole",
            "data.archive_file.timePackage"
          ]
        }
      ]
    },
    {
      "mode": "managed",
      "type": "aws_lambda_function",
      "name": "visitorCountFunction",
      "provider": "provider[\"registry.terraform.io/hashicorp/aws\"]",
      "instances": [
        {
          "schema_version": 0,
          "attributes": {
            "architectures": [
              "x86_64"
            ],
            "arn": "arn:aws:lambda:us-east-1:661250114429:function:visitorCount",
            "code_signing_config_arn": "",
            "dead_letter_config": [],
            "description": "",
            "environment": [],
            "ephemeral_storage": [
              {
                "size": 512
              }
            ],
            "file_system_config": [],
            "filename": "visitorCount.zip",
            "function_name": "visitorCount",
            "handler": "visitorCount.lambda_handler",
            "id": "visitorCount",
            "image_config": [],
            "image_uri": "",
            "invoke_arn": "arn:aws:apigateway:us-east-1:lambda:path/2015-03-31/functions/arn:aws:lambda:us-east-1:661250114429:function:visitorCount/invocations",
            "kms_key_arn": "",
            "last_modified": "2023-12-13T19:50:23.000+0000",
            "layers": [],
            "memory_size": 128,
            "package_type": "Zip",
            "publish": false,
            "qualified_arn": "arn:aws:lambda:us-east-1:661250114429:function:visitorCount:$LATEST",
            "qualified_invoke_arn": "arn:aws:apigateway:us-east-1:lambda:path/2015-03-31/functions/arn:aws:lambda:us-east-1:661250114429:function:visitorCount:$LATEST/invocations",
            "replace_security_groups_on_destroy": null,
            "replacement_security_group_ids": null,
            "reserved_concurrent_executions": -1,
            "role": "arn:aws:iam::661250114429:role/lambda-lambdaRole-terraform",
            "runtime": "python3.11",
            "s3_bucket": null,
            "s3_key": null,
            "s3_object_version": null,
            "signing_job_arn": "",
            "signing_profile_version_arn": "",
            "skip_destroy": false,
            "snap_start": [],
            "source_code_hash": "hf/0QZKM/cYNqvjIAVF7P1zupQmKooo5CM1x9gbOyGM=",
            "source_code_size": 601,
            "tags": {},
            "tags_all": {},
            "timeout": 10,
            "timeouts": null,
            "tracing_config": [
              {
                "mode": "PassThrough"
              }
            ],
            "version": "$LATEST",
            "vpc_config": []
          },
          "sensitive_attributes": [],
          "private": "eyJlMmJmYjczMC1lY2FhLTExZTYtOGY4OC0zNDM2M2JjN2M0YzAiOnsiY3JlYXRlIjo2MDAwMDAwMDAwMDAsImRlbGV0ZSI6NjAwMDAwMDAwMDAwLCJ1cGRhdGUiOjYwMDAwMDAwMDAwMH19",
          "dependencies": [
            "aws_iam_role.lambdaRole",
            "data.archive_file.visitorCountPackage"
          ]
        }
      ]
    },
    {
      "mode": "managed",
      "type": "aws_lambda_permission",
      "name": "allowCount",
      "provider": "provider[\"registry.terraform.io/hashicorp/aws\"]",
      "instances": [
        {
          "schema_version": 0,
          "attributes": {
            "action": "lambda:InvokeFunction",
            "event_source_token": null,
            "function_name": "visitorCount",
            "function_url_auth_type": null,
            "id": "AllowApicountGateway",
            "principal": "events.amazonaws.com",
            "principal_org_id": null,
            "qualifier": "",
            "source_account": null,
            "source_arn": "arn:aws:events:us-east-1:661250114429:c2vjc2w3x1/*/*/*",
            "statement_id": "AllowApicountGateway",
            "statement_id_prefix": ""
          },
          "sensitive_attributes": [],
          "private": "bnVsbA==",
          "dependencies": [
            "aws_api_gateway_rest_api.countApi",
            "aws_iam_role.lambdaRole",
            "aws_lambda_function.visitorCountFunction",
            "data.archive_file.visitorCountPackage"
          ]
        }
      ]
    },
    {
      "mode": "managed",
      "type": "aws_lambda_permission",
      "name": "allowStatus",
      "provider": "provider[\"registry.terraform.io/hashicorp/aws\"]",
      "instances": [
        {
          "schema_version": 0,
          "attributes": {
            "action": "lambda:InvokeFunction",
            "event_source_token": null,
            "function_name": "getStatus",
            "function_url_auth_type": null,
            "id": "AllowApiStatusGateway",
            "principal": "events.amazonaws.com",
            "principal_org_id": null,
            "qualifier": "",
            "source_account": null,
            "source_arn": "arn:aws:events:us-east-1:661250114429:poukek0gcg/*/*/*",
            "statement_id": "AllowApiStatusGateway",
            "statement_id_prefix": ""
          },
          "sensitive_attributes": [],
          "private": "bnVsbA==",
          "dependencies": [
            "aws_api_gateway_rest_api.statusApi",
            "aws_iam_role.lambdaRole",
            "aws_lambda_function.statusFunction",
            "data.archive_file.statusPackage"
          ]
        }
      ]
    },
    {
      "mode": "managed",
      "type": "aws_lambda_permission",
      "name": "allowTime",
      "provider": "provider[\"registry.terraform.io/hashicorp/aws\"]",
      "instances": [
        {
          "schema_version": 0,
          "attributes": {
            "action": "lambda:InvokeFunction",
            "event_source_token": null,
            "function_name": "timeCount",
            "function_url_auth_type": null,
            "id": "AllowApitimeGateway",
            "principal": "events.amazonaws.com",
            "principal_org_id": null,
            "qualifier": "",
            "source_account": null,
            "source_arn": "arn:aws:events:us-east-1:661250114429:qqipovd6o9/*/*/*",
            "statement_id": "AllowApitimeGateway",
            "statement_id_prefix": ""
          },
          "sensitive_attributes": [],
          "private": "bnVsbA==",
          "dependencies": [
            "aws_api_gateway_rest_api.timeApi",
            "aws_iam_role.lambdaRole",
            "aws_lambda_function.timeFunction",
            "data.archive_file.timePackage"
          ]
        }
      ]
    },
    {
      "mode": "managed",
      "type": "aws_route53_record",
      "name": "certRecord",
      "provider": "provider[\"registry.terraform.io/hashicorp/aws\"]",
      "instances": [
        {
          "index_key": "gregchow.net",
          "schema_version": 2,
          "attributes": {
            "alias": [],
            "allow_overwrite": true,
            "cidr_routing_policy": [],
            "failover_routing_policy": [],
            "fqdn": "_89ab7e4febe48cdeeff02784a7a066fa.gregchow.net",
            "geolocation_routing_policy": [],
            "health_check_id": "",
            "id": "Z0378694456QXBRLUZ6P__89ab7e4febe48cdeeff02784a7a066fa.gregchow.net._CNAME",
            "latency_routing_policy": [],
            "multivalue_answer_routing_policy": false,
            "name": "_89ab7e4febe48cdeeff02784a7a066fa.gregchow.net",
            "records": [
              "_4777f07a6a6f7ce0d6f040c9dc942330.xpybkgmvdt.acm-validations.aws."
            ],
            "set_identifier": "",
            "ttl": 60,
            "type": "CNAME",
            "weighted_routing_policy": [],
            "zone_id": "Z0378694456QXBRLUZ6P"
          },
          "sensitive_attributes": [],
          "private": "eyJzY2hlbWFfdmVyc2lvbiI6IjIifQ==",
          "dependencies": [
            "aws_acm_certificate.cert",
            "aws_route53_zone.hostedZone"
          ]
        },
        {
          "index_key": "www.gregchow.net",
          "schema_version": 2,
          "attributes": {
            "alias": [],
            "allow_overwrite": true,
            "cidr_routing_policy": [],
            "failover_routing_policy": [],
            "fqdn": "_c8a5135f6a683dcde799badecd829642.www.gregchow.net",
            "geolocation_routing_policy": [],
            "health_check_id": "",
            "id": "Z0378694456QXBRLUZ6P__c8a5135f6a683dcde799badecd829642.www.gregchow.net._CNAME",
            "latency_routing_policy": [],
            "multivalue_answer_routing_policy": false,
            "name": "_c8a5135f6a683dcde799badecd829642.www.gregchow.net",
            "records": [
              "_0a7563616acdccba881a622de345b385.mhbtsbpdnt.acm-validations.aws."
            ],
            "set_identifier": "",
            "ttl": 60,
            "type": "CNAME",
            "weighted_routing_policy": [],
            "zone_id": "Z0378694456QXBRLUZ6P"
          },
          "sensitive_attributes": [],
          "private": "eyJzY2hlbWFfdmVyc2lvbiI6IjIifQ==",
          "dependencies": [
            "aws_acm_certificate.cert",
            "aws_route53_zone.hostedZone"
          ]
        }
      ]
    },
    {
      "mode": "managed",
      "type": "aws_route53_record",
      "name": "record",
      "provider": "provider[\"registry.terraform.io/hashicorp/aws\"]",
      "instances": [
        {
          "schema_version": 2,
          "attributes": {
            "alias": [
              {
                "evaluate_target_health": true,
                "name": "d3w2ui79954fn5.cloudfront.net",
                "zone_id": "Z2FDTNDATAQYW2"
              }
            ],
            "allow_overwrite": null,
            "cidr_routing_policy": [],
            "failover_routing_policy": [],
            "fqdn": "www.gregchow.net",
            "geolocation_routing_policy": [],
            "health_check_id": "",
            "id": "Z0378694456QXBRLUZ6P_www.gregchow.net_A",
            "latency_routing_policy": [],
            "multivalue_answer_routing_policy": false,
            "name": "www.gregchow.net",
            "records": [],
            "set_identifier": "",
            "ttl": 0,
            "type": "A",
            "weighted_routing_policy": [],
            "zone_id": "Z0378694456QXBRLUZ6P"
          },
          "sensitive_attributes": [],
          "private": "eyJzY2hlbWFfdmVyc2lvbiI6IjIifQ==",
          "dependencies": [
            "aws_acm_certificate.cert",
            "aws_acm_certificate_validation.certValidation",
            "aws_cloudfront_distribution.distribution",
            "aws_route53_record.certRecord",
            "aws_route53_zone.hostedZone",
            "aws_s3_bucket.terraformBucket",
            "aws_s3_bucket_website_configuration.terraformWebsite"
          ]
        }
      ]
    },
    {
      "mode": "managed",
      "type": "aws_route53_record",
      "name": "record6",
      "provider": "provider[\"registry.terraform.io/hashicorp/aws\"]",
      "instances": [
        {
          "schema_version": 2,
          "attributes": {
            "alias": [
              {
                "evaluate_target_health": true,
                "name": "d3w2ui79954fn5.cloudfront.net",
                "zone_id": "Z2FDTNDATAQYW2"
              }
            ],
            "allow_overwrite": null,
            "cidr_routing_policy": [],
            "failover_routing_policy": [],
            "fqdn": "www.gregchow.net",
            "geolocation_routing_policy": [],
            "health_check_id": "",
            "id": "Z0378694456QXBRLUZ6P_www.gregchow.net_AAAA",
            "latency_routing_policy": [],
            "multivalue_answer_routing_policy": false,
            "name": "www.gregchow.net",
            "records": [],
            "set_identifier": "",
            "ttl": 0,
            "type": "AAAA",
            "weighted_routing_policy": [],
            "zone_id": "Z0378694456QXBRLUZ6P"
          },
          "sensitive_attributes": [],
          "private": "eyJzY2hlbWFfdmVyc2lvbiI6IjIifQ==",
          "dependencies": [
            "aws_acm_certificate.cert",
            "aws_acm_certificate_validation.certValidation",
            "aws_cloudfront_distribution.distribution",
            "aws_route53_record.certRecord",
            "aws_route53_zone.hostedZone",
            "aws_s3_bucket.terraformBucket",
            "aws_s3_bucket_website_configuration.terraformWebsite"
          ]
        }
      ]
    },
    {
      "mode": "managed",
      "type": "aws_route53_record",
      "name": "rootRecord",
      "provider": "provider[\"registry.terraform.io/hashicorp/aws\"]",
      "instances": [
        {
          "schema_version": 2,
          "attributes": {
            "alias": [
              {
                "evaluate_target_health": true,
                "name": "d1wnpf2z31ht8v.cloudfront.net",
                "zone_id": "Z2FDTNDATAQYW2"
              }
            ],
            "allow_overwrite": null,
            "cidr_routing_policy": [],
            "failover_routing_policy": [],
            "fqdn": "gregchow.net",
            "geolocation_routing_policy": [],
            "health_check_id": "",
            "id": "Z0378694456QXBRLUZ6P_gregchow.net_A",
            "latency_routing_policy": [],
            "multivalue_answer_routing_policy": false,
            "name": "gregchow.net",
            "records": [],
            "set_identifier": "",
            "ttl": 0,
            "type": "A",
            "weighted_routing_policy": [],
            "zone_id": "Z0378694456QXBRLUZ6P"
          },
          "sensitive_attributes": [],
          "private": "eyJzY2hlbWFfdmVyc2lvbiI6IjIifQ==",
          "dependencies": [
            "aws_cloudfront_distribution.rootDistribution",
            "aws_route53_zone.hostedZone",
            "aws_s3_bucket.rootBucket",
            "aws_s3_bucket.terraformBucket",
            "aws_s3_bucket_website_configuration.rootWebsite",
            "aws_s3_bucket_website_configuration.terraformWebsite"
          ]
        }
      ]
    },
    {
      "mode": "managed",
      "type": "aws_route53_record",
      "name": "rootRecord6",
      "provider": "provider[\"registry.terraform.io/hashicorp/aws\"]",
      "instances": [
        {
          "schema_version": 2,
          "attributes": {
            "alias": [
              {
                "evaluate_target_health": true,
                "name": "d1wnpf2z31ht8v.cloudfront.net",
                "zone_id": "Z2FDTNDATAQYW2"
              }
            ],
            "allow_overwrite": null,
            "cidr_routing_policy": [],
            "failover_routing_policy": [],
            "fqdn": "gregchow.net",
            "geolocation_routing_policy": [],
            "health_check_id": "",
            "id": "Z0378694456QXBRLUZ6P_gregchow.net_AAAA",
            "latency_routing_policy": [],
            "multivalue_answer_routing_policy": false,
            "name": "gregchow.net",
            "records": [],
            "set_identifier": "",
            "ttl": 0,
            "type": "AAAA",
            "weighted_routing_policy": [],
            "zone_id": "Z0378694456QXBRLUZ6P"
          },
          "sensitive_attributes": [],
          "private": "eyJzY2hlbWFfdmVyc2lvbiI6IjIifQ==",
          "dependencies": [
            "aws_cloudfront_distribution.rootDistribution",
            "aws_route53_zone.hostedZone",
            "aws_s3_bucket.rootBucket",
            "aws_s3_bucket.terraformBucket",
            "aws_s3_bucket_website_configuration.rootWebsite",
            "aws_s3_bucket_website_configuration.terraformWebsite"
          ]
        }
      ]
    },
    {
      "mode": "managed",
      "type": "aws_route53_zone",
      "name": "hostedZone",
      "provider": "provider[\"registry.terraform.io/hashicorp/aws\"]",
      "instances": [
        {
          "schema_version": 0,
          "attributes": {
            "arn": "arn:aws:route53:::hostedzone/Z0378694456QXBRLUZ6P",
            "comment": "Managed by Terraform",
            "delegation_set_id": "",
            "force_destroy": false,
            "id": "Z0378694456QXBRLUZ6P",
            "name": "gregchow.net",
            "name_servers": [
              "ns-1051.awsdns-03.org",
              "ns-1545.awsdns-01.co.uk",
              "ns-190.awsdns-23.com",
              "ns-859.awsdns-43.net"
            ],
            "primary_name_server": "ns-1051.awsdns-03.org",
            "tags": {},
            "tags_all": {},
            "vpc": [],
            "zone_id": "Z0378694456QXBRLUZ6P"
          },
          "sensitive_attributes": [],
          "private": "bnVsbA=="
        }
      ]
    },
    {
      "mode": "managed",
      "type": "aws_route53domains_registered_domain",
      "name": "domain",
      "provider": "provider[\"registry.terraform.io/hashicorp/aws\"]",
      "instances": [
        {
          "schema_version": 0,
          "attributes": {
            "abuse_contact_email": "abuse@registrar.amazon.com",
            "abuse_contact_phone": "+1.2062661000",
            "admin_contact": [
              {
                "address_line_1": "355 N. wolfe rd #221",
                "address_line_2": "",
                "city": "Sunnyvale",
                "contact_type": "PERSON",
                "country_code": "US",
                "email": "greg.choww@gmail.com",
                "extra_params": {},
                "fax": "",
                "first_name": "gregory",
                "last_name": "chow",
                "organization_name": "",
                "phone_number": "+1.4083132598",
                "state": "CA",
                "zip_code": "94085"
              }
            ],
            "admin_privacy": true,
            "auto_renew": true,
            "creation_date": "2023-10-31T22:39:26Z",
            "domain_name": "gregchow.net",
            "expiration_date": "2024-10-31T22:39:26Z",
            "id": "gregchow.net",
            "name_server": [
              {
                "glue_ips": [],
                "name": "ns-1051.awsdns-03.org"
              },
              {
                "glue_ips": [],
                "name": "ns-1545.awsdns-01.co.uk"
              },
              {
                "glue_ips": [],
                "name": "ns-190.awsdns-23.com"
              },
              {
                "glue_ips": [],
                "name": "ns-859.awsdns-43.net"
              }
            ],
            "registrant_contact": [
              {
                "address_line_1": "355 N. wolfe rd #221",
                "address_line_2": "",
                "city": "Sunnyvale",
                "contact_type": "PERSON",
                "country_code": "US",
                "email": "greg.choww@gmail.com",
                "extra_params": {},
                "fax": "",
                "first_name": "gregory",
                "last_name": "chow",
                "organization_name": "",
                "phone_number": "+1.4083132598",
                "state": "CA",
                "zip_code": "94085"
              }
            ],
            "registrant_privacy": true,
            "registrar_name": "Amazon Registrar, Inc.",
            "registrar_url": "http://registrar.amazon.com",
            "reseller": "",
            "status_list": [
              "clientDeleteProhibited",
              "clientTransferProhibited",
              "clientUpdateProhibited"
            ],
            "tags": {
              "Environment": "gregchow.net"
            },
            "tags_all": {
              "Environment": "gregchow.net"
            },
            "tech_contact": [
              {
                "address_line_1": "355 N. wolfe rd #221",
                "address_line_2": "",
                "city": "Sunnyvale",
                "contact_type": "PERSON",
                "country_code": "US",
                "email": "greg.choww@gmail.com",
                "extra_params": {},
                "fax": "",
                "first_name": "gregory",
                "last_name": "chow",
                "organization_name": "",
                "phone_number": "+1.4083132598",
                "state": "CA",
                "zip_code": "94085"
              }
            ],
            "tech_privacy": true,
            "timeouts": null,
            "transfer_lock": true,
            "updated_date": "2023-11-13T19:45:36Z",
            "whois_server": "whois.registrar.amazon.com"
          },
          "sensitive_attributes": [],
          "private": "eyJlMmJmYjczMC1lY2FhLTExZTYtOGY4OC0zNDM2M2JjN2M0YzAiOnsiY3JlYXRlIjoxODAwMDAwMDAwMDAwLCJ1cGRhdGUiOjE4MDAwMDAwMDAwMDB9fQ==",
          "dependencies": [
            "aws_route53_zone.hostedZone"
          ]
        }
      ]
    },
    {
      "mode": "managed",
      "type": "aws_s3_bucket",
      "name": "rootBucket",
      "provider": "provider[\"registry.terraform.io/hashicorp/aws\"]",
      "instances": [
        {
          "schema_version": 0,
          "attributes": {
            "acceleration_status": "",
            "acl": null,
            "arn": "arn:aws:s3:::gregchow.net",
            "bucket": "gregchow.net",
            "bucket_domain_name": "gregchow.net.s3.amazonaws.com",
            "bucket_prefix": "",
            "bucket_regional_domain_name": "gregchow.net.s3.us-east-1.amazonaws.com",
            "cors_rule": [],
            "force_destroy": false,
            "grant": [
              {
                "id": "121168f4ff347aef64b91a949bda42fe48a4e8a2af6b79b0c1c032cc5e1701a1",
                "permissions": [
                  "FULL_CONTROL"
                ],
                "type": "CanonicalUser",
                "uri": ""
              }
            ],
            "hosted_zone_id": "Z3AQBSTGFYJSTF",
            "id": "gregchow.net",
            "lifecycle_rule": [],
            "logging": [],
            "object_lock_configuration": [],
            "object_lock_enabled": false,
            "policy": "",
            "region": "us-east-1",
            "replication_configuration": [],
            "request_payer": "BucketOwner",
            "server_side_encryption_configuration": [
              {
                "rule": [
                  {
                    "apply_server_side_encryption_by_default": [
                      {
                        "kms_master_key_id": "",
                        "sse_algorithm": "AES256"
                      }
                    ],
                    "bucket_key_enabled": false
                  }
                ]
              }
            ],
            "tags": {
              "Environment": "Prod",
              "Name": "terraformBucket"
            },
            "tags_all": {
              "Environment": "Prod",
              "Name": "terraformBucket"
            },
            "timeouts": null,
            "versioning": [
              {
                "enabled": false,
                "mfa_delete": false
              }
            ],
            "website": [
              {
                "error_document": "",
                "index_document": "",
                "redirect_all_requests_to": "www.gregchow.net.s3-website-us-east-1.amazonaws.com",
                "routing_rules": ""
              }
            ],
            "website_domain": "s3-website-us-east-1.amazonaws.com",
            "website_endpoint": "gregchow.net.s3-website-us-east-1.amazonaws.com"
          },
          "sensitive_attributes": [],
          "private": "eyJlMmJmYjczMC1lY2FhLTExZTYtOGY4OC0zNDM2M2JjN2M0YzAiOnsiY3JlYXRlIjoxMjAwMDAwMDAwMDAwLCJkZWxldGUiOjM2MDAwMDAwMDAwMDAsInJlYWQiOjEyMDAwMDAwMDAwMDAsInVwZGF0ZSI6MTIwMDAwMDAwMDAwMH19"
        }
      ]
    },
    {
      "mode": "managed",
      "type": "aws_s3_bucket",
      "name": "terraformBucket",
      "provider": "provider[\"registry.terraform.io/hashicorp/aws\"]",
      "instances": [
        {
          "schema_version": 0,
          "attributes": {
            "acceleration_status": "",
            "acl": null,
            "arn": "arn:aws:s3:::www.gregchow.net",
            "bucket": "www.gregchow.net",
            "bucket_domain_name": "www.gregchow.net.s3.amazonaws.com",
            "bucket_prefix": "",
            "bucket_regional_domain_name": "www.gregchow.net.s3.us-east-1.amazonaws.com",
            "cors_rule": [
              {
                "allowed_headers": [],
                "allowed_methods": [
                  "GET"
                ],
                "allowed_origins": [
                  "*"
                ],
                "expose_headers": [],
                "max_age_seconds": 0
              }
            ],
            "force_destroy": false,
            "grant": [
              {
                "id": "121168f4ff347aef64b91a949bda42fe48a4e8a2af6b79b0c1c032cc5e1701a1",
                "permissions": [
                  "FULL_CONTROL"
                ],
                "type": "CanonicalUser",
                "uri": ""
              }
            ],
            "hosted_zone_id": "Z3AQBSTGFYJSTF",
            "id": "www.gregchow.net",
            "lifecycle_rule": [],
            "logging": [],
            "object_lock_configuration": [],
            "object_lock_enabled": false,
            "policy": "{\"Statement\":[{\"Action\":\"s3:GetObject\",\"Effect\":\"Allow\",\"Principal\":\"*\",\"Resource\":\"arn:aws:s3:::www.gregchow.net/*\",\"Sid\":\"PublicReadGetObject\"}],\"Version\":\"2012-10-17\"}",
            "region": "us-east-1",
            "replication_configuration": [],
            "request_payer": "BucketOwner",
            "server_side_encryption_configuration": [
              {
                "rule": [
                  {
                    "apply_server_side_encryption_by_default": [
                      {
                        "kms_master_key_id": "",
                        "sse_algorithm": "AES256"
                      }
                    ],
                    "bucket_key_enabled": false
                  }
                ]
              }
            ],
            "tags": {
              "Environment": "Prod",
              "Name": "terraformBucket"
            },
            "tags_all": {
              "Environment": "Prod",
              "Name": "terraformBucket"
            },
            "timeouts": null,
            "versioning": [
              {
                "enabled": false,
                "mfa_delete": false
              }
            ],
            "website": [
              {
                "error_document": "",
                "index_document": "home.html",
                "redirect_all_requests_to": "",
                "routing_rules": ""
              }
            ],
            "website_domain": "s3-website-us-east-1.amazonaws.com",
            "website_endpoint": "www.gregchow.net.s3-website-us-east-1.amazonaws.com"
          },
          "sensitive_attributes": [],
          "private": "eyJlMmJmYjczMC1lY2FhLTExZTYtOGY4OC0zNDM2M2JjN2M0YzAiOnsiY3JlYXRlIjoxMjAwMDAwMDAwMDAwLCJkZWxldGUiOjM2MDAwMDAwMDAwMDAsInJlYWQiOjEyMDAwMDAwMDAwMDAsInVwZGF0ZSI6MTIwMDAwMDAwMDAwMH19"
        }
      ]
    },
    {
      "mode": "managed",
      "type": "aws_s3_bucket_cors_configuration",
      "name": "myCorsConfig",
      "provider": "provider[\"registry.terraform.io/hashicorp/aws\"]",
      "instances": [
        {
          "schema_version": 0,
          "attributes": {
            "bucket": "www.gregchow.net",
            "cors_rule": [
              {
                "allowed_headers": [],
                "allowed_methods": [
                  "GET"
                ],
                "allowed_origins": [
                  "*"
                ],
                "expose_headers": [],
                "id": "",
                "max_age_seconds": 0
              }
            ],
            "expected_bucket_owner": "",
            "id": "www.gregchow.net"
          },
          "sensitive_attributes": [],
          "private": "bnVsbA==",
          "dependencies": [
            "aws_s3_bucket.terraformBucket"
          ]
        }
      ]
    },
    {
      "mode": "managed",
      "type": "aws_s3_bucket_ownership_controls",
      "name": "ownership",
      "provider": "provider[\"registry.terraform.io/hashicorp/aws\"]",
      "instances": [
        {
          "schema_version": 0,
          "attributes": {
            "bucket": "www.gregchow.net",
            "id": "www.gregchow.net",
            "rule": [
              {
                "object_ownership": "BucketOwnerPreferred"
              }
            ]
          },
          "sensitive_attributes": [],
          "private": "bnVsbA==",
          "dependencies": [
            "aws_s3_bucket.terraformBucket"
          ]
        }
      ]
    },
    {
      "mode": "managed",
      "type": "aws_s3_bucket_policy",
      "name": "bucket_policy",
      "provider": "provider[\"registry.terraform.io/hashicorp/aws\"]",
      "instances": [
        {
          "schema_version": 0,
          "attributes": {
            "bucket": "www.gregchow.net",
            "id": "www.gregchow.net",
            "policy": "{\"Statement\":[{\"Action\":\"s3:GetObject\",\"Effect\":\"Allow\",\"Principal\":\"*\",\"Resource\":\"arn:aws:s3:::www.gregchow.net/*\",\"Sid\":\"PublicReadGetObject\"}],\"Version\":\"2012-10-17\"}"
          },
          "sensitive_attributes": [],
          "private": "bnVsbA==",
          "dependencies": [
            "aws_s3_bucket.terraformBucket"
          ]
        }
      ]
    },
    {
      "mode": "managed",
      "type": "aws_s3_bucket_public_access_block",
      "name": "pb",
      "provider": "provider[\"registry.terraform.io/hashicorp/aws\"]",
      "instances": [
        {
          "schema_version": 0,
          "attributes": {
            "block_public_acls": false,
            "block_public_policy": false,
            "bucket": "www.gregchow.net",
            "id": "www.gregchow.net",
            "ignore_public_acls": false,
            "restrict_public_buckets": false
          },
          "sensitive_attributes": [],
          "private": "bnVsbA==",
          "dependencies": [
            "aws_s3_bucket.terraformBucket"
          ]
        }
      ]
    },
    {
      "mode": "managed",
      "type": "aws_s3_bucket_website_configuration",
      "name": "rootWebsite",
      "provider": "provider[\"registry.terraform.io/hashicorp/aws\"]",
      "instances": [
        {
          "schema_version": 0,
          "attributes": {
            "bucket": "gregchow.net",
            "error_document": [],
            "expected_bucket_owner": "",
            "id": "gregchow.net",
            "index_document": [],
            "redirect_all_requests_to": [
              {
                "host_name": "www.gregchow.net.s3-website-us-east-1.amazonaws.com",
                "protocol": ""
              }
            ],
            "routing_rule": [],
            "routing_rules": "",
            "website_domain": "s3-website-us-east-1.amazonaws.com",
            "website_endpoint": "gregchow.net.s3-website-us-east-1.amazonaws.com"
          },
          "sensitive_attributes": [],
          "private": "bnVsbA==",
          "dependencies": [
            "aws_s3_bucket.rootBucket",
            "aws_s3_bucket.terraformBucket",
            "aws_s3_bucket_website_configuration.terraformWebsite"
          ]
        }
      ]
    },
    {
      "mode": "managed",
      "type": "aws_s3_bucket_website_configuration",
      "name": "terraformWebsite",
      "provider": "provider[\"registry.terraform.io/hashicorp/aws\"]",
      "instances": [
        {
          "schema_version": 0,
          "attributes": {
            "bucket": "www.gregchow.net",
            "error_document": [],
            "expected_bucket_owner": "",
            "id": "www.gregchow.net",
            "index_document": [
              {
                "suffix": "home.html"
              }
            ],
            "redirect_all_requests_to": [],
            "routing_rule": [],
            "routing_rules": "",
            "website_domain": "s3-website-us-east-1.amazonaws.com",
            "website_endpoint": "www.gregchow.net.s3-website-us-east-1.amazonaws.com"
          },
          "sensitive_attributes": [],
          "private": "bnVsbA==",
          "dependencies": [
            "aws_s3_bucket.terraformBucket"
          ]
        }
      ]
    },
    {
      "mode": "managed",
      "type": "aws_s3_object",
      "name": "css",
      "provider": "provider[\"registry.terraform.io/hashicorp/aws\"]",
      "instances": [
        {
          "schema_version": 0,
          "attributes": {
            "acl": null,
            "bucket": "www.gregchow.net",
            "bucket_key_enabled": false,
            "cache_control": "",
            "checksum_algorithm": null,
            "checksum_crc32": "",
            "checksum_crc32c": "",
            "checksum_sha1": "",
            "checksum_sha256": "",
            "content": null,
            "content_base64": null,
            "content_disposition": "",
            "content_encoding": "",
            "content_language": "",
            "content_type": "text/css",
            "etag": "c11343759a8586688278d63327bf2f3f",
            "force_destroy": false,
            "id": "home.css",
            "key": "home.css",
            "kms_key_id": null,
            "metadata": {},
            "object_lock_legal_hold_status": "",
            "object_lock_mode": "",
            "object_lock_retain_until_date": "",
            "override_provider": [],
            "server_side_encryption": "AES256",
            "source": "../website/home.css",
            "source_hash": null,
            "storage_class": "STANDARD",
            "tags": {},
            "tags_all": {},
            "version_id": "",
            "website_redirect": ""
          },
          "sensitive_attributes": [],
          "private": "bnVsbA==",
          "dependencies": [
            "aws_s3_bucket.terraformBucket"
          ]
        }
      ]
    },
    {
      "mode": "managed",
      "type": "aws_s3_object",
      "name": "cssRrror",
      "provider": "provider[\"registry.terraform.io/hashicorp/aws\"]",
      "instances": [
        {
          "index_key": "404.css",
          "schema_version": 0,
          "attributes": {
            "acl": null,
            "bucket": "www.gregchow.net",
            "bucket_key_enabled": false,
            "cache_control": "",
            "checksum_algorithm": null,
            "checksum_crc32": "",
            "checksum_crc32c": "",
            "checksum_sha1": "",
            "checksum_sha256": "",
            "content": null,
            "content_base64": null,
            "content_disposition": "",
            "content_encoding": "",
            "content_language": "",
            "content_type": "text/css",
            "etag": "cbe3be07a8ff94a1d4d40365df8ac44e",
            "force_destroy": false,
            "id": "404.css",
            "key": "404.css",
            "kms_key_id": null,
            "metadata": {},
            "object_lock_legal_hold_status": "",
            "object_lock_mode": "",
            "object_lock_retain_until_date": "",
            "override_provider": [],
            "server_side_encryption": "AES256",
            "source": "errors/404.css",
            "source_hash": null,
            "storage_class": "STANDARD",
            "tags": {},
            "tags_all": {},
            "version_id": "",
            "website_redirect": ""
          },
          "sensitive_attributes": [],
          "private": "bnVsbA==",
          "dependencies": [
            "aws_s3_bucket.terraformBucket"
          ]
        }
      ]
    },
    {
      "mode": "managed",
      "type": "aws_s3_object",
      "name": "html",
      "provider": "provider[\"registry.terraform.io/hashicorp/aws\"]",
      "instances": [
        {
          "schema_version": 0,
          "attributes": {
            "acl": null,
            "bucket": "www.gregchow.net",
            "bucket_key_enabled": false,
            "cache_control": "",
            "checksum_algorithm": null,
            "checksum_crc32": "",
            "checksum_crc32c": "",
            "checksum_sha1": "",
            "checksum_sha256": "",
            "content": null,
            "content_base64": null,
            "content_disposition": "",
            "content_encoding": "",
            "content_language": "",
            "content_type": "text/html",
            "etag": "c458bf141cd4fb8041bce3c5b65e36a4",
            "force_destroy": false,
            "id": "home.html",
            "key": "home.html",
            "kms_key_id": null,
            "metadata": {},
            "object_lock_legal_hold_status": "",
            "object_lock_mode": "",
            "object_lock_retain_until_date": "",
            "override_provider": [],
            "server_side_encryption": "AES256",
            "source": "../website/home.html",
            "source_hash": null,
            "storage_class": "STANDARD",
            "tags": {},
            "tags_all": {},
            "version_id": "",
            "website_redirect": ""
          },
          "sensitive_attributes": [],
          "private": "bnVsbA==",
          "dependencies": [
            "aws_s3_bucket.terraformBucket"
          ]
        }
      ]
    },
    {
      "mode": "managed",
      "type": "aws_s3_object",
      "name": "htmlError",
      "provider": "provider[\"registry.terraform.io/hashicorp/aws\"]",
      "instances": [
        {
          "index_key": "404.html",
          "schema_version": 0,
          "attributes": {
            "acl": null,
            "bucket": "www.gregchow.net",
            "bucket_key_enabled": false,
            "cache_control": "",
            "checksum_algorithm": null,
            "checksum_crc32": "",
            "checksum_crc32c": "",
            "checksum_sha1": "",
            "checksum_sha256": "",
            "content": null,
            "content_base64": null,
            "content_disposition": "",
            "content_encoding": "",
            "content_language": "",
            "content_type": "text/html",
            "etag": "ed0d619ca8683a6ea81c3c5ac362da0f",
            "force_destroy": false,
            "id": "404.html",
            "key": "404.html",
            "kms_key_id": null,
            "metadata": {},
            "object_lock_legal_hold_status": "",
            "object_lock_mode": "",
            "object_lock_retain_until_date": "",
            "override_provider": [],
            "server_side_encryption": "AES256",
            "source": "errors/404.html",
            "source_hash": null,
            "storage_class": "STANDARD",
            "tags": {},
            "tags_all": {},
            "version_id": "",
            "website_redirect": ""
          },
          "sensitive_attributes": [],
          "private": "bnVsbA==",
          "dependencies": [
            "aws_s3_bucket.terraformBucket"
          ]
        }
      ]
    },
    {
      "mode": "managed",
      "type": "aws_s3_object",
      "name": "javascriptError",
      "provider": "provider[\"registry.terraform.io/hashicorp/aws\"]",
      "instances": [
        {
          "index_key": "404.js",
          "schema_version": 0,
          "attributes": {
            "acl": null,
            "bucket": "www.gregchow.net",
            "bucket_key_enabled": false,
            "cache_control": "",
            "checksum_algorithm": null,
            "checksum_crc32": "",
            "checksum_crc32c": "",
            "checksum_sha1": "",
            "checksum_sha256": "",
            "content": null,
            "content_base64": null,
            "content_disposition": "",
            "content_encoding": "",
            "content_language": "",
            "content_type": "text/javascript",
            "etag": "afbdc6cadff663f5e40c3b43e9113b2c",
            "force_destroy": false,
            "id": "404.js",
            "key": "404.js",
            "kms_key_id": null,
            "metadata": {},
            "object_lock_legal_hold_status": "",
            "object_lock_mode": "",
            "object_lock_retain_until_date": "",
            "override_provider": [],
            "server_side_encryption": "AES256",
            "source": "errors/404.js",
            "source_hash": null,
            "storage_class": "STANDARD",
            "tags": {},
            "tags_all": {},
            "version_id": "",
            "website_redirect": ""
          },
          "sensitive_attributes": [],
          "private": "bnVsbA==",
          "dependencies": [
            "aws_s3_bucket.terraformBucket"
          ]
        }
      ]
    },
    {
      "mode": "managed",
      "type": "aws_s3_object",
      "name": "js",
      "provider": "provider[\"registry.terraform.io/hashicorp/aws\"]",
      "instances": [
        {
          "schema_version": 0,
          "attributes": {
            "acl": null,
            "bucket": "www.gregchow.net",
            "bucket_key_enabled": false,
            "cache_control": "",
            "checksum_algorithm": null,
            "checksum_crc32": "",
            "checksum_crc32c": "",
            "checksum_sha1": "",
            "checksum_sha256": "",
            "content": null,
            "content_base64": null,
            "content_disposition": "",
            "content_encoding": "",
            "content_language": "",
            "content_type": "text/javascript",
            "etag": "028526eefb856fabf61be862af42a443",
            "force_destroy": false,
            "id": "home.js",
            "key": "home.js",
            "kms_key_id": null,
            "metadata": {},
            "object_lock_legal_hold_status": "",
            "object_lock_mode": "",
            "object_lock_retain_until_date": "",
            "override_provider": [],
            "server_side_encryption": "AES256",
            "source": "../website/home.js",
            "source_hash": null,
            "storage_class": "STANDARD",
            "tags": {},
            "tags_all": {},
            "version_id": "",
            "website_redirect": ""
          },
          "sensitive_attributes": [],
          "private": "bnVsbA==",
          "dependencies": [
            "aws_s3_bucket.terraformBucket"
          ]
        }
      ]
    },
    {
      "mode": "managed",
      "type": "aws_s3_object",
      "name": "svg",
      "provider": "provider[\"registry.terraform.io/hashicorp/aws\"]",
      "instances": [
        {
          "index_key": "CloudDiagram.svg",
          "schema_version": 0,
          "attributes": {
            "acl": null,
            "bucket": "www.gregchow.net",
            "bucket_key_enabled": false,
            "cache_control": "",
            "checksum_algorithm": null,
            "checksum_crc32": "",
            "checksum_crc32c": "",
            "checksum_sha1": "",
            "checksum_sha256": "",
            "content": null,
            "content_base64": null,
            "content_disposition": "",
            "content_encoding": "",
            "content_language": "",
            "content_type": "image/svg+xml",
            "etag": "dfc6c7c1ce3678a1679ece816a73c262",
            "force_destroy": false,
            "id": "CloudDiagram.svg",
            "key": "CloudDiagram.svg",
            "kms_key_id": null,
            "metadata": {},
            "object_lock_legal_hold_status": "",
            "object_lock_mode": "",
            "object_lock_retain_until_date": "",
            "override_provider": [],
            "server_side_encryption": "AES256",
            "source": "website/CloudDiagram.svg",
            "source_hash": null,
            "storage_class": "STANDARD",
            "tags": {},
            "tags_all": {},
            "version_id": "",
            "website_redirect": ""
          },
          "sensitive_attributes": [],
          "private": "bnVsbA==",
          "dependencies": [
            "aws_s3_bucket.terraformBucket"
          ]
        },
        {
          "index_key": "proxmox.svg",
          "schema_version": 0,
          "attributes": {
            "acl": null,
            "bucket": "www.gregchow.net",
            "bucket_key_enabled": false,
            "cache_control": "",
            "checksum_algorithm": null,
            "checksum_crc32": "",
            "checksum_crc32c": "",
            "checksum_sha1": "",
            "checksum_sha256": "",
            "content": null,
            "content_base64": null,
            "content_disposition": "",
            "content_encoding": "",
            "content_language": "",
            "content_type": "image/svg+xml",
            "etag": "8fc97bf3e16b18eca1a7acc791520cc9",
            "force_destroy": false,
            "id": "proxmox.svg",
            "key": "proxmox.svg",
            "kms_key_id": null,
            "metadata": {},
            "object_lock_legal_hold_status": "",
            "object_lock_mode": "",
            "object_lock_retain_until_date": "",
            "override_provider": [],
            "server_side_encryption": "AES256",
            "source": "website/proxmox.svg",
            "source_hash": null,
            "storage_class": "STANDARD",
            "tags": {},
            "tags_all": {},
            "version_id": "",
            "website_redirect": ""
          },
          "sensitive_attributes": [],
          "private": "bnVsbA==",
          "dependencies": [
            "aws_s3_bucket.terraformBucket"
          ]
        },
        {
          "index_key": "testChart.svg",
          "schema_version": 0,
          "attributes": {
            "acl": null,
            "bucket": "www.gregchow.net",
            "bucket_key_enabled": false,
            "cache_control": "",
            "checksum_algorithm": null,
            "checksum_crc32": "",
            "checksum_crc32c": "",
            "checksum_sha1": "",
            "checksum_sha256": "",
            "content": null,
            "content_base64": null,
            "content_disposition": "",
            "content_encoding": "",
            "content_language": "",
            "content_type": "image/svg+xml",
            "etag": "5437b2e18afff49113656f17b221a267",
            "force_destroy": false,
            "id": "testChart.svg",
            "key": "testChart.svg",
            "kms_key_id": null,
            "metadata": {},
            "object_lock_legal_hold_status": "",
            "object_lock_mode": "",
            "object_lock_retain_until_date": "",
            "override_provider": [],
            "server_side_encryption": "AES256",
            "source": "website/testChart.svg",
            "source_hash": null,
            "storage_class": "STANDARD",
            "tags": {},
            "tags_all": {},
            "version_id": "",
            "website_redirect": ""
          },
          "sensitive_attributes": [],
          "private": "bnVsbA==",
          "dependencies": [
            "aws_s3_bucket.terraformBucket"
          ]
        }
      ]
    }
  ],
  "check_results": null
}
