{
  "version": 4,
  "terraform_version": "1.6.3",
  "serial": 1942,
  "lineage": "f378fe74-d03b-1cbe-a6b0-a91b7fca3b69",
  "outputs": {
    "iam": {
      "value": "arn:aws:execute-api:us-east-1:661250114429:b96tmqfgoi/*/ANY/{proxy+}",
      "type": "string"
    },
    "iamTime": {
      "value": "arn:aws:execute-api:us-east-1:661250114429:u2qassxreh/*/ANY/{proxy+}",
      "type": "string"
    },
    "s3_url": {
      "value": "www.gregchow.net.s3-website-us-east-1.amazonaws.com",
      "type": "string"
    },
    "status_API_Gateway": {
      "value": "https://b96tmqfgoi.execute-api.us-east-1.amazonaws.com/statusStage",
      "type": "string"
    },
    "validation": {
      "value": [
        "www.gregchow.net"
      ],
      "type": [
        "tuple",
        [
          "string"
        ]
      ]
    },
    "website_url": {
      "value": "d1q8c7ap1xmwsi.cloudfront.net",
      "type": "string"
    }
  },
  "resources": [
    {
      "mode": "data",
      "type": "archive_file",
      "name": "cachePackage",
      "provider": "provider[\"registry.terraform.io/hashicorp/archive\"]",
      "instances": [
        {
          "schema_version": 0,
          "attributes": {
            "exclude_symlink_directories": null,
            "excludes": null,
            "id": "8816e0c9fb0a9e82cc1d549e64a2a29d5007544b",
            "output_base64sha256": "o0aG0GnKgyTdwpZD+z+8qjwACedG21mhJYXjZGTgqqM=",
            "output_base64sha512": "vy7e5/2w4xaTpfBa05o89nEuafF7zg+bCb/s+H5bBFy41GR4eezndw2XmVsYy+pLOlaNrkzqzYDvqLLYWkkAlA==",
            "output_file_mode": null,
            "output_md5": "194cb2a62466e5cc78b734a180c537d6",
            "output_path": "clearCache.zip",
            "output_sha": "8816e0c9fb0a9e82cc1d549e64a2a29d5007544b",
            "output_sha256": "a34686d069ca8324ddc29643fb3fbcaa3c0009e746db59a12585e36464e0aaa3",
            "output_sha512": "bf2edee7fdb0e31693a5f05ad39a3cf6712e69f17bce0f9b09bfecf87e5b045cb8d4647879ece7770d97995b18cbea4b3a568dae4ceacd80efa8b2d85a490094",
            "output_size": 667,
            "source": [],
            "source_content": null,
            "source_content_filename": null,
            "source_dir": null,
            "source_file": "./src/lambdaFunctions/clearCache.py",
            "type": "zip"
          },
          "sensitive_attributes": []
        }
      ]
    },
    {
      "mode": "data",
      "type": "archive_file",
      "name": "statusPackage",
      "provider": "provider[\"registry.terraform.io/hashicorp/archive\"]",
      "instances": [
        {
          "schema_version": 0,
          "attributes": {
            "exclude_symlink_directories": null,
            "excludes": null,
            "id": "d5e83065b7ec0cf3993c60df8709ac9874374b47",
            "output_base64sha256": "VEJMAgyTxGnytS3uCtryybLEooektXVF4G42Y/79WWM=",
            "output_base64sha512": "9imwWCsbwO5HqbHLp4pCXWHs0RMuDHK/+PXHBopCGw0QrXamG24AQTlIo1umafCkNxB9AJecf1W1ILzYFZcI0g==",
            "output_file_mode": null,
            "output_md5": "ce7dc204e0a957aa6c2a3a3e22fa4e40",
            "output_path": "getStatus.zip",
            "output_sha": "d5e83065b7ec0cf3993c60df8709ac9874374b47",
            "output_sha256": "54424c020c93c469f2b52dee0adaf2c9b2c4a287a4b57545e06e3663fefd5963",
            "output_sha512": "f629b0582b1bc0ee47a9b1cba78a425d61ecd1132e0c72bff8f5c7068a421b0d10ad76a61b6e00413948a35ba669f0a437107d00979c7f55b520bcd8159708d2",
            "output_size": 539,
            "source": [],
            "source_content": null,
            "source_content_filename": null,
            "source_dir": null,
            "source_file": "./src/lambdaFunctions/getStatus.py",
            "type": "zip"
          },
          "sensitive_attributes": []
        }
      ]
    },
    {
      "mode": "data",
      "type": "archive_file",
      "name": "timePackage",
      "provider": "provider[\"registry.terraform.io/hashicorp/archive\"]",
      "instances": [
        {
          "schema_version": 0,
          "attributes": {
            "exclude_symlink_directories": null,
            "excludes": null,
            "id": "c940740188a8b128b7509ab487ba9cfe59480f18",
            "output_base64sha256": "YLsnqrA7/Dwu2Im31TAogmI+Qgb9pNZLFUE9TEjDopk=",
            "output_base64sha512": "ScLCbZpzvlCsOkX3DQ6BZyRRhFGa/SNEVQ407FfTXvnQYVZFiokYSKvaf/N07R3ABjRlbMdlUJHlLySe+akQtA==",
            "output_file_mode": null,
            "output_md5": "414901163c8a923cd24955617c451e9c",
            "output_path": "timeCount.zip",
            "output_sha": "c940740188a8b128b7509ab487ba9cfe59480f18",
            "output_sha256": "60bb27aab03bfc3c2ed889b7d5302882623e4206fda4d64b15413d4c48c3a299",
            "output_sha512": "49c2c26d9a73be50ac3a45f70d0e8167245184519afd2344550e34ec57d35ef9d06156458a891848abda7ff374ed1dc00634656cc7655091e52f249ef9a910b4",
            "output_size": 792,
            "source": [],
            "source_content": null,
            "source_content_filename": null,
            "source_dir": null,
            "source_file": "./src/lambdaFunctions/timeCount.py",
            "type": "zip"
          },
          "sensitive_attributes": []
        }
      ]
    },
    {
      "mode": "data",
      "type": "archive_file",
      "name": "visitorCountPackage",
      "provider": "provider[\"registry.terraform.io/hashicorp/archive\"]",
      "instances": [
        {
          "schema_version": 0,
          "attributes": {
            "exclude_symlink_directories": null,
            "excludes": null,
            "id": "71ceed41ed0d8210b57a583bb0b626db1dde8bd7",
            "output_base64sha256": "hhxVdxOQ6BlXPJNbgnDEmJD90qgimZ1V6Gvqm5RD1gI=",
            "output_base64sha512": "kzNT2yQ3Fvr13j+XMdRzQn6penI3R2djxt5QpqcCah6cXUqFxgT9CvNmC0/OHBQQhkd0fRfXmIXUtwCy3uKyBg==",
            "output_file_mode": null,
            "output_md5": "fcf5f7bf14f6b17ade1324aebcbcd1d2",
            "output_path": "visitorCount.zip",
            "output_sha": "71ceed41ed0d8210b57a583bb0b626db1dde8bd7",
            "output_sha256": "861c55771390e819573c935b8270c49890fdd2a822999d55e86bea9b9443d602",
            "output_sha512": "933353db243716faf5de3f9731d473427ea97a7237476763c6de50a6a7026a1e9c5d4a85c604fd0af3660b4fce1c14108647747d17d79885d4b700b2dee2b206",
            "output_size": 706,
            "source": [],
            "source_content": null,
            "source_content_filename": null,
            "source_dir": null,
            "source_file": "./src/lambdaFunctions/visitorCount.py",
            "type": "zip"
          },
          "sensitive_attributes": []
        }
      ]
    },
    {
      "mode": "data",
      "type": "template_file",
      "name": "urlTemplate",
      "provider": "provider[\"registry.terraform.io/hashicorp/template\"]",
      "instances": [
        {
          "schema_version": 0,
          "attributes": {
            "filename": null,
            "id": "cce9d67cc2ba0e65b9a41956fa5cebb30fea8c560cb382c44183d2809af933be",
            "rendered": "{\r\n    \"urlCount\": \"https://cjv0ahsnx7.execute-api.us-east-1.amazonaws.com/countStage\",\r\n    \"urlTime\": \"https://u2qassxreh.execute-api.us-east-1.amazonaws.com/timeStage\",\r\n    \"urlStatus\": \"https://b96tmqfgoi.execute-api.us-east-1.amazonaws.com/statusStage\",\r\n    \"urlCache\": \"https://wcrgc9e3ui.execute-api.us-east-1.amazonaws.com/cacheStage\"\r\n  }",
            "template": "{\r\n    \"urlCount\": \"${urlCountVar}\",\r\n    \"urlTime\": \"${urlTimeVar}\",\r\n    \"urlStatus\": \"${urlStatusVar}\",\r\n    \"urlCache\": \"${urlCacheVar}\"\r\n  }",
            "vars": {
              "urlCacheVar": "https://wcrgc9e3ui.execute-api.us-east-1.amazonaws.com/cacheStage",
              "urlCountVar": "https://cjv0ahsnx7.execute-api.us-east-1.amazonaws.com/countStage",
              "urlStatusVar": "https://b96tmqfgoi.execute-api.us-east-1.amazonaws.com/statusStage",
              "urlTimeVar": "https://u2qassxreh.execute-api.us-east-1.amazonaws.com/timeStage"
            }
          },
          "sensitive_attributes": []
        }
      ]
    },
    {
      "mode": "managed",
      "type": "aws_acm_certificate",
      "name": "cert",
      "provider": "provider[\"registry.terraform.io/hashicorp/aws\"]",
      "instances": [
        {
          "schema_version": 0,
          "attributes": {
            "arn": "arn:aws:acm:us-east-1:661250114429:certificate/4984fe78-3a49-4648-bb94-573bc21bb6a8",
            "certificate_authority_arn": "",
            "certificate_body": null,
            "certificate_chain": null,
            "domain_name": "gregchow.net",
            "domain_validation_options": [
              {
                "domain_name": "gregchow.net",
                "resource_record_name": "_89ab7e4febe48cdeeff02784a7a066fa.gregchow.net.",
                "resource_record_type": "CNAME",
                "resource_record_value": "_4777f07a6a6f7ce0d6f040c9dc942330.xpybkgmvdt.acm-validations.aws."
              },
              {
                "domain_name": "www.gregchow.net",
                "resource_record_name": "_c8a5135f6a683dcde799badecd829642.www.gregchow.net.",
                "resource_record_type": "CNAME",
                "resource_record_value": "_0a7563616acdccba881a622de345b385.mhbtsbpdnt.acm-validations.aws."
              }
            ],
            "early_renewal_duration": "",
            "id": "arn:aws:acm:us-east-1:661250114429:certificate/4984fe78-3a49-4648-bb94-573bc21bb6a8",
            "key_algorithm": "RSA_2048",
            "not_after": "2025-02-04T23:59:59Z",
            "not_before": "2024-01-06T00:00:00Z",
            "options": [
              {
                "certificate_transparency_logging_preference": "ENABLED"
              }
            ],
            "pending_renewal": false,
            "private_key": null,
            "renewal_eligibility": "ELIGIBLE",
            "renewal_summary": [],
            "status": "ISSUED",
            "subject_alternative_names": [
              "gregchow.net",
              "www.gregchow.net"
            ],
            "tags": {
              "Name": "gregchow.net"
            },
            "tags_all": {
              "Name": "gregchow.net"
            },
            "type": "AMAZON_ISSUED",
            "validation_emails": [],
            "validation_method": "DNS",
            "validation_option": []
          },
          "sensitive_attributes": [],
          "private": "bnVsbA==",
          "create_before_destroy": true
        }
      ]
    },
    {
      "mode": "managed",
      "type": "aws_acm_certificate_validation",
      "name": "certValidation",
      "provider": "provider[\"registry.terraform.io/hashicorp/aws\"]",
      "instances": [
        {
          "schema_version": 0,
          "attributes": {
            "certificate_arn": "arn:aws:acm:us-east-1:661250114429:certificate/4984fe78-3a49-4648-bb94-573bc21bb6a8",
            "id": "2024-01-06 01:00:49.099 +0000 UTC",
            "timeouts": null,
            "validation_record_fqdns": [
              "_89ab7e4febe48cdeeff02784a7a066fa.gregchow.net",
              "_c8a5135f6a683dcde799badecd829642.www.gregchow.net"
            ]
          },
          "sensitive_attributes": [],
          "private": "eyJlMmJmYjczMC1lY2FhLTExZTYtOGY4OC0zNDM2M2JjN2M0YzAiOnsiY3JlYXRlIjo0NTAwMDAwMDAwMDAwfX0=",
          "dependencies": [
            "aws_acm_certificate.cert",
            "aws_route53_record.certRecord",
            "aws_route53_zone.hostedZone"
          ]
        }
      ]
    },
    {
      "mode": "managed",
      "type": "aws_api_gateway_deployment",
      "name": "cacheDeployment",
      "provider": "provider[\"registry.terraform.io/hashicorp/aws\"]",
      "instances": [
        {
          "schema_version": 0,
          "attributes": {
            "created_date": "2024-01-06T00:59:53Z",
            "description": "",
            "execution_arn": "arn:aws:execute-api:us-east-1:661250114429:wcrgc9e3ui/cacheStage",
            "id": "70g4u7",
            "invoke_url": "https://wcrgc9e3ui.execute-api.us-east-1.amazonaws.com/cacheStage",
            "rest_api_id": "wcrgc9e3ui",
            "stage_description": null,
            "stage_name": "cacheStage",
            "triggers": null,
            "variables": null
          },
          "sensitive_attributes": [],
          "private": "bnVsbA==",
          "dependencies": [
            "aws_api_gateway_integration.cacheLambda",
            "aws_api_gateway_integration.cacheLambdaRoot",
            "aws_api_gateway_method.cacheProxy",
            "aws_api_gateway_method.cacheProxyRoot",
            "aws_api_gateway_resource.cacheProxy",
            "aws_api_gateway_rest_api.cacheApi",
            "aws_iam_role.cacheRole",
            "aws_lambda_function.cacheFunction",
            "data.archive_file.cachePackage"
          ]
        }
      ]
    },
    {
      "mode": "managed",
      "type": "aws_api_gateway_deployment",
      "name": "countDeployment",
      "provider": "provider[\"registry.terraform.io/hashicorp/aws\"]",
      "instances": [
        {
          "schema_version": 0,
          "attributes": {
            "created_date": "2024-01-06T01:00:12Z",
            "description": "",
            "execution_arn": "arn:aws:execute-api:us-east-1:661250114429:cjv0ahsnx7/countStage",
            "id": "emxyio",
            "invoke_url": "https://cjv0ahsnx7.execute-api.us-east-1.amazonaws.com/countStage",
            "rest_api_id": "cjv0ahsnx7",
            "stage_description": null,
            "stage_name": "countStage",
            "triggers": null,
            "variables": null
          },
          "sensitive_attributes": [],
          "private": "bnVsbA==",
          "dependencies": [
            "aws_api_gateway_integration.countLambda",
            "aws_api_gateway_integration.countLambdaRoot",
            "aws_api_gateway_method.countProxy",
            "aws_api_gateway_method.countProxyRoot",
            "aws_api_gateway_resource.countProxy",
            "aws_api_gateway_rest_api.countApi",
            "aws_iam_role.lambdaRole",
            "aws_lambda_function.visitorCountFunction",
            "data.archive_file.visitorCountPackage"
          ]
        }
      ]
    },
    {
      "mode": "managed",
      "type": "aws_api_gateway_deployment",
      "name": "statusDeployment",
      "provider": "provider[\"registry.terraform.io/hashicorp/aws\"]",
      "instances": [
        {
          "schema_version": 0,
          "attributes": {
            "created_date": "2024-01-06T01:00:06Z",
            "description": "",
            "execution_arn": "arn:aws:execute-api:us-east-1:661250114429:b96tmqfgoi/statusStage",
            "id": "ptdbvt",
            "invoke_url": "https://b96tmqfgoi.execute-api.us-east-1.amazonaws.com/statusStage",
            "rest_api_id": "b96tmqfgoi",
            "stage_description": null,
            "stage_name": "statusStage",
            "triggers": null,
            "variables": null
          },
          "sensitive_attributes": [],
          "private": "bnVsbA==",
          "dependencies": [
            "aws_api_gateway_integration.statusLambda",
            "aws_api_gateway_integration.statusLambdaRoot",
            "aws_api_gateway_method.statusProxy",
            "aws_api_gateway_method.statusProxyRoot",
            "aws_api_gateway_resource.statusProxy",
            "aws_api_gateway_rest_api.statusApi",
            "aws_iam_role.lambdaRole",
            "aws_lambda_function.statusFunction",
            "data.archive_file.statusPackage"
          ]
        }
      ]
    },
    {
      "mode": "managed",
      "type": "aws_api_gateway_deployment",
      "name": "timeDeployment",
      "provider": "provider[\"registry.terraform.io/hashicorp/aws\"]",
      "instances": [
        {
          "schema_version": 0,
          "attributes": {
            "created_date": "2024-01-06T00:59:59Z",
            "description": "",
            "execution_arn": "arn:aws:execute-api:us-east-1:661250114429:u2qassxreh/timeStage",
            "id": "kholks",
            "invoke_url": "https://u2qassxreh.execute-api.us-east-1.amazonaws.com/timeStage",
            "rest_api_id": "u2qassxreh",
            "stage_description": null,
            "stage_name": "timeStage",
            "triggers": null,
            "variables": null
          },
          "sensitive_attributes": [],
          "private": "bnVsbA==",
          "dependencies": [
            "aws_api_gateway_integration.timeLambda",
            "aws_api_gateway_integration.timeLambdaRoot",
            "aws_api_gateway_method.timeProxy",
            "aws_api_gateway_method.timeProxyRoot",
            "aws_api_gateway_resource.timeProxy",
            "aws_api_gateway_rest_api.timeApi",
            "aws_iam_role.lambdaRole",
            "aws_lambda_function.timeFunction",
            "data.archive_file.timePackage"
          ]
        }
      ]
    },
    {
      "mode": "managed",
      "type": "aws_api_gateway_integration",
      "name": "cacheLambda",
      "provider": "provider[\"registry.terraform.io/hashicorp/aws\"]",
      "instances": [
        {
          "schema_version": 0,
          "attributes": {
            "cache_key_parameters": [],
            "cache_namespace": "i0pr6z",
            "connection_id": "",
            "connection_type": "INTERNET",
            "content_handling": "",
            "credentials": "",
            "http_method": "ANY",
            "id": "agi-wcrgc9e3ui-i0pr6z-ANY",
            "integration_http_method": "POST",
            "passthrough_behavior": "WHEN_NO_MATCH",
            "request_parameters": {},
            "request_templates": {},
            "resource_id": "i0pr6z",
            "rest_api_id": "wcrgc9e3ui",
            "timeout_milliseconds": 29000,
            "tls_config": [],
            "type": "AWS_PROXY",
            "uri": "arn:aws:apigateway:us-east-1:lambda:path/2015-03-31/functions/arn:aws:lambda:us-east-1:661250114429:function:clearCache/invocations"
          },
          "sensitive_attributes": [],
          "private": "bnVsbA==",
          "dependencies": [
            "aws_api_gateway_method.cacheProxy",
            "aws_api_gateway_resource.cacheProxy",
            "aws_api_gateway_rest_api.cacheApi",
            "aws_iam_role.cacheRole",
            "aws_lambda_function.cacheFunction",
            "data.archive_file.cachePackage"
          ]
        }
      ]
    },
    {
      "mode": "managed",
      "type": "aws_api_gateway_integration",
      "name": "cacheLambdaRoot",
      "provider": "provider[\"registry.terraform.io/hashicorp/aws\"]",
      "instances": [
        {
          "schema_version": 0,
          "attributes": {
            "cache_key_parameters": [],
            "cache_namespace": "njsmf9mbal",
            "connection_id": "",
            "connection_type": "INTERNET",
            "content_handling": "",
            "credentials": "",
            "http_method": "ANY",
            "id": "agi-wcrgc9e3ui-njsmf9mbal-ANY",
            "integration_http_method": "POST",
            "passthrough_behavior": "WHEN_NO_MATCH",
            "request_parameters": {},
            "request_templates": {},
            "resource_id": "njsmf9mbal",
            "rest_api_id": "wcrgc9e3ui",
            "timeout_milliseconds": 29000,
            "tls_config": [],
            "type": "AWS_PROXY",
            "uri": "arn:aws:apigateway:us-east-1:lambda:path/2015-03-31/functions/arn:aws:lambda:us-east-1:661250114429:function:clearCache/invocations"
          },
          "sensitive_attributes": [],
          "private": "bnVsbA==",
          "dependencies": [
            "aws_api_gateway_method.cacheProxyRoot",
            "aws_api_gateway_rest_api.cacheApi",
            "aws_iam_role.cacheRole",
            "aws_lambda_function.cacheFunction",
            "data.archive_file.cachePackage"
          ]
        }
      ]
    },
    {
      "mode": "managed",
      "type": "aws_api_gateway_integration",
      "name": "countLambda",
      "provider": "provider[\"registry.terraform.io/hashicorp/aws\"]",
      "instances": [
        {
          "schema_version": 0,
          "attributes": {
            "cache_key_parameters": [],
            "cache_namespace": "8fgz6h",
            "connection_id": "",
            "connection_type": "INTERNET",
            "content_handling": "",
            "credentials": "",
            "http_method": "ANY",
            "id": "agi-cjv0ahsnx7-8fgz6h-ANY",
            "integration_http_method": "POST",
            "passthrough_behavior": "WHEN_NO_MATCH",
            "request_parameters": {},
            "request_templates": {},
            "resource_id": "8fgz6h",
            "rest_api_id": "cjv0ahsnx7",
            "timeout_milliseconds": 29000,
            "tls_config": [],
            "type": "AWS_PROXY",
            "uri": "arn:aws:apigateway:us-east-1:lambda:path/2015-03-31/functions/arn:aws:lambda:us-east-1:661250114429:function:visitorCount/invocations"
          },
          "sensitive_attributes": [],
          "private": "bnVsbA==",
          "dependencies": [
            "aws_api_gateway_method.countProxy",
            "aws_api_gateway_resource.countProxy",
            "aws_api_gateway_rest_api.countApi",
            "aws_iam_role.lambdaRole",
            "aws_lambda_function.visitorCountFunction",
            "data.archive_file.visitorCountPackage"
          ]
        }
      ]
    },
    {
      "mode": "managed",
      "type": "aws_api_gateway_integration",
      "name": "countLambdaRoot",
      "provider": "provider[\"registry.terraform.io/hashicorp/aws\"]",
      "instances": [
        {
          "schema_version": 0,
          "attributes": {
            "cache_key_parameters": [],
            "cache_namespace": "2blelco1u5",
            "connection_id": "",
            "connection_type": "INTERNET",
            "content_handling": "",
            "credentials": "",
            "http_method": "ANY",
            "id": "agi-cjv0ahsnx7-2blelco1u5-ANY",
            "integration_http_method": "POST",
            "passthrough_behavior": "WHEN_NO_MATCH",
            "request_parameters": {},
            "request_templates": {},
            "resource_id": "2blelco1u5",
            "rest_api_id": "cjv0ahsnx7",
            "timeout_milliseconds": 29000,
            "tls_config": [],
            "type": "AWS_PROXY",
            "uri": "arn:aws:apigateway:us-east-1:lambda:path/2015-03-31/functions/arn:aws:lambda:us-east-1:661250114429:function:visitorCount/invocations"
          },
          "sensitive_attributes": [],
          "private": "bnVsbA==",
          "dependencies": [
            "aws_api_gateway_method.countProxyRoot",
            "aws_api_gateway_rest_api.countApi",
            "aws_iam_role.lambdaRole",
            "aws_lambda_function.visitorCountFunction",
            "data.archive_file.visitorCountPackage"
          ]
        }
      ]
    },
    {
      "mode": "managed",
      "type": "aws_api_gateway_integration",
      "name": "statusLambda",
      "provider": "provider[\"registry.terraform.io/hashicorp/aws\"]",
      "instances": [
        {
          "schema_version": 0,
          "attributes": {
            "cache_key_parameters": [],
            "cache_namespace": "1rh0ld",
            "connection_id": "",
            "connection_type": "INTERNET",
            "content_handling": "",
            "credentials": "",
            "http_method": "ANY",
            "id": "agi-b96tmqfgoi-1rh0ld-ANY",
            "integration_http_method": "POST",
            "passthrough_behavior": "WHEN_NO_MATCH",
            "request_parameters": {},
            "request_templates": {},
            "resource_id": "1rh0ld",
            "rest_api_id": "b96tmqfgoi",
            "timeout_milliseconds": 29000,
            "tls_config": [],
            "type": "AWS_PROXY",
            "uri": "arn:aws:apigateway:us-east-1:lambda:path/2015-03-31/functions/arn:aws:lambda:us-east-1:661250114429:function:getStatus/invocations"
          },
          "sensitive_attributes": [],
          "private": "bnVsbA==",
          "dependencies": [
            "aws_api_gateway_method.statusProxy",
            "aws_api_gateway_resource.statusProxy",
            "aws_api_gateway_rest_api.statusApi",
            "aws_iam_role.lambdaRole",
            "aws_lambda_function.statusFunction",
            "data.archive_file.statusPackage"
          ]
        }
      ]
    },
    {
      "mode": "managed",
      "type": "aws_api_gateway_integration",
      "name": "statusLambdaRoot",
      "provider": "provider[\"registry.terraform.io/hashicorp/aws\"]",
      "instances": [
        {
          "schema_version": 0,
          "attributes": {
            "cache_key_parameters": [],
            "cache_namespace": "wc316olhee",
            "connection_id": "",
            "connection_type": "INTERNET",
            "content_handling": "",
            "credentials": "",
            "http_method": "ANY",
            "id": "agi-b96tmqfgoi-wc316olhee-ANY",
            "integration_http_method": "POST",
            "passthrough_behavior": "WHEN_NO_MATCH",
            "request_parameters": {},
            "request_templates": {},
            "resource_id": "wc316olhee",
            "rest_api_id": "b96tmqfgoi",
            "timeout_milliseconds": 29000,
            "tls_config": [],
            "type": "AWS_PROXY",
            "uri": "arn:aws:apigateway:us-east-1:lambda:path/2015-03-31/functions/arn:aws:lambda:us-east-1:661250114429:function:getStatus/invocations"
          },
          "sensitive_attributes": [],
          "private": "bnVsbA==",
          "dependencies": [
            "aws_api_gateway_method.statusProxyRoot",
            "aws_api_gateway_rest_api.statusApi",
            "aws_iam_role.lambdaRole",
            "aws_lambda_function.statusFunction",
            "data.archive_file.statusPackage"
          ]
        }
      ]
    },
    {
      "mode": "managed",
      "type": "aws_api_gateway_integration",
      "name": "timeLambda",
      "provider": "provider[\"registry.terraform.io/hashicorp/aws\"]",
      "instances": [
        {
          "schema_version": 0,
          "attributes": {
            "cache_key_parameters": [],
            "cache_namespace": "14ei3i",
            "connection_id": "",
            "connection_type": "INTERNET",
            "content_handling": "",
            "credentials": "",
            "http_method": "ANY",
            "id": "agi-u2qassxreh-14ei3i-ANY",
            "integration_http_method": "POST",
            "passthrough_behavior": "WHEN_NO_MATCH",
            "request_parameters": {},
            "request_templates": {},
            "resource_id": "14ei3i",
            "rest_api_id": "u2qassxreh",
            "timeout_milliseconds": 29000,
            "tls_config": [],
            "type": "AWS_PROXY",
            "uri": "arn:aws:apigateway:us-east-1:lambda:path/2015-03-31/functions/arn:aws:lambda:us-east-1:661250114429:function:timeCount/invocations"
          },
          "sensitive_attributes": [],
          "private": "bnVsbA==",
          "dependencies": [
            "aws_api_gateway_method.timeProxy",
            "aws_api_gateway_resource.timeProxy",
            "aws_api_gateway_rest_api.timeApi",
            "aws_iam_role.lambdaRole",
            "aws_lambda_function.timeFunction",
            "data.archive_file.timePackage"
          ]
        }
      ]
    },
    {
      "mode": "managed",
      "type": "aws_api_gateway_integration",
      "name": "timeLambdaRoot",
      "provider": "provider[\"registry.terraform.io/hashicorp/aws\"]",
      "instances": [
        {
          "schema_version": 0,
          "attributes": {
            "cache_key_parameters": [],
            "cache_namespace": "jwek4dz2pa",
            "connection_id": "",
            "connection_type": "INTERNET",
            "content_handling": "",
            "credentials": "",
            "http_method": "ANY",
            "id": "agi-u2qassxreh-jwek4dz2pa-ANY",
            "integration_http_method": "POST",
            "passthrough_behavior": "WHEN_NO_MATCH",
            "request_parameters": {},
            "request_templates": {},
            "resource_id": "jwek4dz2pa",
            "rest_api_id": "u2qassxreh",
            "timeout_milliseconds": 29000,
            "tls_config": [],
            "type": "AWS_PROXY",
            "uri": "arn:aws:apigateway:us-east-1:lambda:path/2015-03-31/functions/arn:aws:lambda:us-east-1:661250114429:function:timeCount/invocations"
          },
          "sensitive_attributes": [],
          "private": "bnVsbA==",
          "dependencies": [
            "aws_api_gateway_method.timeProxyRoot",
            "aws_api_gateway_rest_api.timeApi",
            "aws_iam_role.lambdaRole",
            "aws_lambda_function.timeFunction",
            "data.archive_file.timePackage"
          ]
        }
      ]
    },
    {
      "mode": "managed",
      "type": "aws_api_gateway_method",
      "name": "cacheProxy",
      "provider": "provider[\"registry.terraform.io/hashicorp/aws\"]",
      "instances": [
        {
          "schema_version": 0,
          "attributes": {
            "api_key_required": false,
            "authorization": "NONE",
            "authorization_scopes": [],
            "authorizer_id": "",
            "http_method": "ANY",
            "id": "agm-wcrgc9e3ui-i0pr6z-ANY",
            "operation_name": "",
            "request_models": {},
            "request_parameters": {},
            "request_validator_id": "",
            "resource_id": "i0pr6z",
            "rest_api_id": "wcrgc9e3ui"
          },
          "sensitive_attributes": [],
          "private": "bnVsbA==",
          "dependencies": [
            "aws_api_gateway_resource.cacheProxy",
            "aws_api_gateway_rest_api.cacheApi"
          ]
        }
      ]
    },
    {
      "mode": "managed",
      "type": "aws_api_gateway_method",
      "name": "cacheProxyRoot",
      "provider": "provider[\"registry.terraform.io/hashicorp/aws\"]",
      "instances": [
        {
          "schema_version": 0,
          "attributes": {
            "api_key_required": false,
            "authorization": "NONE",
            "authorization_scopes": [],
            "authorizer_id": "",
            "http_method": "ANY",
            "id": "agm-wcrgc9e3ui-njsmf9mbal-ANY",
            "operation_name": "",
            "request_models": {},
            "request_parameters": {},
            "request_validator_id": "",
            "resource_id": "njsmf9mbal",
            "rest_api_id": "wcrgc9e3ui"
          },
          "sensitive_attributes": [],
          "private": "bnVsbA==",
          "dependencies": [
            "aws_api_gateway_rest_api.cacheApi"
          ]
        }
      ]
    },
    {
      "mode": "managed",
      "type": "aws_api_gateway_method",
      "name": "countProxy",
      "provider": "provider[\"registry.terraform.io/hashicorp/aws\"]",
      "instances": [
        {
          "schema_version": 0,
          "attributes": {
            "api_key_required": false,
            "authorization": "NONE",
            "authorization_scopes": [],
            "authorizer_id": "",
            "http_method": "ANY",
            "id": "agm-cjv0ahsnx7-8fgz6h-ANY",
            "operation_name": "",
            "request_models": {},
            "request_parameters": {},
            "request_validator_id": "",
            "resource_id": "8fgz6h",
            "rest_api_id": "cjv0ahsnx7"
          },
          "sensitive_attributes": [],
          "private": "bnVsbA==",
          "dependencies": [
            "aws_api_gateway_resource.countProxy",
            "aws_api_gateway_rest_api.countApi"
          ]
        }
      ]
    },
    {
      "mode": "managed",
      "type": "aws_api_gateway_method",
      "name": "countProxyRoot",
      "provider": "provider[\"registry.terraform.io/hashicorp/aws\"]",
      "instances": [
        {
          "schema_version": 0,
          "attributes": {
            "api_key_required": false,
            "authorization": "NONE",
            "authorization_scopes": [],
            "authorizer_id": "",
            "http_method": "ANY",
            "id": "agm-cjv0ahsnx7-2blelco1u5-ANY",
            "operation_name": "",
            "request_models": {},
            "request_parameters": {},
            "request_validator_id": "",
            "resource_id": "2blelco1u5",
            "rest_api_id": "cjv0ahsnx7"
          },
          "sensitive_attributes": [],
          "private": "bnVsbA==",
          "dependencies": [
            "aws_api_gateway_rest_api.countApi"
          ]
        }
      ]
    },
    {
      "mode": "managed",
      "type": "aws_api_gateway_method",
      "name": "statusProxy",
      "provider": "provider[\"registry.terraform.io/hashicorp/aws\"]",
      "instances": [
        {
          "schema_version": 0,
          "attributes": {
            "api_key_required": false,
            "authorization": "NONE",
            "authorization_scopes": [],
            "authorizer_id": "",
            "http_method": "ANY",
            "id": "agm-b96tmqfgoi-1rh0ld-ANY",
            "operation_name": "",
            "request_models": {},
            "request_parameters": {},
            "request_validator_id": "",
            "resource_id": "1rh0ld",
            "rest_api_id": "b96tmqfgoi"
          },
          "sensitive_attributes": [],
          "private": "bnVsbA==",
          "dependencies": [
            "aws_api_gateway_resource.statusProxy",
            "aws_api_gateway_rest_api.statusApi"
          ]
        }
      ]
    },
    {
      "mode": "managed",
      "type": "aws_api_gateway_method",
      "name": "statusProxyRoot",
      "provider": "provider[\"registry.terraform.io/hashicorp/aws\"]",
      "instances": [
        {
          "schema_version": 0,
          "attributes": {
            "api_key_required": false,
            "authorization": "NONE",
            "authorization_scopes": [],
            "authorizer_id": "",
            "http_method": "ANY",
            "id": "agm-b96tmqfgoi-wc316olhee-ANY",
            "operation_name": "",
            "request_models": {},
            "request_parameters": {},
            "request_validator_id": "",
            "resource_id": "wc316olhee",
            "rest_api_id": "b96tmqfgoi"
          },
          "sensitive_attributes": [],
          "private": "bnVsbA==",
          "dependencies": [
            "aws_api_gateway_rest_api.statusApi"
          ]
        }
      ]
    },
    {
      "mode": "managed",
      "type": "aws_api_gateway_method",
      "name": "timeProxy",
      "provider": "provider[\"registry.terraform.io/hashicorp/aws\"]",
      "instances": [
        {
          "schema_version": 0,
          "attributes": {
            "api_key_required": false,
            "authorization": "NONE",
            "authorization_scopes": [],
            "authorizer_id": "",
            "http_method": "ANY",
            "id": "agm-u2qassxreh-14ei3i-ANY",
            "operation_name": "",
            "request_models": {},
            "request_parameters": {},
            "request_validator_id": "",
            "resource_id": "14ei3i",
            "rest_api_id": "u2qassxreh"
          },
          "sensitive_attributes": [],
          "private": "bnVsbA==",
          "dependencies": [
            "aws_api_gateway_resource.timeProxy",
            "aws_api_gateway_rest_api.timeApi"
          ]
        }
      ]
    },
    {
      "mode": "managed",
      "type": "aws_api_gateway_method",
      "name": "timeProxyRoot",
      "provider": "provider[\"registry.terraform.io/hashicorp/aws\"]",
      "instances": [
        {
          "schema_version": 0,
          "attributes": {
            "api_key_required": false,
            "authorization": "NONE",
            "authorization_scopes": [],
            "authorizer_id": "",
            "http_method": "ANY",
            "id": "agm-u2qassxreh-jwek4dz2pa-ANY",
            "operation_name": "",
            "request_models": {},
            "request_parameters": {},
            "request_validator_id": "",
            "resource_id": "jwek4dz2pa",
            "rest_api_id": "u2qassxreh"
          },
          "sensitive_attributes": [],
          "private": "bnVsbA==",
          "dependencies": [
            "aws_api_gateway_rest_api.timeApi"
          ]
        }
      ]
    },
    {
      "mode": "managed",
      "type": "aws_api_gateway_resource",
      "name": "cacheProxy",
      "provider": "provider[\"registry.terraform.io/hashicorp/aws\"]",
      "instances": [
        {
          "schema_version": 0,
          "attributes": {
            "id": "i0pr6z",
            "parent_id": "njsmf9mbal",
            "path": "/{proxy+}",
            "path_part": "{proxy+}",
            "rest_api_id": "wcrgc9e3ui"
          },
          "sensitive_attributes": [],
          "private": "bnVsbA==",
          "dependencies": [
            "aws_api_gateway_rest_api.cacheApi"
          ]
        }
      ]
    },
    {
      "mode": "managed",
      "type": "aws_api_gateway_resource",
      "name": "countProxy",
      "provider": "provider[\"registry.terraform.io/hashicorp/aws\"]",
      "instances": [
        {
          "schema_version": 0,
          "attributes": {
            "id": "8fgz6h",
            "parent_id": "2blelco1u5",
            "path": "/{proxy+}",
            "path_part": "{proxy+}",
            "rest_api_id": "cjv0ahsnx7"
          },
          "sensitive_attributes": [],
          "private": "bnVsbA==",
          "dependencies": [
            "aws_api_gateway_rest_api.countApi"
          ]
        }
      ]
    },
    {
      "mode": "managed",
      "type": "aws_api_gateway_resource",
      "name": "statusProxy",
      "provider": "provider[\"registry.terraform.io/hashicorp/aws\"]",
      "instances": [
        {
          "schema_version": 0,
          "attributes": {
            "id": "1rh0ld",
            "parent_id": "wc316olhee",
            "path": "/{proxy+}",
            "path_part": "{proxy+}",
            "rest_api_id": "b96tmqfgoi"
          },
          "sensitive_attributes": [],
          "private": "bnVsbA==",
          "dependencies": [
            "aws_api_gateway_rest_api.statusApi"
          ]
        }
      ]
    },
    {
      "mode": "managed",
      "type": "aws_api_gateway_resource",
      "name": "timeProxy",
      "provider": "provider[\"registry.terraform.io/hashicorp/aws\"]",
      "instances": [
        {
          "schema_version": 0,
          "attributes": {
            "id": "14ei3i",
            "parent_id": "jwek4dz2pa",
            "path": "/{proxy+}",
            "path_part": "{proxy+}",
            "rest_api_id": "u2qassxreh"
          },
          "sensitive_attributes": [],
          "private": "bnVsbA==",
          "dependencies": [
            "aws_api_gateway_rest_api.timeApi"
          ]
        }
      ]
    },
    {
      "mode": "managed",
      "type": "aws_api_gateway_rest_api",
      "name": "cacheApi",
      "provider": "provider[\"registry.terraform.io/hashicorp/aws\"]",
      "instances": [
        {
          "schema_version": 0,
          "attributes": {
            "api_key_source": "HEADER",
            "arn": "arn:aws:apigateway:us-east-1::/restapis/wcrgc9e3ui",
            "binary_media_types": [],
            "body": null,
            "created_date": "2024-01-06T00:59:38Z",
            "description": "API gateway for get cache Lambda Function",
            "disable_execute_api_endpoint": false,
            "endpoint_configuration": [
              {
                "types": [
                  "EDGE"
                ],
                "vpc_endpoint_ids": []
              }
            ],
            "execution_arn": "arn:aws:execute-api:us-east-1:661250114429:wcrgc9e3ui",
            "fail_on_warnings": null,
            "id": "wcrgc9e3ui",
            "minimum_compression_size": "",
            "name": "cacheGateway",
            "parameters": null,
            "policy": "",
            "put_rest_api_mode": null,
            "root_resource_id": "njsmf9mbal",
            "tags": {},
            "tags_all": {}
          },
          "sensitive_attributes": [],
          "private": "bnVsbA=="
        }
      ]
    },
    {
      "mode": "managed",
      "type": "aws_api_gateway_rest_api",
      "name": "countApi",
      "provider": "provider[\"registry.terraform.io/hashicorp/aws\"]",
      "instances": [
        {
          "schema_version": 0,
          "attributes": {
            "api_key_source": "HEADER",
            "arn": "arn:aws:apigateway:us-east-1::/restapis/cjv0ahsnx7",
            "binary_media_types": [],
            "body": null,
            "created_date": "2024-01-06T00:59:38Z",
            "description": "API gateway for get count Lambda Function",
            "disable_execute_api_endpoint": false,
            "endpoint_configuration": [
              {
                "types": [
                  "EDGE"
                ],
                "vpc_endpoint_ids": []
              }
            ],
            "execution_arn": "arn:aws:execute-api:us-east-1:661250114429:cjv0ahsnx7",
            "fail_on_warnings": null,
            "id": "cjv0ahsnx7",
            "minimum_compression_size": "",
            "name": "countGateway",
            "parameters": null,
            "policy": "",
            "put_rest_api_mode": null,
            "root_resource_id": "2blelco1u5",
            "tags": {},
            "tags_all": {}
          },
          "sensitive_attributes": [],
          "private": "bnVsbA=="
        }
      ]
    },
    {
      "mode": "managed",
      "type": "aws_api_gateway_rest_api",
      "name": "statusApi",
      "provider": "provider[\"registry.terraform.io/hashicorp/aws\"]",
      "instances": [
        {
          "schema_version": 0,
          "attributes": {
            "api_key_source": "HEADER",
            "arn": "arn:aws:apigateway:us-east-1::/restapis/b96tmqfgoi",
            "binary_media_types": [],
            "body": null,
            "created_date": "2024-01-06T00:59:38Z",
            "description": "API gateway for get Status Lambda Function",
            "disable_execute_api_endpoint": false,
            "endpoint_configuration": [
              {
                "types": [
                  "EDGE"
                ],
                "vpc_endpoint_ids": []
              }
            ],
            "execution_arn": "arn:aws:execute-api:us-east-1:661250114429:b96tmqfgoi",
            "fail_on_warnings": null,
            "id": "b96tmqfgoi",
            "minimum_compression_size": "",
            "name": "statusGateway",
            "parameters": null,
            "policy": "",
            "put_rest_api_mode": null,
            "root_resource_id": "wc316olhee",
            "tags": {},
            "tags_all": {}
          },
          "sensitive_attributes": [],
          "private": "bnVsbA=="
        }
      ]
    },
    {
      "mode": "managed",
      "type": "aws_api_gateway_rest_api",
      "name": "timeApi",
      "provider": "provider[\"registry.terraform.io/hashicorp/aws\"]",
      "instances": [
        {
          "schema_version": 0,
          "attributes": {
            "api_key_source": "HEADER",
            "arn": "arn:aws:apigateway:us-east-1::/restapis/u2qassxreh",
            "binary_media_types": [],
            "body": null,
            "created_date": "2024-01-06T00:59:49Z",
            "description": "API gateway for get time Lambda Function",
            "disable_execute_api_endpoint": false,
            "endpoint_configuration": [
              {
                "types": [
                  "EDGE"
                ],
                "vpc_endpoint_ids": []
              }
            ],
            "execution_arn": "arn:aws:execute-api:us-east-1:661250114429:u2qassxreh",
            "fail_on_warnings": null,
            "id": "u2qassxreh",
            "minimum_compression_size": "",
            "name": "timeGateway",
            "parameters": null,
            "policy": "",
            "put_rest_api_mode": null,
            "root_resource_id": "jwek4dz2pa",
            "tags": {},
            "tags_all": {}
          },
          "sensitive_attributes": [],
          "private": "bnVsbA=="
        }
      ]
    },
    {
      "mode": "managed",
      "type": "aws_cloudfront_distribution",
      "name": "distribution",
      "provider": "provider[\"registry.terraform.io/hashicorp/aws\"]",
      "instances": [
        {
          "schema_version": 1,
          "attributes": {
            "aliases": [
              "gregchow.net",
              "www.gregchow.net"
            ],
            "arn": "arn:aws:cloudfront::661250114429:distribution/E1R923U7MTKK41",
            "caller_reference": "terraform-20240106010106199400000004",
            "comment": null,
            "continuous_deployment_policy_id": "",
            "custom_error_response": [
              {
                "error_caching_min_ttl": 10,
                "error_code": 403,
                "response_code": 404,
                "response_page_path": "/404.html"
              },
              {
                "error_caching_min_ttl": 10,
                "error_code": 404,
                "response_code": 404,
                "response_page_path": "/404.html"
              }
            ],
            "default_cache_behavior": [
              {
                "allowed_methods": [
                  "DELETE",
                  "GET",
                  "HEAD",
                  "OPTIONS",
                  "PATCH",
                  "POST",
                  "PUT"
                ],
                "cache_policy_id": "658327ea-f89d-4fab-a63d-7e88639e58f6",
                "cached_methods": [
                  "GET",
                  "HEAD"
                ],
                "compress": true,
                "default_ttl": 0,
                "field_level_encryption_id": "",
                "forwarded_values": [],
                "function_association": [],
                "lambda_function_association": [],
                "max_ttl": 0,
                "min_ttl": 0,
                "origin_request_policy_id": "",
                "realtime_log_config_arn": "",
                "response_headers_policy_id": "",
                "smooth_streaming": false,
                "target_origin_id": "www.gregchow.net.s3.us-east-1.amazonaws.com",
                "trusted_key_groups": [],
                "trusted_signers": [],
                "viewer_protocol_policy": "redirect-to-https"
              }
            ],
            "default_root_object": "",
            "domain_name": "d1q8c7ap1xmwsi.cloudfront.net",
            "enabled": true,
            "etag": "E20W6WJAMDFNJC",
            "hosted_zone_id": "Z2FDTNDATAQYW2",
            "http_version": "http2",
            "id": "E1R923U7MTKK41",
            "in_progress_validation_batches": 0,
            "is_ipv6_enabled": true,
            "last_modified_time": "2024-01-06 01:01:06.553 +0000 UTC",
            "logging_config": [],
            "ordered_cache_behavior": [],
            "origin": [
              {
                "connection_attempts": 3,
                "connection_timeout": 10,
                "custom_header": [],
                "custom_origin_config": [
                  {
                    "http_port": 80,
                    "https_port": 443,
                    "origin_keepalive_timeout": 5,
                    "origin_protocol_policy": "http-only",
                    "origin_read_timeout": 30,
                    "origin_ssl_protocols": [
                      "TLSv1.2"
                    ]
                  }
                ],
                "domain_name": "www.gregchow.net.s3-website-us-east-1.amazonaws.com",
                "origin_access_control_id": "",
                "origin_id": "www.gregchow.net.s3.us-east-1.amazonaws.com",
                "origin_path": "",
                "origin_shield": [],
                "s3_origin_config": []
              }
            ],
            "origin_group": [],
            "price_class": "PriceClass_100",
            "restrictions": [
              {
                "geo_restriction": [
                  {
                    "locations": [],
                    "restriction_type": "none"
                  }
                ]
              }
            ],
            "retain_on_delete": false,
            "staging": false,
            "status": "Deployed",
            "tags": {},
            "tags_all": {},
            "trusted_key_groups": [
              {
                "enabled": false,
                "items": []
              }
            ],
            "trusted_signers": [
              {
                "enabled": false,
                "items": []
              }
            ],
            "viewer_certificate": [
              {
                "acm_certificate_arn": "arn:aws:acm:us-east-1:661250114429:certificate/4984fe78-3a49-4648-bb94-573bc21bb6a8",
                "cloudfront_default_certificate": false,
                "iam_certificate_id": "",
                "minimum_protocol_version": "TLSv1",
                "ssl_support_method": "sni-only"
              }
            ],
            "wait_for_deployment": true,
            "web_acl_id": ""
          },
          "sensitive_attributes": [],
          "private": "eyJzY2hlbWFfdmVyc2lvbiI6IjEifQ==",
          "dependencies": [
            "aws_acm_certificate.cert",
            "aws_acm_certificate_validation.certValidation",
            "aws_route53_record.certRecord",
            "aws_route53_zone.hostedZone",
            "aws_s3_bucket.terraformBucket",
            "aws_s3_bucket_website_configuration.terraformWebsite"
          ]
        }
      ]
    },
    {
      "mode": "managed",
      "type": "aws_cloudfront_distribution",
      "name": "rootDistribution",
      "provider": "provider[\"registry.terraform.io/hashicorp/aws\"]",
      "instances": [
        {
          "schema_version": 1,
          "attributes": {
            "aliases": [],
            "arn": "arn:aws:cloudfront::661250114429:distribution/E3HGWFVTZEKWAB",
            "caller_reference": "terraform-20240106005949526900000003",
            "comment": null,
            "continuous_deployment_policy_id": "",
            "custom_error_response": [],
            "default_cache_behavior": [
              {
                "allowed_methods": [
                  "DELETE",
                  "GET",
                  "HEAD",
                  "OPTIONS",
                  "PATCH",
                  "POST",
                  "PUT"
                ],
                "cache_policy_id": "658327ea-f89d-4fab-a63d-7e88639e58f6",
                "cached_methods": [
                  "GET",
                  "HEAD"
                ],
                "compress": true,
                "default_ttl": 0,
                "field_level_encryption_id": "",
                "forwarded_values": [],
                "function_association": [],
                "lambda_function_association": [],
                "max_ttl": 0,
                "min_ttl": 0,
                "origin_request_policy_id": "",
                "realtime_log_config_arn": "",
                "response_headers_policy_id": "",
                "smooth_streaming": false,
                "target_origin_id": "gregchow.net.s3.us-east-1.amazonaws.com",
                "trusted_key_groups": [],
                "trusted_signers": [],
                "viewer_protocol_policy": "redirect-to-https"
              }
            ],
            "default_root_object": "",
            "domain_name": "d1qb33xld9j098.cloudfront.net",
            "enabled": true,
            "etag": "E269HGBI59L6BN",
            "hosted_zone_id": "Z2FDTNDATAQYW2",
            "http_version": "http2",
            "id": "E3HGWFVTZEKWAB",
            "in_progress_validation_batches": 0,
            "is_ipv6_enabled": true,
            "last_modified_time": "2024-01-06 00:59:49.911 +0000 UTC",
            "logging_config": [],
            "ordered_cache_behavior": [],
            "origin": [
              {
                "connection_attempts": 3,
                "connection_timeout": 10,
                "custom_header": [],
                "custom_origin_config": [
                  {
                    "http_port": 80,
                    "https_port": 443,
                    "origin_keepalive_timeout": 5,
                    "origin_protocol_policy": "http-only",
                    "origin_read_timeout": 30,
                    "origin_ssl_protocols": [
                      "TLSv1.2"
                    ]
                  }
                ],
                "domain_name": "gregchow.net.s3-website-us-east-1.amazonaws.com",
                "origin_access_control_id": "",
                "origin_id": "gregchow.net.s3.us-east-1.amazonaws.com",
                "origin_path": "",
                "origin_shield": [],
                "s3_origin_config": []
              }
            ],
            "origin_group": [],
            "price_class": "PriceClass_100",
            "restrictions": [
              {
                "geo_restriction": [
                  {
                    "locations": [],
                    "restriction_type": "none"
                  }
                ]
              }
            ],
            "retain_on_delete": false,
            "staging": false,
            "status": "Deployed",
            "tags": {},
            "tags_all": {},
            "trusted_key_groups": [
              {
                "enabled": false,
                "items": []
              }
            ],
            "trusted_signers": [
              {
                "enabled": false,
                "items": []
              }
            ],
            "viewer_certificate": [
              {
                "acm_certificate_arn": "",
                "cloudfront_default_certificate": true,
                "iam_certificate_id": "",
                "minimum_protocol_version": "TLSv1",
                "ssl_support_method": ""
              }
            ],
            "wait_for_deployment": true,
            "web_acl_id": ""
          },
          "sensitive_attributes": [],
          "private": "eyJzY2hlbWFfdmVyc2lvbiI6IjEifQ==",
          "dependencies": [
            "aws_s3_bucket.rootBucket",
            "aws_s3_bucket.terraformBucket",
            "aws_s3_bucket_website_configuration.rootWebsite",
            "aws_s3_bucket_website_configuration.terraformWebsite"
          ]
        }
      ]
    },
    {
      "mode": "managed",
      "type": "aws_dynamodb_table",
      "name": "timeTable",
      "provider": "provider[\"registry.terraform.io/hashicorp/aws\"]",
      "instances": [
        {
          "schema_version": 1,
          "attributes": {
            "arn": "arn:aws:dynamodb:us-east-1:661250114429:table/timeTable",
            "attribute": [
              {
                "name": "id",
                "type": "S"
              }
            ],
            "billing_mode": "PAY_PER_REQUEST",
            "deletion_protection_enabled": false,
            "global_secondary_index": [],
            "hash_key": "id",
            "id": "timeTable",
            "import_table": [],
            "local_secondary_index": [],
            "name": "timeTable",
            "point_in_time_recovery": [
              {
                "enabled": false
              }
            ],
            "range_key": null,
            "read_capacity": 0,
            "replica": [],
            "restore_date_time": null,
            "restore_source_name": null,
            "restore_to_latest_time": null,
            "server_side_encryption": [],
            "stream_arn": "",
            "stream_enabled": false,
            "stream_label": "",
            "stream_view_type": "",
            "table_class": "STANDARD",
            "tags": {},
            "tags_all": {},
            "timeouts": null,
            "ttl": [
              {
                "attribute_name": "",
                "enabled": false
              }
            ],
            "write_capacity": 0
          },
          "sensitive_attributes": [],
          "private": "eyJlMmJmYjczMC1lY2FhLTExZTYtOGY4OC0zNDM2M2JjN2M0YzAiOnsiY3JlYXRlIjoxODAwMDAwMDAwMDAwLCJkZWxldGUiOjYwMDAwMDAwMDAwMCwidXBkYXRlIjozNjAwMDAwMDAwMDAwfSwic2NoZW1hX3ZlcnNpb24iOiIxIn0="
        }
      ]
    },
    {
      "mode": "managed",
      "type": "aws_dynamodb_table",
      "name": "visitorCountTable",
      "provider": "provider[\"registry.terraform.io/hashicorp/aws\"]",
      "instances": [
        {
          "schema_version": 1,
          "attributes": {
            "arn": "arn:aws:dynamodb:us-east-1:661250114429:table/visitorCountTable",
            "attribute": [
              {
                "name": "id",
                "type": "S"
              }
            ],
            "billing_mode": "PAY_PER_REQUEST",
            "deletion_protection_enabled": false,
            "global_secondary_index": [],
            "hash_key": "id",
            "id": "visitorCountTable",
            "import_table": [],
            "local_secondary_index": [],
            "name": "visitorCountTable",
            "point_in_time_recovery": [
              {
                "enabled": false
              }
            ],
            "range_key": null,
            "read_capacity": 0,
            "replica": [],
            "restore_date_time": null,
            "restore_source_name": null,
            "restore_to_latest_time": null,
            "server_side_encryption": [],
            "stream_arn": "",
            "stream_enabled": false,
            "stream_label": "",
            "stream_view_type": "",
            "table_class": "STANDARD",
            "tags": {},
            "tags_all": {},
            "timeouts": null,
            "ttl": [
              {
                "attribute_name": "",
                "enabled": false
              }
            ],
            "write_capacity": 0
          },
          "sensitive_attributes": [],
          "private": "eyJlMmJmYjczMC1lY2FhLTExZTYtOGY4OC0zNDM2M2JjN2M0YzAiOnsiY3JlYXRlIjoxODAwMDAwMDAwMDAwLCJkZWxldGUiOjYwMDAwMDAwMDAwMCwidXBkYXRlIjozNjAwMDAwMDAwMDAwfSwic2NoZW1hX3ZlcnNpb24iOiIxIn0="
        }
      ]
    },
    {
      "mode": "managed",
      "type": "aws_dynamodb_table_item",
      "name": "timeItem",
      "provider": "provider[\"registry.terraform.io/hashicorp/aws\"]",
      "instances": [
        {
          "schema_version": 0,
          "attributes": {
            "hash_key": "id",
            "id": "timeTable|id||keyTime|",
            "item": "{\r\n    \"id\": {\"S\": \"keyTime\"},\r\n    \"itemTime\": {\"S\": \"1700076925\"}\r\n}\r\n",
            "range_key": null,
            "table_name": "timeTable"
          },
          "sensitive_attributes": [],
          "private": "bnVsbA==",
          "dependencies": [
            "aws_dynamodb_table.timeTable"
          ]
        }
      ]
    },
    {
      "mode": "managed",
      "type": "aws_dynamodb_table_item",
      "name": "visitorCountItem",
      "provider": "provider[\"registry.terraform.io/hashicorp/aws\"]",
      "instances": [
        {
          "schema_version": 0,
          "attributes": {
            "hash_key": "id",
            "id": "visitorCountTable|id||keyCount|",
            "item": "{\r\n    \"id\": {\"S\": \"keyCount\"},\r\n    \"itemCount\": {\"S\": \"100\"}\r\n}\r\n",
            "range_key": null,
            "table_name": "visitorCountTable"
          },
          "sensitive_attributes": [],
          "private": "bnVsbA==",
          "dependencies": [
            "aws_dynamodb_table.visitorCountTable"
          ]
        }
      ]
    },
    {
      "mode": "managed",
      "type": "aws_iam_role",
      "name": "cacheRole",
      "provider": "provider[\"registry.terraform.io/hashicorp/aws\"]",
      "instances": [
        {
          "schema_version": 0,
          "attributes": {
            "arn": "arn:aws:iam::661250114429:role/lambda-cacheRole-terraform",
            "assume_role_policy": "{\"Statement\":[{\"Action\":\"sts:AssumeRole\",\"Effect\":\"Allow\",\"Principal\":{\"Service\":\"lambda.amazonaws.com\"}}],\"Version\":\"2012-10-17\"}",
            "create_date": "2024-01-06T00:59:38Z",
            "description": "",
            "force_detach_policies": false,
            "id": "lambda-cacheRole-terraform",
            "inline_policy": [
              {
                "name": "cachePolicy",
                "policy": "{\"Version\":\"2012-10-17\",\"Statement\":[{\"Action\":[\"lambda:*\",\"apigateway:*\",\"iam:*\"],\"Effect\":\"Allow\",\"Resource\":[\"arn:aws:lambda:*:661250114429:function:*\",\"arn:aws:iam::661250114429:role/*\",\"arn:aws:iam::661250114429:policy/*\",\"arn:aws:iam::661250114429:user/*\",\"arn:aws:apigateway:us-east-1::/restapis/*\",\"arn:aws:execute-api:us-east-1:661250114429:wcrgc9e3ui/*/ANY/{proxy+}\"],\"Sid\":\"AllowLambdaAndApiGatewayAccess\"},{\"Action\":\"lambda:InvokeFunction\",\"Effect\":\"Allow\",\"Resource\":\"arn:aws:execute-api:us-east-1:661250114429:wcrgc9e3ui/*/ANY/{proxy+}\",\"Sid\":\"AllowApiGatewayInvoke\"},{\"Action\":[\"cloudfront:*\"],\"Effect\":\"Allow\",\"Resource\":\"*\",\"Sid\":\"AllowCloudFrontAccess\"}]}"
              }
            ],
            "managed_policy_arns": [],
            "max_session_duration": 3600,
            "name": "lambda-cacheRole-terraform",
            "name_prefix": "",
            "path": "/",
            "permissions_boundary": "",
            "tags": {},
            "tags_all": {},
            "unique_id": "AROAZT5MUAN62IK3BAHLZ"
          },
          "sensitive_attributes": [],
          "private": "bnVsbA=="
        }
      ]
    },
    {
      "mode": "managed",
      "type": "aws_iam_role",
      "name": "lambdaRole",
      "provider": "provider[\"registry.terraform.io/hashicorp/aws\"]",
      "instances": [
        {
          "schema_version": 0,
          "attributes": {
            "arn": "arn:aws:iam::661250114429:role/lambda-lambdaRole-terraform",
            "assume_role_policy": "{\"Statement\":[{\"Action\":\"sts:AssumeRole\",\"Effect\":\"Allow\",\"Principal\":{\"Service\":\"lambda.amazonaws.com\"}}],\"Version\":\"2012-10-17\"}",
            "create_date": "2024-01-06T00:59:38Z",
            "description": "",
            "force_detach_policies": false,
            "id": "lambda-lambdaRole-terraform",
            "inline_policy": [
              {
                "name": "dynamodbPolicy",
                "policy": "{\"Version\":\"2012-10-17\",\"Statement\":[{\"Action\":[\"lambda:CreateFunction\",\"dynamodb:DeleteItem\",\"iam:TagRole\",\"iam:DeletePolicy\",\"iam:CreateRole\",\"iam:AttachRolePolicy\",\"dynamodb:DeleteTable\",\"iam:CreateUser\",\"iam:PassRole\",\"dynamodb:TagResource\",\"dynamodb:DescribeTable\",\"dynamodb:GetItem\",\"lambda:DeleteFunction\",\"lambda:GetAlias\",\"dynamodb:BatchGetItem\",\"iam:GetRole\",\"lambda:InvokeFunctionUrl\",\"dynamodb:UntagResource\",\"dynamodb:PutItem\",\"iam:GetPolicy\",\"lambda:InvokeFunction\",\"lambda:GetFunction\",\"lambda:ListAliases\",\"iam:DeleteRole\",\"dynamodb:UpdateItem\",\"iam:TagPolicy\",\"iam:TagUser\",\"lambda:UpdateAlias\",\"dynamodb:CreateTable\",\"iam:CreatePolicy\",\"lambda:UpdateFunctionCode\",\"iam:UpdateRole\",\"iam:GetRolePolicy\",\"dynamodb:UpdateTable\",\"lambda:GetPolicy\"],\"Effect\":\"Allow\",\"Resource\":[\"arn:aws:dynamodb:us-east-1:661250114429:table/*\",\"arn:aws:lambda:*:661250114429:function:*\",\"arn:aws:iam::661250114429:role/*\",\"arn:aws:iam::661250114429:policy/*\",\"arn:aws:iam::661250114429:user/*\",\"arn:aws:apigateway:us-east-1::/restapis/*\",\"arn:aws:execute-api:us-east-1:661250114429:b96tmqfgoi/*/ANY/{proxy+}\",\"arn:aws:execute-api:us-east-1:661250114429:u2qassxreh/*/ANY/{proxy+}\",\"arn:aws:execute-api:us-east-1:661250114429:cjv0ahsnx7/*/ANY/{proxy+}\"],\"Sid\":\"VisualEditor0\"},{\"Action\":[\"lambda:ListFunctions\",\"dynamodb:ListTables\"],\"Effect\":\"Allow\",\"Resource\":\"*\",\"Sid\":\"VisualEditor1\"}]}"
              }
            ],
            "managed_policy_arns": [],
            "max_session_duration": 3600,
            "name": "lambda-lambdaRole-terraform",
            "name_prefix": "",
            "path": "/",
            "permissions_boundary": "",
            "tags": {},
            "tags_all": {},
            "unique_id": "AROAZT5MUAN63GSWYJFNF"
          },
          "sensitive_attributes": [],
          "private": "bnVsbA=="
        }
      ]
    },
    {
      "mode": "managed",
      "type": "aws_iam_role_policy",
      "name": "cachePolicy",
      "provider": "provider[\"registry.terraform.io/hashicorp/aws\"]",
      "instances": [
        {
          "schema_version": 0,
          "attributes": {
            "id": "lambda-cacheRole-terraform:cachePolicy",
            "name": "cachePolicy",
            "name_prefix": "",
            "policy": "{\"Version\":\"2012-10-17\",\"Statement\":[{\"Action\":[\"lambda:*\",\"apigateway:*\",\"iam:*\"],\"Effect\":\"Allow\",\"Resource\":[\"arn:aws:lambda:*:661250114429:function:*\",\"arn:aws:iam::661250114429:role/*\",\"arn:aws:iam::661250114429:policy/*\",\"arn:aws:iam::661250114429:user/*\",\"arn:aws:apigateway:us-east-1::/restapis/*\",\"arn:aws:execute-api:us-east-1:661250114429:wcrgc9e3ui/*/ANY/{proxy+}\"],\"Sid\":\"AllowLambdaAndApiGatewayAccess\"},{\"Action\":\"lambda:InvokeFunction\",\"Effect\":\"Allow\",\"Resource\":\"arn:aws:execute-api:us-east-1:661250114429:wcrgc9e3ui/*/ANY/{proxy+}\",\"Sid\":\"AllowApiGatewayInvoke\"},{\"Action\":[\"cloudfront:*\"],\"Effect\":\"Allow\",\"Resource\":\"*\",\"Sid\":\"AllowCloudFrontAccess\"}]}",
            "role": "lambda-cacheRole-terraform"
          },
          "sensitive_attributes": [],
          "private": "bnVsbA==",
          "dependencies": [
            "aws_api_gateway_method.cacheProxyRoot",
            "aws_api_gateway_resource.cacheProxy",
            "aws_api_gateway_rest_api.cacheApi",
            "aws_iam_role.cacheRole"
          ]
        }
      ]
    },
    {
      "mode": "managed",
      "type": "aws_iam_role_policy",
      "name": "dynamodbPolicy",
      "provider": "provider[\"registry.terraform.io/hashicorp/aws\"]",
      "instances": [
        {
          "schema_version": 0,
          "attributes": {
            "id": "lambda-lambdaRole-terraform:dynamodbPolicy",
            "name": "dynamodbPolicy",
            "name_prefix": "",
            "policy": "{\"Version\":\"2012-10-17\",\"Statement\":[{\"Action\":[\"lambda:CreateFunction\",\"dynamodb:DeleteItem\",\"iam:TagRole\",\"iam:DeletePolicy\",\"iam:CreateRole\",\"iam:AttachRolePolicy\",\"dynamodb:DeleteTable\",\"iam:CreateUser\",\"iam:PassRole\",\"dynamodb:TagResource\",\"dynamodb:DescribeTable\",\"dynamodb:GetItem\",\"lambda:DeleteFunction\",\"lambda:GetAlias\",\"dynamodb:BatchGetItem\",\"iam:GetRole\",\"lambda:InvokeFunctionUrl\",\"dynamodb:UntagResource\",\"dynamodb:PutItem\",\"iam:GetPolicy\",\"lambda:InvokeFunction\",\"lambda:GetFunction\",\"lambda:ListAliases\",\"iam:DeleteRole\",\"dynamodb:UpdateItem\",\"iam:TagPolicy\",\"iam:TagUser\",\"lambda:UpdateAlias\",\"dynamodb:CreateTable\",\"iam:CreatePolicy\",\"lambda:UpdateFunctionCode\",\"iam:UpdateRole\",\"iam:GetRolePolicy\",\"dynamodb:UpdateTable\",\"lambda:GetPolicy\"],\"Effect\":\"Allow\",\"Resource\":[\"arn:aws:dynamodb:us-east-1:661250114429:table/*\",\"arn:aws:lambda:*:661250114429:function:*\",\"arn:aws:iam::661250114429:role/*\",\"arn:aws:iam::661250114429:policy/*\",\"arn:aws:iam::661250114429:user/*\",\"arn:aws:apigateway:us-east-1::/restapis/*\",\"arn:aws:execute-api:us-east-1:661250114429:b96tmqfgoi/*/ANY/{proxy+}\",\"arn:aws:execute-api:us-east-1:661250114429:u2qassxreh/*/ANY/{proxy+}\",\"arn:aws:execute-api:us-east-1:661250114429:cjv0ahsnx7/*/ANY/{proxy+}\"],\"Sid\":\"VisualEditor0\"},{\"Action\":[\"lambda:ListFunctions\",\"dynamodb:ListTables\"],\"Effect\":\"Allow\",\"Resource\":\"*\",\"Sid\":\"VisualEditor1\"}]}",
            "role": "lambda-lambdaRole-terraform"
          },
          "sensitive_attributes": [],
          "private": "bnVsbA==",
          "dependencies": [
            "aws_api_gateway_method.countProxyRoot",
            "aws_api_gateway_method.statusProxyRoot",
            "aws_api_gateway_method.timeProxyRoot",
            "aws_api_gateway_resource.countProxy",
            "aws_api_gateway_resource.statusProxy",
            "aws_api_gateway_resource.timeProxy",
            "aws_api_gateway_rest_api.countApi",
            "aws_api_gateway_rest_api.statusApi",
            "aws_api_gateway_rest_api.timeApi",
            "aws_iam_role.lambdaRole"
          ]
        }
      ]
    },
    {
      "mode": "managed",
      "type": "aws_lambda_function",
      "name": "cacheFunction",
      "provider": "provider[\"registry.terraform.io/hashicorp/aws\"]",
      "instances": [
        {
          "schema_version": 0,
          "attributes": {
            "architectures": [
              "x86_64"
            ],
            "arn": "arn:aws:lambda:us-east-1:661250114429:function:clearCache",
            "code_signing_config_arn": "",
            "dead_letter_config": [],
            "description": "",
            "environment": [],
            "ephemeral_storage": [
              {
                "size": 512
              }
            ],
            "file_system_config": [],
            "filename": "clearCache.zip",
            "function_name": "clearCache",
            "handler": "clearCache.lambda_handler",
            "id": "clearCache",
            "image_config": [],
            "image_uri": "",
            "invoke_arn": "arn:aws:apigateway:us-east-1:lambda:path/2015-03-31/functions/arn:aws:lambda:us-east-1:661250114429:function:clearCache/invocations",
            "kms_key_arn": "",
            "last_modified": "2024-01-06T00:59:53.753+0000",
            "layers": [],
            "memory_size": 128,
            "package_type": "Zip",
            "publish": false,
            "qualified_arn": "arn:aws:lambda:us-east-1:661250114429:function:clearCache:$LATEST",
            "qualified_invoke_arn": "arn:aws:apigateway:us-east-1:lambda:path/2015-03-31/functions/arn:aws:lambda:us-east-1:661250114429:function:clearCache:$LATEST/invocations",
            "replace_security_groups_on_destroy": null,
            "replacement_security_group_ids": null,
            "reserved_concurrent_executions": -1,
            "role": "arn:aws:iam::661250114429:role/lambda-cacheRole-terraform",
            "runtime": "python3.11",
            "s3_bucket": null,
            "s3_key": null,
            "s3_object_version": null,
            "signing_job_arn": "",
            "signing_profile_version_arn": "",
            "skip_destroy": false,
            "snap_start": [],
            "source_code_hash": "o0aG0GnKgyTdwpZD+z+8qjwACedG21mhJYXjZGTgqqM=",
            "source_code_size": 667,
            "tags": {},
            "tags_all": {},
            "timeout": 10,
            "timeouts": null,
            "tracing_config": [
              {
                "mode": "PassThrough"
              }
            ],
            "version": "$LATEST",
            "vpc_config": []
          },
          "sensitive_attributes": [],
          "private": "eyJlMmJmYjczMC1lY2FhLTExZTYtOGY4OC0zNDM2M2JjN2M0YzAiOnsiY3JlYXRlIjo2MDAwMDAwMDAwMDAsImRlbGV0ZSI6NjAwMDAwMDAwMDAwLCJ1cGRhdGUiOjYwMDAwMDAwMDAwMH19",
          "dependencies": [
            "aws_iam_role.cacheRole",
            "data.archive_file.cachePackage"
          ]
        }
      ]
    },
    {
      "mode": "managed",
      "type": "aws_lambda_function",
      "name": "statusFunction",
      "provider": "provider[\"registry.terraform.io/hashicorp/aws\"]",
      "instances": [
        {
          "schema_version": 0,
          "attributes": {
            "architectures": [
              "x86_64"
            ],
            "arn": "arn:aws:lambda:us-east-1:661250114429:function:getStatus",
            "code_signing_config_arn": "",
            "dead_letter_config": [],
            "description": "",
            "environment": [],
            "ephemeral_storage": [
              {
                "size": 512
              }
            ],
            "file_system_config": [],
            "filename": "getStatus.zip",
            "function_name": "getStatus",
            "handler": "getStatus.lambda_handler",
            "id": "getStatus",
            "image_config": [],
            "image_uri": "",
            "invoke_arn": "arn:aws:apigateway:us-east-1:lambda:path/2015-03-31/functions/arn:aws:lambda:us-east-1:661250114429:function:getStatus/invocations",
            "kms_key_arn": "",
            "last_modified": "2024-01-06T01:36:17.316+0000",
            "layers": [],
            "memory_size": 128,
            "package_type": "Zip",
            "publish": false,
            "qualified_arn": "arn:aws:lambda:us-east-1:661250114429:function:getStatus:$LATEST",
            "qualified_invoke_arn": "arn:aws:apigateway:us-east-1:lambda:path/2015-03-31/functions/arn:aws:lambda:us-east-1:661250114429:function:getStatus:$LATEST/invocations",
            "replace_security_groups_on_destroy": null,
            "replacement_security_group_ids": null,
            "reserved_concurrent_executions": -1,
            "role": "arn:aws:iam::661250114429:role/lambda-lambdaRole-terraform",
            "runtime": "python3.11",
            "s3_bucket": null,
            "s3_key": null,
            "s3_object_version": null,
            "signing_job_arn": "",
            "signing_profile_version_arn": "",
            "skip_destroy": false,
            "snap_start": [],
            "source_code_hash": "VEJMAgyTxGnytS3uCtryybLEooektXVF4G42Y/79WWM=",
            "source_code_size": 539,
            "tags": {},
            "tags_all": {},
            "timeout": 10,
            "timeouts": null,
            "tracing_config": [
              {
                "mode": "PassThrough"
              }
            ],
            "version": "$LATEST",
            "vpc_config": []
          },
          "sensitive_attributes": [],
          "private": "eyJlMmJmYjczMC1lY2FhLTExZTYtOGY4OC0zNDM2M2JjN2M0YzAiOnsiY3JlYXRlIjo2MDAwMDAwMDAwMDAsImRlbGV0ZSI6NjAwMDAwMDAwMDAwLCJ1cGRhdGUiOjYwMDAwMDAwMDAwMH19",
          "dependencies": [
            "aws_iam_role.lambdaRole",
            "data.archive_file.statusPackage"
          ]
        }
      ]
    },
    {
      "mode": "managed",
      "type": "aws_lambda_function",
      "name": "timeFunction",
      "provider": "provider[\"registry.terraform.io/hashicorp/aws\"]",
      "instances": [
        {
          "schema_version": 0,
          "attributes": {
            "architectures": [
              "x86_64"
            ],
            "arn": "arn:aws:lambda:us-east-1:661250114429:function:timeCount",
            "code_signing_config_arn": "",
            "dead_letter_config": [],
            "description": "",
            "environment": [],
            "ephemeral_storage": [
              {
                "size": 512
              }
            ],
            "file_system_config": [],
            "filename": "timeCount.zip",
            "function_name": "timeCount",
            "handler": "timeCount.lambda_handler",
            "id": "timeCount",
            "image_config": [],
            "image_uri": "",
            "invoke_arn": "arn:aws:apigateway:us-east-1:lambda:path/2015-03-31/functions/arn:aws:lambda:us-east-1:661250114429:function:timeCount/invocations",
            "kms_key_arn": "",
            "last_modified": "2024-01-06T01:25:26.260+0000",
            "layers": [],
            "memory_size": 128,
            "package_type": "Zip",
            "publish": false,
            "qualified_arn": "arn:aws:lambda:us-east-1:661250114429:function:timeCount:$LATEST",
            "qualified_invoke_arn": "arn:aws:apigateway:us-east-1:lambda:path/2015-03-31/functions/arn:aws:lambda:us-east-1:661250114429:function:timeCount:$LATEST/invocations",
            "replace_security_groups_on_destroy": null,
            "replacement_security_group_ids": null,
            "reserved_concurrent_executions": -1,
            "role": "arn:aws:iam::661250114429:role/lambda-lambdaRole-terraform",
            "runtime": "python3.11",
            "s3_bucket": null,
            "s3_key": null,
            "s3_object_version": null,
            "signing_job_arn": "",
            "signing_profile_version_arn": "",
            "skip_destroy": false,
            "snap_start": [],
            "source_code_hash": "YLsnqrA7/Dwu2Im31TAogmI+Qgb9pNZLFUE9TEjDopk=",
            "source_code_size": 792,
            "tags": {},
            "tags_all": {},
            "timeout": 10,
            "timeouts": null,
            "tracing_config": [
              {
                "mode": "PassThrough"
              }
            ],
            "version": "$LATEST",
            "vpc_config": []
          },
          "sensitive_attributes": [],
          "private": "eyJlMmJmYjczMC1lY2FhLTExZTYtOGY4OC0zNDM2M2JjN2M0YzAiOnsiY3JlYXRlIjo2MDAwMDAwMDAwMDAsImRlbGV0ZSI6NjAwMDAwMDAwMDAwLCJ1cGRhdGUiOjYwMDAwMDAwMDAwMH19",
          "dependencies": [
            "aws_iam_role.lambdaRole",
            "data.archive_file.timePackage"
          ]
        }
      ]
    },
    {
      "mode": "managed",
      "type": "aws_lambda_function",
      "name": "visitorCountFunction",
      "provider": "provider[\"registry.terraform.io/hashicorp/aws\"]",
      "instances": [
        {
          "schema_version": 0,
          "attributes": {
            "architectures": [
              "x86_64"
            ],
            "arn": "arn:aws:lambda:us-east-1:661250114429:function:visitorCount",
            "code_signing_config_arn": "",
            "dead_letter_config": [],
            "description": "",
            "environment": [],
            "ephemeral_storage": [
              {
                "size": 512
              }
            ],
            "file_system_config": [],
            "filename": "visitorCount.zip",
            "function_name": "visitorCount",
            "handler": "visitorCount.lambda_handler",
            "id": "visitorCount",
            "image_config": [],
            "image_uri": "",
            "invoke_arn": "arn:aws:apigateway:us-east-1:lambda:path/2015-03-31/functions/arn:aws:lambda:us-east-1:661250114429:function:visitorCount/invocations",
            "kms_key_arn": "",
            "last_modified": "2024-01-06T01:25:56.272+0000",
            "layers": [],
            "memory_size": 128,
            "package_type": "Zip",
            "publish": false,
            "qualified_arn": "arn:aws:lambda:us-east-1:661250114429:function:visitorCount:$LATEST",
            "qualified_invoke_arn": "arn:aws:apigateway:us-east-1:lambda:path/2015-03-31/functions/arn:aws:lambda:us-east-1:661250114429:function:visitorCount:$LATEST/invocations",
            "replace_security_groups_on_destroy": null,
            "replacement_security_group_ids": null,
            "reserved_concurrent_executions": -1,
            "role": "arn:aws:iam::661250114429:role/lambda-lambdaRole-terraform",
            "runtime": "python3.11",
            "s3_bucket": null,
            "s3_key": null,
            "s3_object_version": null,
            "signing_job_arn": "",
            "signing_profile_version_arn": "",
            "skip_destroy": false,
            "snap_start": [],
            "source_code_hash": "hhxVdxOQ6BlXPJNbgnDEmJD90qgimZ1V6Gvqm5RD1gI=",
            "source_code_size": 706,
            "tags": {},
            "tags_all": {},
            "timeout": 10,
            "timeouts": null,
            "tracing_config": [
              {
                "mode": "PassThrough"
              }
            ],
            "version": "$LATEST",
            "vpc_config": []
          },
          "sensitive_attributes": [],
          "private": "eyJlMmJmYjczMC1lY2FhLTExZTYtOGY4OC0zNDM2M2JjN2M0YzAiOnsiY3JlYXRlIjo2MDAwMDAwMDAwMDAsImRlbGV0ZSI6NjAwMDAwMDAwMDAwLCJ1cGRhdGUiOjYwMDAwMDAwMDAwMH19",
          "dependencies": [
            "aws_iam_role.lambdaRole",
            "data.archive_file.visitorCountPackage"
          ]
        }
      ]
    },
    {
      "mode": "managed",
      "type": "aws_lambda_permission",
      "name": "allowCache",
      "provider": "provider[\"registry.terraform.io/hashicorp/aws\"]",
      "instances": [
        {
          "schema_version": 0,
          "attributes": {
            "action": "lambda:InvokeFunction",
            "event_source_token": null,
            "function_name": "clearCache",
            "function_url_auth_type": null,
            "id": "AllowApiCacheGateway",
            "principal": "events.amazonaws.com",
            "principal_org_id": null,
            "qualifier": "",
            "source_account": null,
            "source_arn": "arn:aws:events:us-east-1:661250114429:wcrgc9e3ui/*/*/*",
            "statement_id": "AllowApiCacheGateway",
            "statement_id_prefix": ""
          },
          "sensitive_attributes": [],
          "private": "bnVsbA==",
          "dependencies": [
            "aws_api_gateway_rest_api.cacheApi",
            "aws_iam_role.cacheRole",
            "aws_lambda_function.cacheFunction",
            "data.archive_file.cachePackage"
          ]
        }
      ]
    },
    {
      "mode": "managed",
      "type": "aws_lambda_permission",
      "name": "allowCount",
      "provider": "provider[\"registry.terraform.io/hashicorp/aws\"]",
      "instances": [
        {
          "schema_version": 0,
          "attributes": {
            "action": "lambda:InvokeFunction",
            "event_source_token": null,
            "function_name": "visitorCount",
            "function_url_auth_type": null,
            "id": "AllowApicountGateway",
            "principal": "events.amazonaws.com",
            "principal_org_id": null,
            "qualifier": "",
            "source_account": null,
            "source_arn": "arn:aws:events:us-east-1:661250114429:cjv0ahsnx7/*/*/*",
            "statement_id": "AllowApicountGateway",
            "statement_id_prefix": ""
          },
          "sensitive_attributes": [],
          "private": "bnVsbA==",
          "dependencies": [
            "aws_api_gateway_rest_api.countApi",
            "aws_iam_role.lambdaRole",
            "aws_lambda_function.visitorCountFunction",
            "data.archive_file.visitorCountPackage"
          ]
        }
      ]
    },
    {
      "mode": "managed",
      "type": "aws_lambda_permission",
      "name": "allowStatus",
      "provider": "provider[\"registry.terraform.io/hashicorp/aws\"]",
      "instances": [
        {
          "schema_version": 0,
          "attributes": {
            "action": "lambda:InvokeFunction",
            "event_source_token": null,
            "function_name": "getStatus",
            "function_url_auth_type": null,
            "id": "AllowApiStatusGateway",
            "principal": "events.amazonaws.com",
            "principal_org_id": null,
            "qualifier": "",
            "source_account": null,
            "source_arn": "arn:aws:events:us-east-1:661250114429:b96tmqfgoi/*/*/*",
            "statement_id": "AllowApiStatusGateway",
            "statement_id_prefix": ""
          },
          "sensitive_attributes": [],
          "private": "bnVsbA==",
          "dependencies": [
            "aws_api_gateway_rest_api.statusApi",
            "aws_iam_role.lambdaRole",
            "aws_lambda_function.statusFunction",
            "data.archive_file.statusPackage"
          ]
        }
      ]
    },
    {
      "mode": "managed",
      "type": "aws_lambda_permission",
      "name": "allowTime",
      "provider": "provider[\"registry.terraform.io/hashicorp/aws\"]",
      "instances": [
        {
          "schema_version": 0,
          "attributes": {
            "action": "lambda:InvokeFunction",
            "event_source_token": null,
            "function_name": "timeCount",
            "function_url_auth_type": null,
            "id": "AllowApitimeGateway",
            "principal": "events.amazonaws.com",
            "principal_org_id": null,
            "qualifier": "",
            "source_account": null,
            "source_arn": "arn:aws:events:us-east-1:661250114429:u2qassxreh/*/*/*",
            "statement_id": "AllowApitimeGateway",
            "statement_id_prefix": ""
          },
          "sensitive_attributes": [],
          "private": "bnVsbA==",
          "dependencies": [
            "aws_api_gateway_rest_api.timeApi",
            "aws_iam_role.lambdaRole",
            "aws_lambda_function.timeFunction",
            "data.archive_file.timePackage"
          ]
        }
      ]
    },
    {
      "mode": "managed",
      "type": "aws_route53_record",
      "name": "certRecord",
      "provider": "provider[\"registry.terraform.io/hashicorp/aws\"]",
      "instances": [
        {
          "index_key": "gregchow.net",
          "schema_version": 2,
          "attributes": {
            "alias": [],
            "allow_overwrite": true,
            "cidr_routing_policy": [],
            "failover_routing_policy": [],
            "fqdn": "_89ab7e4febe48cdeeff02784a7a066fa.gregchow.net",
            "geolocation_routing_policy": [],
            "health_check_id": "",
            "id": "Z0887064CFATH04RWS5Z__89ab7e4febe48cdeeff02784a7a066fa.gregchow.net._CNAME",
            "latency_routing_policy": [],
            "multivalue_answer_routing_policy": false,
            "name": "_89ab7e4febe48cdeeff02784a7a066fa.gregchow.net",
            "records": [
              "_4777f07a6a6f7ce0d6f040c9dc942330.xpybkgmvdt.acm-validations.aws."
            ],
            "set_identifier": "",
            "ttl": 60,
            "type": "CNAME",
            "weighted_routing_policy": [],
            "zone_id": "Z0887064CFATH04RWS5Z"
          },
          "sensitive_attributes": [],
          "private": "eyJzY2hlbWFfdmVyc2lvbiI6IjIifQ==",
          "dependencies": [
            "aws_acm_certificate.cert",
            "aws_route53_zone.hostedZone"
          ]
        },
        {
          "index_key": "www.gregchow.net",
          "schema_version": 2,
          "attributes": {
            "alias": [],
            "allow_overwrite": true,
            "cidr_routing_policy": [],
            "failover_routing_policy": [],
            "fqdn": "_c8a5135f6a683dcde799badecd829642.www.gregchow.net",
            "geolocation_routing_policy": [],
            "health_check_id": "",
            "id": "Z0887064CFATH04RWS5Z__c8a5135f6a683dcde799badecd829642.www.gregchow.net._CNAME",
            "latency_routing_policy": [],
            "multivalue_answer_routing_policy": false,
            "name": "_c8a5135f6a683dcde799badecd829642.www.gregchow.net",
            "records": [
              "_0a7563616acdccba881a622de345b385.mhbtsbpdnt.acm-validations.aws."
            ],
            "set_identifier": "",
            "ttl": 60,
            "type": "CNAME",
            "weighted_routing_policy": [],
            "zone_id": "Z0887064CFATH04RWS5Z"
          },
          "sensitive_attributes": [],
          "private": "eyJzY2hlbWFfdmVyc2lvbiI6IjIifQ==",
          "dependencies": [
            "aws_acm_certificate.cert",
            "aws_route53_zone.hostedZone"
          ]
        }
      ]
    },
    {
      "mode": "managed",
      "type": "aws_route53_record",
      "name": "record",
      "provider": "provider[\"registry.terraform.io/hashicorp/aws\"]",
      "instances": [
        {
          "schema_version": 2,
          "attributes": {
            "alias": [
              {
                "evaluate_target_health": true,
                "name": "d1q8c7ap1xmwsi.cloudfront.net",
                "zone_id": "Z2FDTNDATAQYW2"
              }
            ],
            "allow_overwrite": null,
            "cidr_routing_policy": [],
            "failover_routing_policy": [],
            "fqdn": "www.gregchow.net",
            "geolocation_routing_policy": [],
            "health_check_id": "",
            "id": "Z0887064CFATH04RWS5Z_www.gregchow.net_A",
            "latency_routing_policy": [],
            "multivalue_answer_routing_policy": false,
            "name": "www.gregchow.net",
            "records": [],
            "set_identifier": "",
            "ttl": 0,
            "type": "A",
            "weighted_routing_policy": [],
            "zone_id": "Z0887064CFATH04RWS5Z"
          },
          "sensitive_attributes": [],
          "private": "eyJzY2hlbWFfdmVyc2lvbiI6IjIifQ==",
          "dependencies": [
            "aws_acm_certificate.cert",
            "aws_acm_certificate_validation.certValidation",
            "aws_cloudfront_distribution.distribution",
            "aws_route53_record.certRecord",
            "aws_route53_zone.hostedZone",
            "aws_s3_bucket.terraformBucket",
            "aws_s3_bucket_website_configuration.terraformWebsite"
          ]
        }
      ]
    },
    {
      "mode": "managed",
      "type": "aws_route53_record",
      "name": "record6",
      "provider": "provider[\"registry.terraform.io/hashicorp/aws\"]",
      "instances": [
        {
          "schema_version": 2,
          "attributes": {
            "alias": [
              {
                "evaluate_target_health": true,
                "name": "d1q8c7ap1xmwsi.cloudfront.net",
                "zone_id": "Z2FDTNDATAQYW2"
              }
            ],
            "allow_overwrite": null,
            "cidr_routing_policy": [],
            "failover_routing_policy": [],
            "fqdn": "www.gregchow.net",
            "geolocation_routing_policy": [],
            "health_check_id": "",
            "id": "Z0887064CFATH04RWS5Z_www.gregchow.net_AAAA",
            "latency_routing_policy": [],
            "multivalue_answer_routing_policy": false,
            "name": "www.gregchow.net",
            "records": [],
            "set_identifier": "",
            "ttl": 0,
            "type": "AAAA",
            "weighted_routing_policy": [],
            "zone_id": "Z0887064CFATH04RWS5Z"
          },
          "sensitive_attributes": [],
          "private": "eyJzY2hlbWFfdmVyc2lvbiI6IjIifQ==",
          "dependencies": [
            "aws_acm_certificate.cert",
            "aws_acm_certificate_validation.certValidation",
            "aws_cloudfront_distribution.distribution",
            "aws_route53_record.certRecord",
            "aws_route53_zone.hostedZone",
            "aws_s3_bucket.terraformBucket",
            "aws_s3_bucket_website_configuration.terraformWebsite"
          ]
        }
      ]
    },
    {
      "mode": "managed",
      "type": "aws_route53_record",
      "name": "rootRecord",
      "provider": "provider[\"registry.terraform.io/hashicorp/aws\"]",
      "instances": [
        {
          "schema_version": 2,
          "attributes": {
            "alias": [
              {
                "evaluate_target_health": true,
                "name": "d1qb33xld9j098.cloudfront.net",
                "zone_id": "Z2FDTNDATAQYW2"
              }
            ],
            "allow_overwrite": null,
            "cidr_routing_policy": [],
            "failover_routing_policy": [],
            "fqdn": "gregchow.net",
            "geolocation_routing_policy": [],
            "health_check_id": "",
            "id": "Z0887064CFATH04RWS5Z_gregchow.net_A",
            "latency_routing_policy": [],
            "multivalue_answer_routing_policy": false,
            "name": "gregchow.net",
            "records": [],
            "set_identifier": "",
            "ttl": 0,
            "type": "A",
            "weighted_routing_policy": [],
            "zone_id": "Z0887064CFATH04RWS5Z"
          },
          "sensitive_attributes": [],
          "private": "eyJzY2hlbWFfdmVyc2lvbiI6IjIifQ==",
          "dependencies": [
            "aws_cloudfront_distribution.rootDistribution",
            "aws_route53_zone.hostedZone",
            "aws_s3_bucket.rootBucket",
            "aws_s3_bucket.terraformBucket",
            "aws_s3_bucket_website_configuration.rootWebsite",
            "aws_s3_bucket_website_configuration.terraformWebsite"
          ]
        }
      ]
    },
    {
      "mode": "managed",
      "type": "aws_route53_record",
      "name": "rootRecord6",
      "provider": "provider[\"registry.terraform.io/hashicorp/aws\"]",
      "instances": [
        {
          "schema_version": 2,
          "attributes": {
            "alias": [
              {
                "evaluate_target_health": true,
                "name": "d1qb33xld9j098.cloudfront.net",
                "zone_id": "Z2FDTNDATAQYW2"
              }
            ],
            "allow_overwrite": null,
            "cidr_routing_policy": [],
            "failover_routing_policy": [],
            "fqdn": "gregchow.net",
            "geolocation_routing_policy": [],
            "health_check_id": "",
            "id": "Z0887064CFATH04RWS5Z_gregchow.net_AAAA",
            "latency_routing_policy": [],
            "multivalue_answer_routing_policy": false,
            "name": "gregchow.net",
            "records": [],
            "set_identifier": "",
            "ttl": 0,
            "type": "AAAA",
            "weighted_routing_policy": [],
            "zone_id": "Z0887064CFATH04RWS5Z"
          },
          "sensitive_attributes": [],
          "private": "eyJzY2hlbWFfdmVyc2lvbiI6IjIifQ==",
          "dependencies": [
            "aws_cloudfront_distribution.rootDistribution",
            "aws_route53_zone.hostedZone",
            "aws_s3_bucket.rootBucket",
            "aws_s3_bucket.terraformBucket",
            "aws_s3_bucket_website_configuration.rootWebsite",
            "aws_s3_bucket_website_configuration.terraformWebsite"
          ]
        }
      ]
    },
    {
      "mode": "managed",
      "type": "aws_route53_zone",
      "name": "hostedZone",
      "provider": "provider[\"registry.terraform.io/hashicorp/aws\"]",
      "instances": [
        {
          "schema_version": 0,
          "attributes": {
            "arn": "arn:aws:route53:::hostedzone/Z0887064CFATH04RWS5Z",
            "comment": "Managed by Terraform",
            "delegation_set_id": "",
            "force_destroy": false,
            "id": "Z0887064CFATH04RWS5Z",
            "name": "gregchow.net",
            "name_servers": [
              "ns-1453.awsdns-53.org",
              "ns-1826.awsdns-36.co.uk",
              "ns-32.awsdns-04.com",
              "ns-894.awsdns-47.net"
            ],
            "primary_name_server": "ns-1826.awsdns-36.co.uk",
            "tags": {},
            "tags_all": {},
            "vpc": [],
            "zone_id": "Z0887064CFATH04RWS5Z"
          },
          "sensitive_attributes": [],
          "private": "bnVsbA=="
        }
      ]
    },
    {
      "mode": "managed",
      "type": "aws_route53domains_registered_domain",
      "name": "domain",
      "provider": "provider[\"registry.terraform.io/hashicorp/aws\"]",
      "instances": [
        {
          "schema_version": 0,
          "attributes": {
            "abuse_contact_email": "abuse@registrar.amazon.com",
            "abuse_contact_phone": "+1.2062661000",
            "admin_contact": [
              {
                "address_line_1": "355 N. wolfe rd #221",
                "address_line_2": "",
                "city": "Sunnyvale",
                "contact_type": "PERSON",
                "country_code": "US",
                "email": "greg.choww@gmail.com",
                "extra_params": {},
                "fax": "",
                "first_name": "gregory",
                "last_name": "chow",
                "organization_name": "",
                "phone_number": "+1.4083132598",
                "state": "CA",
                "zip_code": "94085"
              }
            ],
            "admin_privacy": true,
            "auto_renew": true,
            "creation_date": "2023-10-31T22:39:26Z",
            "domain_name": "gregchow.net",
            "expiration_date": "2024-10-31T22:39:26Z",
            "id": "gregchow.net",
            "name_server": [
              {
                "glue_ips": [],
                "name": "ns-1453.awsdns-53.org"
              },
              {
                "glue_ips": [],
                "name": "ns-1826.awsdns-36.co.uk"
              },
              {
                "glue_ips": [],
                "name": "ns-32.awsdns-04.com"
              },
              {
                "glue_ips": [],
                "name": "ns-894.awsdns-47.net"
              }
            ],
            "registrant_contact": [
              {
                "address_line_1": "355 N. wolfe rd #221",
                "address_line_2": "",
                "city": "Sunnyvale",
                "contact_type": "PERSON",
                "country_code": "US",
                "email": "greg.choww@gmail.com",
                "extra_params": {},
                "fax": "",
                "first_name": "gregory",
                "last_name": "chow",
                "organization_name": "",
                "phone_number": "+1.4083132598",
                "state": "CA",
                "zip_code": "94085"
              }
            ],
            "registrant_privacy": true,
            "registrar_name": "Amazon Registrar, Inc.",
            "registrar_url": "http://registrar.amazon.com",
            "reseller": "",
            "status_list": [
              "clientDeleteProhibited",
              "clientTransferProhibited",
              "clientUpdateProhibited"
            ],
            "tags": {
              "Environment": "gregchow.net"
            },
            "tags_all": {
              "Environment": "gregchow.net"
            },
            "tech_contact": [
              {
                "address_line_1": "355 N. wolfe rd #221",
                "address_line_2": "",
                "city": "Sunnyvale",
                "contact_type": "PERSON",
                "country_code": "US",
                "email": "greg.choww@gmail.com",
                "extra_params": {},
                "fax": "",
                "first_name": "gregory",
                "last_name": "chow",
                "organization_name": "",
                "phone_number": "+1.4083132598",
                "state": "CA",
                "zip_code": "94085"
              }
            ],
            "tech_privacy": true,
            "timeouts": null,
            "transfer_lock": true,
            "updated_date": "2023-11-13T19:45:36Z",
            "whois_server": "whois.registrar.amazon.com"
          },
          "sensitive_attributes": [],
          "private": "eyJlMmJmYjczMC1lY2FhLTExZTYtOGY4OC0zNDM2M2JjN2M0YzAiOnsiY3JlYXRlIjoxODAwMDAwMDAwMDAwLCJ1cGRhdGUiOjE4MDAwMDAwMDAwMDB9fQ==",
          "dependencies": [
            "aws_route53_zone.hostedZone"
          ]
        }
      ]
    },
    {
      "mode": "managed",
      "type": "aws_s3_bucket",
      "name": "jsonBucket",
      "provider": "provider[\"registry.terraform.io/hashicorp/aws\"]",
      "instances": [
        {
          "schema_version": 0,
          "attributes": {
            "acceleration_status": "",
            "acl": null,
            "arn": "arn:aws:s3:::gregchow.jsonbucket",
            "bucket": "gregchow.jsonbucket",
            "bucket_domain_name": "gregchow.jsonbucket.s3.amazonaws.com",
            "bucket_prefix": "",
            "bucket_regional_domain_name": "gregchow.jsonbucket.s3.us-east-1.amazonaws.com",
            "cors_rule": [
              {
                "allowed_headers": [
                  "*"
                ],
                "allowed_methods": [
                  "GET",
                  "HEAD"
                ],
                "allowed_origins": [
                  "https://www.gregchow.net"
                ],
                "expose_headers": [],
                "max_age_seconds": 3000
              }
            ],
            "force_destroy": false,
            "grant": [
              {
                "id": "121168f4ff347aef64b91a949bda42fe48a4e8a2af6b79b0c1c032cc5e1701a1",
                "permissions": [
                  "FULL_CONTROL"
                ],
                "type": "CanonicalUser",
                "uri": ""
              }
            ],
            "hosted_zone_id": "Z3AQBSTGFYJSTF",
            "id": "gregchow.jsonbucket",
            "lifecycle_rule": [],
            "logging": [],
            "object_lock_configuration": [],
            "object_lock_enabled": false,
            "policy": "{\"Statement\":[{\"Action\":\"s3:GetObject\",\"Effect\":\"Allow\",\"Principal\":\"*\",\"Resource\":\"arn:aws:s3:::gregchow.jsonbucket/*\",\"Sid\":\"PublicReadGetObject\"}],\"Version\":\"2012-10-17\"}",
            "region": "us-east-1",
            "replication_configuration": [],
            "request_payer": "BucketOwner",
            "server_side_encryption_configuration": [
              {
                "rule": [
                  {
                    "apply_server_side_encryption_by_default": [
                      {
                        "kms_master_key_id": "",
                        "sse_algorithm": "AES256"
                      }
                    ],
                    "bucket_key_enabled": false
                  }
                ]
              }
            ],
            "tags": {
              "Environment": "Prod",
              "Name": "terraformBucket"
            },
            "tags_all": {
              "Environment": "Prod",
              "Name": "terraformBucket"
            },
            "timeouts": null,
            "versioning": [
              {
                "enabled": false,
                "mfa_delete": false
              }
            ],
            "website": [],
            "website_domain": null,
            "website_endpoint": null
          },
          "sensitive_attributes": [],
          "private": "eyJlMmJmYjczMC1lY2FhLTExZTYtOGY4OC0zNDM2M2JjN2M0YzAiOnsiY3JlYXRlIjoxMjAwMDAwMDAwMDAwLCJkZWxldGUiOjM2MDAwMDAwMDAwMDAsInJlYWQiOjEyMDAwMDAwMDAwMDAsInVwZGF0ZSI6MTIwMDAwMDAwMDAwMH19"
        }
      ]
    },
    {
      "mode": "managed",
      "type": "aws_s3_bucket",
      "name": "rootBucket",
      "provider": "provider[\"registry.terraform.io/hashicorp/aws\"]",
      "instances": [
        {
          "schema_version": 0,
          "attributes": {
            "acceleration_status": "",
            "acl": null,
            "arn": "arn:aws:s3:::gregchow.net",
            "bucket": "gregchow.net",
            "bucket_domain_name": "gregchow.net.s3.amazonaws.com",
            "bucket_prefix": "",
            "bucket_regional_domain_name": "gregchow.net.s3.us-east-1.amazonaws.com",
            "cors_rule": [],
            "force_destroy": false,
            "grant": [
              {
                "id": "121168f4ff347aef64b91a949bda42fe48a4e8a2af6b79b0c1c032cc5e1701a1",
                "permissions": [
                  "FULL_CONTROL"
                ],
                "type": "CanonicalUser",
                "uri": ""
              }
            ],
            "hosted_zone_id": "Z3AQBSTGFYJSTF",
            "id": "gregchow.net",
            "lifecycle_rule": [],
            "logging": [],
            "object_lock_configuration": [],
            "object_lock_enabled": false,
            "policy": "",
            "region": "us-east-1",
            "replication_configuration": [],
            "request_payer": "BucketOwner",
            "server_side_encryption_configuration": [
              {
                "rule": [
                  {
                    "apply_server_side_encryption_by_default": [
                      {
                        "kms_master_key_id": "",
                        "sse_algorithm": "AES256"
                      }
                    ],
                    "bucket_key_enabled": false
                  }
                ]
              }
            ],
            "tags": {
              "Environment": "Prod",
              "Name": "terraformBucket"
            },
            "tags_all": {
              "Environment": "Prod",
              "Name": "terraformBucket"
            },
            "timeouts": null,
            "versioning": [
              {
                "enabled": false,
                "mfa_delete": false
              }
            ],
            "website": [
              {
                "error_document": "",
                "index_document": "",
                "redirect_all_requests_to": "www.gregchow.net.s3-website-us-east-1.amazonaws.com",
                "routing_rules": ""
              }
            ],
            "website_domain": "s3-website-us-east-1.amazonaws.com",
            "website_endpoint": "gregchow.net.s3-website-us-east-1.amazonaws.com"
          },
          "sensitive_attributes": [],
          "private": "eyJlMmJmYjczMC1lY2FhLTExZTYtOGY4OC0zNDM2M2JjN2M0YzAiOnsiY3JlYXRlIjoxMjAwMDAwMDAwMDAwLCJkZWxldGUiOjM2MDAwMDAwMDAwMDAsInJlYWQiOjEyMDAwMDAwMDAwMDAsInVwZGF0ZSI6MTIwMDAwMDAwMDAwMH19"
        }
      ]
    },
    {
      "mode": "managed",
      "type": "aws_s3_bucket",
      "name": "terraformBucket",
      "provider": "provider[\"registry.terraform.io/hashicorp/aws\"]",
      "instances": [
        {
          "schema_version": 0,
          "attributes": {
            "acceleration_status": "",
            "acl": null,
            "arn": "arn:aws:s3:::www.gregchow.net",
            "bucket": "www.gregchow.net",
            "bucket_domain_name": "www.gregchow.net.s3.amazonaws.com",
            "bucket_prefix": "",
            "bucket_regional_domain_name": "www.gregchow.net.s3.us-east-1.amazonaws.com",
            "cors_rule": [
              {
                "allowed_headers": [],
                "allowed_methods": [
                  "GET"
                ],
                "allowed_origins": [
                  "*"
                ],
                "expose_headers": [],
                "max_age_seconds": 0
              }
            ],
            "force_destroy": false,
            "grant": [
              {
                "id": "121168f4ff347aef64b91a949bda42fe48a4e8a2af6b79b0c1c032cc5e1701a1",
                "permissions": [
                  "FULL_CONTROL"
                ],
                "type": "CanonicalUser",
                "uri": ""
              }
            ],
            "hosted_zone_id": "Z3AQBSTGFYJSTF",
            "id": "www.gregchow.net",
            "lifecycle_rule": [],
            "logging": [],
            "object_lock_configuration": [],
            "object_lock_enabled": false,
            "policy": "{\"Statement\":[{\"Action\":\"s3:GetObject\",\"Effect\":\"Allow\",\"Principal\":\"*\",\"Resource\":\"arn:aws:s3:::www.gregchow.net/*\",\"Sid\":\"PublicReadGetObject\"}],\"Version\":\"2012-10-17\"}",
            "region": "us-east-1",
            "replication_configuration": [],
            "request_payer": "BucketOwner",
            "server_side_encryption_configuration": [
              {
                "rule": [
                  {
                    "apply_server_side_encryption_by_default": [
                      {
                        "kms_master_key_id": "",
                        "sse_algorithm": "AES256"
                      }
                    ],
                    "bucket_key_enabled": false
                  }
                ]
              }
            ],
            "tags": {
              "Environment": "Prod",
              "Name": "terraformBucket"
            },
            "tags_all": {
              "Environment": "Prod",
              "Name": "terraformBucket"
            },
            "timeouts": null,
            "versioning": [
              {
                "enabled": false,
                "mfa_delete": false
              }
            ],
            "website": [
              {
                "error_document": "",
                "index_document": "home.html",
                "redirect_all_requests_to": "",
                "routing_rules": ""
              }
            ],
            "website_domain": "s3-website-us-east-1.amazonaws.com",
            "website_endpoint": "www.gregchow.net.s3-website-us-east-1.amazonaws.com"
          },
          "sensitive_attributes": [],
          "private": "eyJlMmJmYjczMC1lY2FhLTExZTYtOGY4OC0zNDM2M2JjN2M0YzAiOnsiY3JlYXRlIjoxMjAwMDAwMDAwMDAwLCJkZWxldGUiOjM2MDAwMDAwMDAwMDAsInJlYWQiOjEyMDAwMDAwMDAwMDAsInVwZGF0ZSI6MTIwMDAwMDAwMDAwMH19"
        }
      ]
    },
    {
      "mode": "managed",
      "type": "aws_s3_bucket_cors_configuration",
      "name": "jsonCors",
      "provider": "provider[\"registry.terraform.io/hashicorp/aws\"]",
      "instances": [
        {
          "schema_version": 0,
          "attributes": {
            "bucket": "gregchow.jsonbucket",
            "cors_rule": [
              {
                "allowed_headers": [
                  "*"
                ],
                "allowed_methods": [
                  "GET",
                  "HEAD"
                ],
                "allowed_origins": [
                  "https://www.gregchow.net"
                ],
                "expose_headers": [],
                "id": "",
                "max_age_seconds": 3000
              }
            ],
            "expected_bucket_owner": "",
            "id": "gregchow.jsonbucket"
          },
          "sensitive_attributes": [],
          "private": "bnVsbA==",
          "dependencies": [
            "aws_s3_bucket.jsonBucket"
          ]
        }
      ]
    },
    {
      "mode": "managed",
      "type": "aws_s3_bucket_cors_configuration",
      "name": "myCorsConfig",
      "provider": "provider[\"registry.terraform.io/hashicorp/aws\"]",
      "instances": [
        {
          "schema_version": 0,
          "attributes": {
            "bucket": "www.gregchow.net",
            "cors_rule": [
              {
                "allowed_headers": [],
                "allowed_methods": [
                  "GET"
                ],
                "allowed_origins": [
                  "*"
                ],
                "expose_headers": [],
                "id": "",
                "max_age_seconds": 0
              }
            ],
            "expected_bucket_owner": "",
            "id": "www.gregchow.net"
          },
          "sensitive_attributes": [],
          "private": "bnVsbA==",
          "dependencies": [
            "aws_s3_bucket.terraformBucket"
          ]
        }
      ]
    },
    {
      "mode": "managed",
      "type": "aws_s3_bucket_ownership_controls",
      "name": "jsonOwnership",
      "provider": "provider[\"registry.terraform.io/hashicorp/aws\"]",
      "instances": [
        {
          "schema_version": 0,
          "attributes": {
            "bucket": "gregchow.jsonbucket",
            "id": "gregchow.jsonbucket",
            "rule": [
              {
                "object_ownership": "BucketOwnerPreferred"
              }
            ]
          },
          "sensitive_attributes": [],
          "private": "bnVsbA==",
          "dependencies": [
            "aws_s3_bucket.jsonBucket"
          ]
        }
      ]
    },
    {
      "mode": "managed",
      "type": "aws_s3_bucket_ownership_controls",
      "name": "ownership",
      "provider": "provider[\"registry.terraform.io/hashicorp/aws\"]",
      "instances": [
        {
          "schema_version": 0,
          "attributes": {
            "bucket": "www.gregchow.net",
            "id": "www.gregchow.net",
            "rule": [
              {
                "object_ownership": "BucketOwnerPreferred"
              }
            ]
          },
          "sensitive_attributes": [],
          "private": "bnVsbA==",
          "dependencies": [
            "aws_s3_bucket.terraformBucket"
          ]
        }
      ]
    },
    {
      "mode": "managed",
      "type": "aws_s3_bucket_policy",
      "name": "bucket_policy",
      "provider": "provider[\"registry.terraform.io/hashicorp/aws\"]",
      "instances": [
        {
          "schema_version": 0,
          "attributes": {
            "bucket": "www.gregchow.net",
            "id": "www.gregchow.net",
            "policy": "{\"Statement\":[{\"Action\":\"s3:GetObject\",\"Effect\":\"Allow\",\"Principal\":\"*\",\"Resource\":\"arn:aws:s3:::www.gregchow.net/*\",\"Sid\":\"PublicReadGetObject\"}],\"Version\":\"2012-10-17\"}"
          },
          "sensitive_attributes": [],
          "private": "bnVsbA==",
          "dependencies": [
            "aws_s3_bucket.terraformBucket"
          ]
        }
      ]
    },
    {
      "mode": "managed",
      "type": "aws_s3_bucket_policy",
      "name": "policyJson",
      "provider": "provider[\"registry.terraform.io/hashicorp/aws\"]",
      "instances": [
        {
          "schema_version": 0,
          "attributes": {
            "bucket": "gregchow.jsonbucket",
            "id": "gregchow.jsonbucket",
            "policy": "{\"Statement\":[{\"Action\":\"s3:GetObject\",\"Effect\":\"Allow\",\"Principal\":\"*\",\"Resource\":\"arn:aws:s3:::gregchow.jsonbucket/*\",\"Sid\":\"PublicReadGetObject\"}],\"Version\":\"2012-10-17\"}"
          },
          "sensitive_attributes": [],
          "private": "bnVsbA==",
          "dependencies": [
            "aws_s3_bucket.jsonBucket"
          ]
        }
      ]
    },
    {
      "mode": "managed",
      "type": "aws_s3_bucket_public_access_block",
      "name": "pb",
      "provider": "provider[\"registry.terraform.io/hashicorp/aws\"]",
      "instances": [
        {
          "schema_version": 0,
          "attributes": {
            "block_public_acls": false,
            "block_public_policy": false,
            "bucket": "www.gregchow.net",
            "id": "www.gregchow.net",
            "ignore_public_acls": false,
            "restrict_public_buckets": false
          },
          "sensitive_attributes": [],
          "private": "bnVsbA==",
          "dependencies": [
            "aws_s3_bucket.terraformBucket"
          ]
        }
      ]
    },
    {
      "mode": "managed",
      "type": "aws_s3_bucket_public_access_block",
      "name": "pbJson",
      "provider": "provider[\"registry.terraform.io/hashicorp/aws\"]",
      "instances": [
        {
          "schema_version": 0,
          "attributes": {
            "block_public_acls": false,
            "block_public_policy": false,
            "bucket": "www.gregchow.net",
            "id": "www.gregchow.net",
            "ignore_public_acls": false,
            "restrict_public_buckets": false
          },
          "sensitive_attributes": [],
          "private": "bnVsbA==",
          "dependencies": [
            "aws_s3_bucket.terraformBucket"
          ]
        }
      ]
    },
    {
      "mode": "managed",
      "type": "aws_s3_bucket_website_configuration",
      "name": "rootWebsite",
      "provider": "provider[\"registry.terraform.io/hashicorp/aws\"]",
      "instances": [
        {
          "schema_version": 0,
          "attributes": {
            "bucket": "gregchow.net",
            "error_document": [],
            "expected_bucket_owner": "",
            "id": "gregchow.net",
            "index_document": [],
            "redirect_all_requests_to": [
              {
                "host_name": "www.gregchow.net.s3-website-us-east-1.amazonaws.com",
                "protocol": ""
              }
            ],
            "routing_rule": [],
            "routing_rules": "",
            "website_domain": "s3-website-us-east-1.amazonaws.com",
            "website_endpoint": "gregchow.net.s3-website-us-east-1.amazonaws.com"
          },
          "sensitive_attributes": [],
          "private": "bnVsbA==",
          "dependencies": [
            "aws_s3_bucket.rootBucket",
            "aws_s3_bucket.terraformBucket",
            "aws_s3_bucket_website_configuration.terraformWebsite"
          ]
        }
      ]
    },
    {
      "mode": "managed",
      "type": "aws_s3_bucket_website_configuration",
      "name": "terraformWebsite",
      "provider": "provider[\"registry.terraform.io/hashicorp/aws\"]",
      "instances": [
        {
          "schema_version": 0,
          "attributes": {
            "bucket": "www.gregchow.net",
            "error_document": [],
            "expected_bucket_owner": "",
            "id": "www.gregchow.net",
            "index_document": [
              {
                "suffix": "home.html"
              }
            ],
            "redirect_all_requests_to": [],
            "routing_rule": [],
            "routing_rules": "",
            "website_domain": "s3-website-us-east-1.amazonaws.com",
            "website_endpoint": "www.gregchow.net.s3-website-us-east-1.amazonaws.com"
          },
          "sensitive_attributes": [],
          "private": "bnVsbA==",
          "dependencies": [
            "aws_s3_bucket.terraformBucket"
          ]
        }
      ]
    },
    {
      "mode": "managed",
      "type": "aws_s3_object",
      "name": "css",
      "provider": "provider[\"registry.terraform.io/hashicorp/aws\"]",
      "instances": [
        {
          "schema_version": 0,
          "attributes": {
            "acl": null,
            "bucket": "www.gregchow.net",
            "bucket_key_enabled": false,
            "cache_control": "",
            "checksum_algorithm": null,
            "checksum_crc32": "",
            "checksum_crc32c": "",
            "checksum_sha1": "",
            "checksum_sha256": "",
            "content": null,
            "content_base64": null,
            "content_disposition": "",
            "content_encoding": "",
            "content_language": "",
            "content_type": "text/css",
            "etag": "e2a0034888ccc9a0a26576477612e997",
            "force_destroy": false,
            "id": "home.css",
            "key": "home.css",
            "kms_key_id": null,
            "metadata": {},
            "object_lock_legal_hold_status": "",
            "object_lock_mode": "",
            "object_lock_retain_until_date": "",
            "override_provider": [],
            "server_side_encryption": "AES256",
            "source": "../website/home.css",
            "source_hash": null,
            "storage_class": "STANDARD",
            "tags": {},
            "tags_all": {},
            "version_id": "",
            "website_redirect": ""
          },
          "sensitive_attributes": [],
          "private": "bnVsbA==",
          "dependencies": [
            "aws_s3_bucket.terraformBucket"
          ]
        }
      ]
    },
    {
      "mode": "managed",
      "type": "aws_s3_object",
      "name": "cssError",
      "provider": "provider[\"registry.terraform.io/hashicorp/aws\"]",
      "instances": [
        {
          "index_key": "404.css",
          "schema_version": 0,
          "attributes": {
            "acl": null,
            "bucket": "www.gregchow.net",
            "bucket_key_enabled": false,
            "cache_control": "",
            "checksum_algorithm": null,
            "checksum_crc32": "",
            "checksum_crc32c": "",
            "checksum_sha1": "",
            "checksum_sha256": "",
            "content": null,
            "content_base64": null,
            "content_disposition": "",
            "content_encoding": "",
            "content_language": "",
            "content_type": "text/css",
            "etag": "681a16644d2ca6740ef33da762b3b9e9",
            "force_destroy": false,
            "id": "404.css",
            "key": "404.css",
            "kms_key_id": null,
            "metadata": {},
            "object_lock_legal_hold_status": "",
            "object_lock_mode": "",
            "object_lock_retain_until_date": "",
            "override_provider": [],
            "server_side_encryption": "AES256",
            "source": "errors/404.css",
            "source_hash": null,
            "storage_class": "STANDARD",
            "tags": {},
            "tags_all": {},
            "version_id": "",
            "website_redirect": ""
          },
          "sensitive_attributes": [],
          "private": "bnVsbA==",
          "dependencies": [
            "aws_s3_bucket.terraformBucket"
          ]
        }
      ]
    },
    {
      "mode": "managed",
      "type": "aws_s3_object",
      "name": "html",
      "provider": "provider[\"registry.terraform.io/hashicorp/aws\"]",
      "instances": [
        {
          "schema_version": 0,
          "attributes": {
            "acl": null,
            "bucket": "www.gregchow.net",
            "bucket_key_enabled": false,
            "cache_control": "",
            "checksum_algorithm": null,
            "checksum_crc32": "",
            "checksum_crc32c": "",
            "checksum_sha1": "",
            "checksum_sha256": "",
            "content": null,
            "content_base64": null,
            "content_disposition": "",
            "content_encoding": "",
            "content_language": "",
            "content_type": "text/html",
            "etag": "cebee5fa6b82571bf36ca9aa397f2e86",
            "force_destroy": false,
            "id": "home.html",
            "key": "home.html",
            "kms_key_id": null,
            "metadata": {},
            "object_lock_legal_hold_status": "",
            "object_lock_mode": "",
            "object_lock_retain_until_date": "",
            "override_provider": [],
            "server_side_encryption": "AES256",
            "source": "../website/home.html",
            "source_hash": null,
            "storage_class": "STANDARD",
            "tags": {},
            "tags_all": {},
            "version_id": "",
            "website_redirect": ""
          },
          "sensitive_attributes": [],
          "private": "bnVsbA==",
          "dependencies": [
            "aws_s3_bucket.terraformBucket"
          ]
        }
      ]
    },
    {
      "mode": "managed",
      "type": "aws_s3_object",
      "name": "htmlError",
      "provider": "provider[\"registry.terraform.io/hashicorp/aws\"]",
      "instances": [
        {
          "index_key": "404.html",
          "schema_version": 0,
          "attributes": {
            "acl": null,
            "bucket": "www.gregchow.net",
            "bucket_key_enabled": false,
            "cache_control": "",
            "checksum_algorithm": null,
            "checksum_crc32": "",
            "checksum_crc32c": "",
            "checksum_sha1": "",
            "checksum_sha256": "",
            "content": null,
            "content_base64": null,
            "content_disposition": "",
            "content_encoding": "",
            "content_language": "",
            "content_type": "text/html",
            "etag": "06d14d5d4e7508c60d36d27adfed2eb5",
            "force_destroy": false,
            "id": "404.html",
            "key": "404.html",
            "kms_key_id": null,
            "metadata": {},
            "object_lock_legal_hold_status": "",
            "object_lock_mode": "",
            "object_lock_retain_until_date": "",
            "override_provider": [],
            "server_side_encryption": "AES256",
            "source": "errors/404.html",
            "source_hash": null,
            "storage_class": "STANDARD",
            "tags": {},
            "tags_all": {},
            "version_id": "",
            "website_redirect": ""
          },
          "sensitive_attributes": [],
          "private": "bnVsbA==",
          "dependencies": [
            "aws_s3_bucket.terraformBucket"
          ]
        }
      ]
    },
    {
      "mode": "managed",
      "type": "aws_s3_object",
      "name": "javascriptError",
      "provider": "provider[\"registry.terraform.io/hashicorp/aws\"]",
      "instances": [
        {
          "index_key": "404.js",
          "schema_version": 0,
          "attributes": {
            "acl": null,
            "bucket": "www.gregchow.net",
            "bucket_key_enabled": false,
            "cache_control": "",
            "checksum_algorithm": null,
            "checksum_crc32": "",
            "checksum_crc32c": "",
            "checksum_sha1": "",
            "checksum_sha256": "",
            "content": null,
            "content_base64": null,
            "content_disposition": "",
            "content_encoding": "",
            "content_language": "",
            "content_type": "text/javascript",
            "etag": "b1709161808af39ab5a959f237bc52bf",
            "force_destroy": false,
            "id": "404.js",
            "key": "404.js",
            "kms_key_id": null,
            "metadata": {},
            "object_lock_legal_hold_status": "",
            "object_lock_mode": "",
            "object_lock_retain_until_date": "",
            "override_provider": [],
            "server_side_encryption": "AES256",
            "source": "errors/404.js",
            "source_hash": null,
            "storage_class": "STANDARD",
            "tags": {},
            "tags_all": {},
            "version_id": "",
            "website_redirect": ""
          },
          "sensitive_attributes": [],
          "private": "bnVsbA==",
          "dependencies": [
            "aws_s3_bucket.terraformBucket"
          ]
        }
      ]
    },
    {
      "mode": "managed",
      "type": "aws_s3_object",
      "name": "js",
      "provider": "provider[\"registry.terraform.io/hashicorp/aws\"]",
      "instances": [
        {
          "schema_version": 0,
          "attributes": {
            "acl": null,
            "bucket": "www.gregchow.net",
            "bucket_key_enabled": false,
            "cache_control": "",
            "checksum_algorithm": null,
            "checksum_crc32": "",
            "checksum_crc32c": "",
            "checksum_sha1": "",
            "checksum_sha256": "",
            "content": null,
            "content_base64": null,
            "content_disposition": "",
            "content_encoding": "",
            "content_language": "",
            "content_type": "text/javascript",
            "etag": "1aec3befc4874a79b2405d83ba872ddb",
            "force_destroy": false,
            "id": "home.js",
            "key": "home.js",
            "kms_key_id": null,
            "metadata": {},
            "object_lock_legal_hold_status": "",
            "object_lock_mode": "",
            "object_lock_retain_until_date": "",
            "override_provider": [],
            "server_side_encryption": "AES256",
            "source": "../website/home.js",
            "source_hash": null,
            "storage_class": "STANDARD",
            "tags": {},
            "tags_all": {},
            "version_id": "",
            "website_redirect": ""
          },
          "sensitive_attributes": [],
          "private": "bnVsbA==",
          "dependencies": [
            "aws_s3_bucket.terraformBucket"
          ]
        }
      ]
    },
    {
      "mode": "managed",
      "type": "aws_s3_object",
      "name": "jsonCount",
      "provider": "provider[\"registry.terraform.io/hashicorp/aws\"]",
      "instances": [
        {
          "schema_version": 0,
          "attributes": {
            "acl": null,
            "bucket": "gregchow.jsonbucket",
            "bucket_key_enabled": false,
            "cache_control": "",
            "checksum_algorithm": null,
            "checksum_crc32": "",
            "checksum_crc32c": "",
            "checksum_sha1": "",
            "checksum_sha256": "",
            "content": "{\r\n    \"urlCount\": \"https://cjv0ahsnx7.execute-api.us-east-1.amazonaws.com/countStage\",\r\n    \"urlTime\": \"https://u2qassxreh.execute-api.us-east-1.amazonaws.com/timeStage\",\r\n    \"urlStatus\": \"https://b96tmqfgoi.execute-api.us-east-1.amazonaws.com/statusStage\",\r\n    \"urlCache\": \"https://wcrgc9e3ui.execute-api.us-east-1.amazonaws.com/cacheStage\"\r\n  }",
            "content_base64": null,
            "content_disposition": "",
            "content_encoding": "",
            "content_language": "",
            "content_type": "application/json",
            "etag": "3d70a53e517adea15bf51ee5cd256d69",
            "force_destroy": false,
            "id": "links.json",
            "key": "links.json",
            "kms_key_id": null,
            "metadata": {},
            "object_lock_legal_hold_status": "",
            "object_lock_mode": "",
            "object_lock_retain_until_date": "",
            "override_provider": [],
            "server_side_encryption": "AES256",
            "source": null,
            "source_hash": null,
            "storage_class": "STANDARD",
            "tags": {},
            "tags_all": {},
            "version_id": "",
            "website_redirect": ""
          },
          "sensitive_attributes": [],
          "private": "bnVsbA==",
          "dependencies": [
            "aws_api_gateway_deployment.cacheDeployment",
            "aws_api_gateway_deployment.countDeployment",
            "aws_api_gateway_deployment.statusDeployment",
            "aws_api_gateway_deployment.timeDeployment",
            "aws_api_gateway_integration.cacheLambda",
            "aws_api_gateway_integration.cacheLambdaRoot",
            "aws_api_gateway_integration.countLambda",
            "aws_api_gateway_integration.countLambdaRoot",
            "aws_api_gateway_integration.statusLambda",
            "aws_api_gateway_integration.statusLambdaRoot",
            "aws_api_gateway_integration.timeLambda",
            "aws_api_gateway_integration.timeLambdaRoot",
            "aws_api_gateway_method.cacheProxy",
            "aws_api_gateway_method.cacheProxyRoot",
            "aws_api_gateway_method.countProxy",
            "aws_api_gateway_method.countProxyRoot",
            "aws_api_gateway_method.statusProxy",
            "aws_api_gateway_method.statusProxyRoot",
            "aws_api_gateway_method.timeProxy",
            "aws_api_gateway_method.timeProxyRoot",
            "aws_api_gateway_resource.cacheProxy",
            "aws_api_gateway_resource.countProxy",
            "aws_api_gateway_resource.statusProxy",
            "aws_api_gateway_resource.timeProxy",
            "aws_api_gateway_rest_api.cacheApi",
            "aws_api_gateway_rest_api.countApi",
            "aws_api_gateway_rest_api.statusApi",
            "aws_api_gateway_rest_api.timeApi",
            "aws_iam_role.cacheRole",
            "aws_iam_role.lambdaRole",
            "aws_lambda_function.cacheFunction",
            "aws_lambda_function.statusFunction",
            "aws_lambda_function.timeFunction",
            "aws_lambda_function.visitorCountFunction",
            "aws_s3_bucket.jsonBucket",
            "data.archive_file.cachePackage",
            "data.archive_file.statusPackage",
            "data.archive_file.timePackage",
            "data.archive_file.visitorCountPackage",
            "data.template_file.urlTemplate"
          ]
        }
      ]
    },
    {
      "mode": "managed",
      "type": "aws_s3_object",
      "name": "svg",
      "provider": "provider[\"registry.terraform.io/hashicorp/aws\"]",
      "instances": [
        {
          "index_key": "CloudDiagram.svg",
          "schema_version": 0,
          "attributes": {
            "acl": null,
            "bucket": "www.gregchow.net",
            "bucket_key_enabled": false,
            "cache_control": "",
            "checksum_algorithm": null,
            "checksum_crc32": "",
            "checksum_crc32c": "",
            "checksum_sha1": "",
            "checksum_sha256": "",
            "content": null,
            "content_base64": null,
            "content_disposition": "",
            "content_encoding": "",
            "content_language": "",
            "content_type": "image/svg+xml",
            "etag": "12ca118e711212d1bdac200a993b617c",
            "force_destroy": false,
            "id": "CloudDiagram.svg",
            "key": "CloudDiagram.svg",
            "kms_key_id": null,
            "metadata": {},
            "object_lock_legal_hold_status": "",
            "object_lock_mode": "",
            "object_lock_retain_until_date": "",
            "override_provider": [],
            "server_side_encryption": "AES256",
            "source": "website/CloudDiagram.svg",
            "source_hash": null,
            "storage_class": "STANDARD",
            "tags": {},
            "tags_all": {},
            "version_id": "",
            "website_redirect": ""
          },
          "sensitive_attributes": [],
          "private": "bnVsbA==",
          "dependencies": [
            "aws_s3_bucket.terraformBucket"
          ]
        },
        {
          "index_key": "proxmox.svg",
          "schema_version": 0,
          "attributes": {
            "acl": null,
            "bucket": "www.gregchow.net",
            "bucket_key_enabled": false,
            "cache_control": "",
            "checksum_algorithm": null,
            "checksum_crc32": "",
            "checksum_crc32c": "",
            "checksum_sha1": "",
            "checksum_sha256": "",
            "content": null,
            "content_base64": null,
            "content_disposition": "",
            "content_encoding": "",
            "content_language": "",
            "content_type": "image/svg+xml",
            "etag": "8fc97bf3e16b18eca1a7acc791520cc9",
            "force_destroy": false,
            "id": "proxmox.svg",
            "key": "proxmox.svg",
            "kms_key_id": null,
            "metadata": {},
            "object_lock_legal_hold_status": "",
            "object_lock_mode": "",
            "object_lock_retain_until_date": "",
            "override_provider": [],
            "server_side_encryption": "AES256",
            "source": "website/proxmox.svg",
            "source_hash": null,
            "storage_class": "STANDARD",
            "tags": {},
            "tags_all": {},
            "version_id": "",
            "website_redirect": ""
          },
          "sensitive_attributes": [],
          "private": "bnVsbA==",
          "dependencies": [
            "aws_s3_bucket.terraformBucket"
          ]
        },
        {
          "index_key": "testChart.svg",
          "schema_version": 0,
          "attributes": {
            "acl": null,
            "bucket": "www.gregchow.net",
            "bucket_key_enabled": false,
            "cache_control": "",
            "checksum_algorithm": null,
            "checksum_crc32": "",
            "checksum_crc32c": "",
            "checksum_sha1": "",
            "checksum_sha256": "",
            "content": null,
            "content_base64": null,
            "content_disposition": "",
            "content_encoding": "",
            "content_language": "",
            "content_type": "image/svg+xml",
            "etag": "5437b2e18afff49113656f17b221a267",
            "force_destroy": false,
            "id": "testChart.svg",
            "key": "testChart.svg",
            "kms_key_id": null,
            "metadata": {},
            "object_lock_legal_hold_status": "",
            "object_lock_mode": "",
            "object_lock_retain_until_date": "",
            "override_provider": [],
            "server_side_encryption": "AES256",
            "source": "website/testChart.svg",
            "source_hash": null,
            "storage_class": "STANDARD",
            "tags": {},
            "tags_all": {},
            "version_id": "",
            "website_redirect": ""
          },
          "sensitive_attributes": [],
          "private": "bnVsbA==",
          "dependencies": [
            "aws_s3_bucket.terraformBucket"
          ]
        }
      ]
    }
  ],
  "check_results": null
}
